{
  "nodes": {
    "buf": {
      "inputs": {
        "pkg": "pkg"
      },
      "locked": {
        "dir": "m/pkg/buf",
        "lastModified": 1719015322,
        "narHash": "sha256-ChQUFtBLOoElSgxBSKdbaDPBygPTy1a4XI8q7WJNhxY=",
        "owner": "defn",
        "repo": "dev",
        "rev": "451a46802d43be0fddf4cfad4f3e502a876358e7",
        "type": "github"
      },
      "original": {
        "dir": "m/pkg/buf",
        "owner": "defn",
        "ref": "pkg-buf-1.34.0-1",
        "repo": "dev",
        "type": "github"
      }
    },
    "cosign": {
      "inputs": {
        "pkg": "pkg_2"
      },
      "locked": {
        "dir": "m/pkg/cosign",
        "lastModified": 1718435511,
        "narHash": "sha256-AgYolbhRHPAHciQ1u36o8VSrQ9S10Sn/mFntYEDl+14=",
        "owner": "defn",
        "repo": "dev",
        "rev": "e5b4e1a510682c4c70961efbcbbd4999d16bc73f",
        "type": "github"
      },
      "original": {
        "dir": "m/pkg/cosign",
        "owner": "defn",
        "ref": "pkg-cosign-2.2.4-2",
        "repo": "dev",
        "type": "github"
      }
    },
    "dev": {
      "inputs": {
        "nixpkgs": "nixpkgs"
      },
      "locked": {
        "dir": "m/pkg/dev",
        "lastModified": 1706897346,
        "narHash": "sha256-i+VwVH4Uu9zsySEOgZ4tqUxOysFfmJalU6tcWACQu5U=",
        "owner": "defn",
        "repo": "dev",
        "rev": "aa68c18a500d0a0558712dad8a8c26eb018fa69b",
        "type": "github"
      },
      "original": {
        "dir": "m/pkg/dev",
        "owner": "defn",
        "ref": "pkg-dev-0.0.13",
        "repo": "dev",
        "type": "github"
      }
    },
    "dev_2": {
      "inputs": {
        "nixpkgs": "nixpkgs_2"
      },
      "locked": {
        "dir": "m/pkg/dev",
        "lastModified": 1706897346,
        "narHash": "sha256-i+VwVH4Uu9zsySEOgZ4tqUxOysFfmJalU6tcWACQu5U=",
        "owner": "defn",
        "repo": "dev",
        "rev": "aa68c18a500d0a0558712dad8a8c26eb018fa69b",
        "type": "github"
      },
      "original": {
        "dir": "m/pkg/dev",
        "owner": "defn",
        "ref": "pkg-dev-0.0.13",
        "repo": "dev",
        "type": "github"
      }
    },
    "dev_3": {
      "inputs": {
        "nixpkgs": "nixpkgs_3"
      },
      "locked": {
        "dir": "m/pkg/dev",
        "lastModified": 1706897346,
        "narHash": "sha256-i+VwVH4Uu9zsySEOgZ4tqUxOysFfmJalU6tcWACQu5U=",
        "owner": "defn",
        "repo": "dev",
        "rev": "aa68c18a500d0a0558712dad8a8c26eb018fa69b",
        "type": "github"
      },
      "original": {
        "dir": "m/pkg/dev",
        "owner": "defn",
        "ref": "pkg-dev-0.0.13",
        "repo": "dev",
        "type": "github"
      }
    },
    "dev_4": {
      "inputs": {
        "nixpkgs": "nixpkgs_4"
      },
      "locked": {
        "dir": "m/pkg/dev",
        "lastModified": 1706897346,
        "narHash": "sha256-i+VwVH4Uu9zsySEOgZ4tqUxOysFfmJalU6tcWACQu5U=",
        "owner": "defn",
        "repo": "dev",
        "rev": "aa68c18a500d0a0558712dad8a8c26eb018fa69b",
        "type": "github"
      },
      "original": {
        "dir": "m/pkg/dev",
        "owner": "defn",
        "ref": "pkg-dev-0.0.13",
        "repo": "dev",
        "type": "github"
      }
    },
    "goreleaser": {
      "inputs": {
        "pkg": "pkg_3"
      },
      "locked": {
        "dir": "m/pkg/goreleaser",
        "lastModified": 1721058581,
        "narHash": "sha256-JcKJGxAD/M9cflxLWRvhHMwLTPlu9kuFyH7OsD/wM4s=",
        "owner": "defn",
        "repo": "dev",
        "rev": "3528c678d4c7fbcdc27d15f687f6380a8cb6bd49",
        "type": "github"
      },
      "original": {
        "dir": "m/pkg/goreleaser",
        "owner": "defn",
        "ref": "pkg-goreleaser-2.1.0-1",
        "repo": "dev",
        "type": "github"
      }
    },
    "latest": {
      "locked": {
        "lastModified": 1717553807,
        "narHash": "sha256-J/n+gbNF2bg7orQofiJSceSXW7th4K11ZEQdOGhVwuw=",
        "owner": "NixOS",
        "repo": "nixpkgs",
        "rev": "c06c5c6f919b02f176e91574a5bc41c504911037",
        "type": "github"
      },
      "original": {
        "owner": "NixOS",
        "repo": "nixpkgs",
        "rev": "c06c5c6f919b02f176e91574a5bc41c504911037",
        "type": "github"
      }
    },
    "nixpkgs": {
      "locked": {
        "lastModified": 1700284104,
        "narHash": "sha256-oNsJfAyAuBCTkusesiK0LWuO59F6vEGcP4wwa7kc1ZA=",
        "owner": "NixOS",
        "repo": "nixpkgs",
        "rev": "005617587ee2b7c003388b4539b9120ebcc90e44",
        "type": "github"
      },
      "original": {
        "owner": "NixOS",
        "repo": "nixpkgs",
        "rev": "005617587ee2b7c003388b4539b9120ebcc90e44",
        "type": "github"
      }
    },
    "nixpkgs_2": {
      "locked": {
        "lastModified": 1700284104,
        "narHash": "sha256-oNsJfAyAuBCTkusesiK0LWuO59F6vEGcP4wwa7kc1ZA=",
        "owner": "NixOS",
        "repo": "nixpkgs",
        "rev": "005617587ee2b7c003388b4539b9120ebcc90e44",
        "type": "github"
      },
      "original": {
        "owner": "NixOS",
        "repo": "nixpkgs",
        "rev": "005617587ee2b7c003388b4539b9120ebcc90e44",
        "type": "github"
      }
    },
    "nixpkgs_3": {
      "locked": {
        "lastModified": 1700284104,
        "narHash": "sha256-oNsJfAyAuBCTkusesiK0LWuO59F6vEGcP4wwa7kc1ZA=",
        "owner": "NixOS",
        "repo": "nixpkgs",
        "rev": "005617587ee2b7c003388b4539b9120ebcc90e44",
        "type": "github"
      },
      "original": {
        "owner": "NixOS",
        "repo": "nixpkgs",
        "rev": "005617587ee2b7c003388b4539b9120ebcc90e44",
        "type": "github"
      }
    },
    "nixpkgs_4": {
      "locked": {
        "lastModified": 1700284104,
        "narHash": "sha256-oNsJfAyAuBCTkusesiK0LWuO59F6vEGcP4wwa7kc1ZA=",
        "owner": "NixOS",
        "repo": "nixpkgs",
        "rev": "005617587ee2b7c003388b4539b9120ebcc90e44",
        "type": "github"
      },
      "original": {
        "owner": "NixOS",
        "repo": "nixpkgs",
        "rev": "005617587ee2b7c003388b4539b9120ebcc90e44",
        "type": "github"
      }
    },
    "pkg": {
      "inputs": {
        "dev": "dev"
      },
      "locked": {
        "dir": "m/pkg/pkg",
        "lastModified": 1718433336,
        "narHash": "sha256-YF2gddAtcRargmwr7mgJBPV1t/x92LpLEBKx00SkGts=",
        "owner": "defn",
        "repo": "dev",
        "rev": "2e177e8b89ed32831e9da274621d33c8d05dc5ff",
        "type": "github"
      },
      "original": {
        "dir": "m/pkg/pkg",
        "owner": "defn",
        "ref": "pkg-pkg-0.0.17",
        "repo": "dev",
        "type": "github"
      }
    },
    "pkg_2": {
      "inputs": {
        "dev": "dev_2"
      },
      "locked": {
        "dir": "m/pkg/pkg",
        "lastModified": 1718433336,
        "narHash": "sha256-YF2gddAtcRargmwr7mgJBPV1t/x92LpLEBKx00SkGts=",
        "owner": "defn",
        "repo": "dev",
        "rev": "2e177e8b89ed32831e9da274621d33c8d05dc5ff",
        "type": "github"
      },
      "original": {
        "dir": "m/pkg/pkg",
        "owner": "defn",
        "ref": "pkg-pkg-0.0.17",
        "repo": "dev",
        "type": "github"
      }
    },
    "pkg_3": {
      "inputs": {
        "dev": "dev_3"
      },
      "locked": {
        "dir": "m/pkg/pkg",
        "lastModified": 1718433336,
        "narHash": "sha256-YF2gddAtcRargmwr7mgJBPV1t/x92LpLEBKx00SkGts=",
        "owner": "defn",
        "repo": "dev",
        "rev": "2e177e8b89ed32831e9da274621d33c8d05dc5ff",
        "type": "github"
      },
      "original": {
        "dir": "m/pkg/pkg",
        "owner": "defn",
        "ref": "pkg-pkg-0.0.17",
        "repo": "dev",
        "type": "github"
      }
    },
    "pkg_4": {
      "inputs": {
        "dev": "dev_4"
      },
      "locked": {
        "dir": "m/pkg/pkg",
        "lastModified": 1718433336,
        "narHash": "sha256-YF2gddAtcRargmwr7mgJBPV1t/x92LpLEBKx00SkGts=",
        "owner": "defn",
        "repo": "dev",
        "rev": "2e177e8b89ed32831e9da274621d33c8d05dc5ff",
        "type": "github"
      },
      "original": {
        "dir": "m/pkg/pkg",
        "owner": "defn",
        "ref": "pkg-pkg-0.0.17",
        "repo": "dev",
        "type": "github"
      }
    },
    "root": {
      "inputs": {
        "buf": "buf",
        "cosign": "cosign",
        "goreleaser": "goreleaser",
        "latest": "latest",
        "yaegi": "yaegi"
      }
    },
    "yaegi": {
      "inputs": {
        "pkg": "pkg_4"
      },
      "locked": {
        "dir": "m/pkg/yaegi",
        "lastModified": 1718436305,
        "narHash": "sha256-L95wns7/zgEWT6WpldTroydYNzdVTqcVlIsAbyT7dp8=",
        "owner": "defn",
        "repo": "dev",
        "rev": "77d73e60264b35c43dc38b76b8fc90d0cff595a3",
        "type": "github"
      },
      "original": {
        "dir": "m/pkg/yaegi",
        "owner": "defn",
        "ref": "pkg-yaegi-0.16.1-2",
        "repo": "dev",
        "type": "github"
      }
    }
  },
  "root": "root",
  "version": 7
}
