{
  "nodes": {
    "dev": {
      "inputs": {
        "nixpkgs": "nixpkgs"
      },
      "locked": {
        "dir": "m/pkg/dev",
        "lastModified": 1706897346,
        "narHash": "sha256-i+VwVH4Uu9zsySEOgZ4tqUxOysFfmJalU6tcWACQu5U=",
        "owner": "defn",
        "repo": "dev",
        "rev": "aa68c18a500d0a0558712dad8a8c26eb018fa69b",
        "type": "github"
      },
      "original": {
        "dir": "m/pkg/dev",
        "owner": "defn",
        "ref": "pkg-dev-0.0.13",
        "repo": "dev",
        "type": "github"
      }
    },
    "latest": {
      "locked": {
        "lastModified": 1700595270,
        "narHash": "sha256-8DHM8YQXxBFKqSFYcRrS8yfzduTY2bIJfDBIx6Cay7E=",
        "owner": "NixOS",
        "repo": "nixpkgs",
        "rev": "87cc06983c14876bb56a6a84935d1a3968f35999",
        "type": "github"
      },
      "original": {
        "owner": "NixOS",
        "repo": "nixpkgs",
        "rev": "87cc06983c14876bb56a6a84935d1a3968f35999",
        "type": "github"
      }
    },
    "nixpkgs": {
      "locked": {
        "lastModified": 1700284104,
        "narHash": "sha256-oNsJfAyAuBCTkusesiK0LWuO59F6vEGcP4wwa7kc1ZA=",
        "owner": "NixOS",
        "repo": "nixpkgs",
        "rev": "005617587ee2b7c003388b4539b9120ebcc90e44",
        "type": "github"
      },
      "original": {
        "owner": "NixOS",
        "repo": "nixpkgs",
        "rev": "005617587ee2b7c003388b4539b9120ebcc90e44",
        "type": "github"
      }
    },
    "pkg": {
      "inputs": {
        "dev": "dev"
      },
      "locked": {
        "dir": "m/pkg/pkg",
        "lastModified": 1706897415,
        "narHash": "sha256-saMstGOsxMiR6kG+v5pr7vPKIf/BTl/60z8VPicizPs=",
        "owner": "defn",
        "repo": "dev",
        "rev": "e067b8a8a3f8d8c277bfde347b91eaec9e547f0d",
        "type": "github"
      },
      "original": {
        "dir": "m/pkg/pkg",
        "owner": "defn",
        "ref": "pkg-pkg-0.0.16",
        "repo": "dev",
        "type": "github"
      }
    },
    "root": {
      "inputs": {
        "latest": "latest",
        "pkg": "pkg"
      }
    }
  },
  "root": "root",
  "version": 7
}
