{
  "nodes": {
    "argocd": {
      "inputs": {
        "pkg": "pkg"
      },
      "locked": {
        "dir": "m/pkg/argocd",
        "lastModified": 1692989163,
        "narHash": "sha256-zT0FjhPu8UrrLwPHFJ03DXMKolnJs2JJF4qjpIrzE40=",
        "owner": "defn",
        "repo": "dev",
        "rev": "cf8af78cfad1d1d59899e476cc711025656584f6",
        "type": "github"
      },
      "original": {
        "dir": "m/pkg/argocd",
        "owner": "defn",
        "ref": "pkg-argocd-2.8.2-1",
        "repo": "dev",
        "type": "github"
      }
    },
    "argoworkflows": {
      "inputs": {
        "pkg": "pkg_2"
      },
      "locked": {
        "dir": "m/pkg/argoworkflows",
        "lastModified": 1692147822,
        "narHash": "sha256-r6RdXDsSJSnA5HVybRvab+TIjlaIS7cZxW4jtqVqeIc=",
        "owner": "defn",
        "repo": "dev",
        "rev": "f956d662c0714bb1cac437a3187e93916d029cfb",
        "type": "github"
      },
      "original": {
        "dir": "m/pkg/argoworkflows",
        "owner": "defn",
        "ref": "pkg-argoworkflows-3.4.10-1",
        "repo": "dev",
        "type": "github"
      }
    },
    "cilium": {
      "inputs": {
        "pkg": "pkg_3"
      },
      "locked": {
        "dir": "m/pkg/cilium",
        "lastModified": 1693502750,
        "narHash": "sha256-MPE67m+mKBEbABV2fkzrcLRbvPfXpo2nmtVt6AlHc/M=",
        "owner": "defn",
        "repo": "dev",
        "rev": "1a97ae1de32da1deb1ce30af77e1508a3626884d",
        "type": "github"
      },
      "original": {
        "dir": "m/pkg/cilium",
        "owner": "defn",
        "ref": "pkg-cilium-0.15.7-1",
        "repo": "dev",
        "type": "github"
      }
    },
    "dev": {
      "inputs": {
        "flake-utils": "flake-utils",
        "nixpkgs": "nixpkgs"
      },
      "locked": {
        "dir": "m/pkg/dev",
        "lastModified": 1691869221,
        "narHash": "sha256-QV3p1P2tlTGuLL9XME9RFXh2d2/yO7jpqsKhV3CXUE0=",
        "owner": "defn",
        "repo": "dev",
        "rev": "48989a8305b411a0ccce199f8569043626abde96",
        "type": "github"
      },
      "original": {
        "dir": "m/pkg/dev",
        "owner": "defn",
        "ref": "pkg-dev-0.0.10",
        "repo": "dev",
        "type": "github"
      }
    },
    "dev_10": {
      "inputs": {
        "flake-utils": "flake-utils_10",
        "nixpkgs": "nixpkgs_10"
      },
      "locked": {
        "dir": "m/pkg/dev",
        "lastModified": 1691869221,
        "narHash": "sha256-QV3p1P2tlTGuLL9XME9RFXh2d2/yO7jpqsKhV3CXUE0=",
        "owner": "defn",
        "repo": "dev",
        "rev": "48989a8305b411a0ccce199f8569043626abde96",
        "type": "github"
      },
      "original": {
        "dir": "m/pkg/dev",
        "owner": "defn",
        "ref": "pkg-dev-0.0.10",
        "repo": "dev",
        "type": "github"
      }
    },
    "dev_11": {
      "inputs": {
        "flake-utils": "flake-utils_11",
        "nixpkgs": "nixpkgs_11"
      },
      "locked": {
        "dir": "m/pkg/dev",
        "lastModified": 1691869221,
        "narHash": "sha256-QV3p1P2tlTGuLL9XME9RFXh2d2/yO7jpqsKhV3CXUE0=",
        "owner": "defn",
        "repo": "dev",
        "rev": "48989a8305b411a0ccce199f8569043626abde96",
        "type": "github"
      },
      "original": {
        "dir": "m/pkg/dev",
        "owner": "defn",
        "ref": "pkg-dev-0.0.10",
        "repo": "dev",
        "type": "github"
      }
    },
    "dev_12": {
      "inputs": {
        "flake-utils": "flake-utils_12",
        "nixpkgs": "nixpkgs_12"
      },
      "locked": {
        "dir": "m/pkg/dev",
        "lastModified": 1691869221,
        "narHash": "sha256-QV3p1P2tlTGuLL9XME9RFXh2d2/yO7jpqsKhV3CXUE0=",
        "owner": "defn",
        "repo": "dev",
        "rev": "48989a8305b411a0ccce199f8569043626abde96",
        "type": "github"
      },
      "original": {
        "dir": "m/pkg/dev",
        "owner": "defn",
        "ref": "pkg-dev-0.0.10",
        "repo": "dev",
        "type": "github"
      }
    },
    "dev_13": {
      "inputs": {
        "flake-utils": "flake-utils_13",
        "nixpkgs": "nixpkgs_13"
      },
      "locked": {
        "dir": "m/pkg/dev",
        "lastModified": 1691869221,
        "narHash": "sha256-QV3p1P2tlTGuLL9XME9RFXh2d2/yO7jpqsKhV3CXUE0=",
        "owner": "defn",
        "repo": "dev",
        "rev": "48989a8305b411a0ccce199f8569043626abde96",
        "type": "github"
      },
      "original": {
        "dir": "m/pkg/dev",
        "owner": "defn",
        "ref": "pkg-dev-0.0.10",
        "repo": "dev",
        "type": "github"
      }
    },
    "dev_14": {
      "inputs": {
        "flake-utils": "flake-utils_14",
        "nixpkgs": "nixpkgs_14"
      },
      "locked": {
        "dir": "m/pkg/dev",
        "lastModified": 1691869221,
        "narHash": "sha256-QV3p1P2tlTGuLL9XME9RFXh2d2/yO7jpqsKhV3CXUE0=",
        "owner": "defn",
        "repo": "dev",
        "rev": "48989a8305b411a0ccce199f8569043626abde96",
        "type": "github"
      },
      "original": {
        "dir": "m/pkg/dev",
        "owner": "defn",
        "ref": "pkg-dev-0.0.10",
        "repo": "dev",
        "type": "github"
      }
    },
    "dev_15": {
      "inputs": {
        "flake-utils": "flake-utils_15",
        "nixpkgs": "nixpkgs_15"
      },
      "locked": {
        "dir": "m/pkg/dev",
        "lastModified": 1691869221,
        "narHash": "sha256-QV3p1P2tlTGuLL9XME9RFXh2d2/yO7jpqsKhV3CXUE0=",
        "owner": "defn",
        "repo": "dev",
        "rev": "48989a8305b411a0ccce199f8569043626abde96",
        "type": "github"
      },
      "original": {
        "dir": "m/pkg/dev",
        "owner": "defn",
        "ref": "pkg-dev-0.0.10",
        "repo": "dev",
        "type": "github"
      }
    },
    "dev_2": {
      "inputs": {
        "flake-utils": "flake-utils_2",
        "nixpkgs": "nixpkgs_2"
      },
      "locked": {
        "dir": "m/pkg/dev",
        "lastModified": 1691869221,
        "narHash": "sha256-QV3p1P2tlTGuLL9XME9RFXh2d2/yO7jpqsKhV3CXUE0=",
        "owner": "defn",
        "repo": "dev",
        "rev": "48989a8305b411a0ccce199f8569043626abde96",
        "type": "github"
      },
      "original": {
        "dir": "m/pkg/dev",
        "owner": "defn",
        "ref": "pkg-dev-0.0.10",
        "repo": "dev",
        "type": "github"
      }
    },
    "dev_3": {
      "inputs": {
        "flake-utils": "flake-utils_3",
        "nixpkgs": "nixpkgs_3"
      },
      "locked": {
        "dir": "m/pkg/dev",
        "lastModified": 1691869221,
        "narHash": "sha256-QV3p1P2tlTGuLL9XME9RFXh2d2/yO7jpqsKhV3CXUE0=",
        "owner": "defn",
        "repo": "dev",
        "rev": "48989a8305b411a0ccce199f8569043626abde96",
        "type": "github"
      },
      "original": {
        "dir": "m/pkg/dev",
        "owner": "defn",
        "ref": "pkg-dev-0.0.10",
        "repo": "dev",
        "type": "github"
      }
    },
    "dev_4": {
      "inputs": {
        "flake-utils": "flake-utils_4",
        "nixpkgs": "nixpkgs_4"
      },
      "locked": {
        "dir": "m/pkg/dev",
        "lastModified": 1691869221,
        "narHash": "sha256-QV3p1P2tlTGuLL9XME9RFXh2d2/yO7jpqsKhV3CXUE0=",
        "owner": "defn",
        "repo": "dev",
        "rev": "48989a8305b411a0ccce199f8569043626abde96",
        "type": "github"
      },
      "original": {
        "dir": "m/pkg/dev",
        "owner": "defn",
        "ref": "pkg-dev-0.0.10",
        "repo": "dev",
        "type": "github"
      }
    },
    "dev_5": {
      "inputs": {
        "flake-utils": "flake-utils_5",
        "nixpkgs": "nixpkgs_5"
      },
      "locked": {
        "dir": "m/pkg/dev",
        "lastModified": 1691869221,
        "narHash": "sha256-QV3p1P2tlTGuLL9XME9RFXh2d2/yO7jpqsKhV3CXUE0=",
        "owner": "defn",
        "repo": "dev",
        "rev": "48989a8305b411a0ccce199f8569043626abde96",
        "type": "github"
      },
      "original": {
        "dir": "m/pkg/dev",
        "owner": "defn",
        "ref": "pkg-dev-0.0.10",
        "repo": "dev",
        "type": "github"
      }
    },
    "dev_6": {
      "inputs": {
        "flake-utils": "flake-utils_6",
        "nixpkgs": "nixpkgs_6"
      },
      "locked": {
        "dir": "m/pkg/dev",
        "lastModified": 1691869221,
        "narHash": "sha256-QV3p1P2tlTGuLL9XME9RFXh2d2/yO7jpqsKhV3CXUE0=",
        "owner": "defn",
        "repo": "dev",
        "rev": "48989a8305b411a0ccce199f8569043626abde96",
        "type": "github"
      },
      "original": {
        "dir": "m/pkg/dev",
        "owner": "defn",
        "ref": "pkg-dev-0.0.10",
        "repo": "dev",
        "type": "github"
      }
    },
    "dev_7": {
      "inputs": {
        "flake-utils": "flake-utils_7",
        "nixpkgs": "nixpkgs_7"
      },
      "locked": {
        "dir": "m/pkg/dev",
        "lastModified": 1691869221,
        "narHash": "sha256-QV3p1P2tlTGuLL9XME9RFXh2d2/yO7jpqsKhV3CXUE0=",
        "owner": "defn",
        "repo": "dev",
        "rev": "48989a8305b411a0ccce199f8569043626abde96",
        "type": "github"
      },
      "original": {
        "dir": "m/pkg/dev",
        "owner": "defn",
        "ref": "pkg-dev-0.0.10",
        "repo": "dev",
        "type": "github"
      }
    },
    "dev_8": {
      "inputs": {
        "flake-utils": "flake-utils_8",
        "nixpkgs": "nixpkgs_8"
      },
      "locked": {
        "dir": "m/pkg/dev",
        "lastModified": 1691869221,
        "narHash": "sha256-QV3p1P2tlTGuLL9XME9RFXh2d2/yO7jpqsKhV3CXUE0=",
        "owner": "defn",
        "repo": "dev",
        "rev": "48989a8305b411a0ccce199f8569043626abde96",
        "type": "github"
      },
      "original": {
        "dir": "m/pkg/dev",
        "owner": "defn",
        "ref": "pkg-dev-0.0.10",
        "repo": "dev",
        "type": "github"
      }
    },
    "dev_9": {
      "inputs": {
        "flake-utils": "flake-utils_9",
        "nixpkgs": "nixpkgs_9"
      },
      "locked": {
        "dir": "m/pkg/dev",
        "lastModified": 1691869221,
        "narHash": "sha256-QV3p1P2tlTGuLL9XME9RFXh2d2/yO7jpqsKhV3CXUE0=",
        "owner": "defn",
        "repo": "dev",
        "rev": "48989a8305b411a0ccce199f8569043626abde96",
        "type": "github"
      },
      "original": {
        "dir": "m/pkg/dev",
        "owner": "defn",
        "ref": "pkg-dev-0.0.10",
        "repo": "dev",
        "type": "github"
      }
    },
    "flake-utils": {
      "locked": {
        "lastModified": 1652776076,
        "narHash": "sha256-gzTw/v1vj4dOVbpBSJX4J0DwUR6LIyXo7/SuuTJp1kM=",
        "owner": "numtide",
        "repo": "flake-utils",
        "rev": "04c1b180862888302ddfb2e3ad9eaa63afc60cf8",
        "type": "github"
      },
      "original": {
        "owner": "numtide",
        "repo": "flake-utils",
        "rev": "04c1b180862888302ddfb2e3ad9eaa63afc60cf8",
        "type": "github"
      }
    },
    "flake-utils_10": {
      "locked": {
        "lastModified": 1652776076,
        "narHash": "sha256-gzTw/v1vj4dOVbpBSJX4J0DwUR6LIyXo7/SuuTJp1kM=",
        "owner": "numtide",
        "repo": "flake-utils",
        "rev": "04c1b180862888302ddfb2e3ad9eaa63afc60cf8",
        "type": "github"
      },
      "original": {
        "owner": "numtide",
        "repo": "flake-utils",
        "rev": "04c1b180862888302ddfb2e3ad9eaa63afc60cf8",
        "type": "github"
      }
    },
    "flake-utils_11": {
      "locked": {
        "lastModified": 1652776076,
        "narHash": "sha256-gzTw/v1vj4dOVbpBSJX4J0DwUR6LIyXo7/SuuTJp1kM=",
        "owner": "numtide",
        "repo": "flake-utils",
        "rev": "04c1b180862888302ddfb2e3ad9eaa63afc60cf8",
        "type": "github"
      },
      "original": {
        "owner": "numtide",
        "repo": "flake-utils",
        "rev": "04c1b180862888302ddfb2e3ad9eaa63afc60cf8",
        "type": "github"
      }
    },
    "flake-utils_12": {
      "locked": {
        "lastModified": 1652776076,
        "narHash": "sha256-gzTw/v1vj4dOVbpBSJX4J0DwUR6LIyXo7/SuuTJp1kM=",
        "owner": "numtide",
        "repo": "flake-utils",
        "rev": "04c1b180862888302ddfb2e3ad9eaa63afc60cf8",
        "type": "github"
      },
      "original": {
        "owner": "numtide",
        "repo": "flake-utils",
        "rev": "04c1b180862888302ddfb2e3ad9eaa63afc60cf8",
        "type": "github"
      }
    },
    "flake-utils_13": {
      "locked": {
        "lastModified": 1652776076,
        "narHash": "sha256-gzTw/v1vj4dOVbpBSJX4J0DwUR6LIyXo7/SuuTJp1kM=",
        "owner": "numtide",
        "repo": "flake-utils",
        "rev": "04c1b180862888302ddfb2e3ad9eaa63afc60cf8",
        "type": "github"
      },
      "original": {
        "owner": "numtide",
        "repo": "flake-utils",
        "rev": "04c1b180862888302ddfb2e3ad9eaa63afc60cf8",
        "type": "github"
      }
    },
    "flake-utils_14": {
      "locked": {
        "lastModified": 1652776076,
        "narHash": "sha256-gzTw/v1vj4dOVbpBSJX4J0DwUR6LIyXo7/SuuTJp1kM=",
        "owner": "numtide",
        "repo": "flake-utils",
        "rev": "04c1b180862888302ddfb2e3ad9eaa63afc60cf8",
        "type": "github"
      },
      "original": {
        "owner": "numtide",
        "repo": "flake-utils",
        "rev": "04c1b180862888302ddfb2e3ad9eaa63afc60cf8",
        "type": "github"
      }
    },
    "flake-utils_15": {
      "locked": {
        "lastModified": 1652776076,
        "narHash": "sha256-gzTw/v1vj4dOVbpBSJX4J0DwUR6LIyXo7/SuuTJp1kM=",
        "owner": "numtide",
        "repo": "flake-utils",
        "rev": "04c1b180862888302ddfb2e3ad9eaa63afc60cf8",
        "type": "github"
      },
      "original": {
        "owner": "numtide",
        "repo": "flake-utils",
        "rev": "04c1b180862888302ddfb2e3ad9eaa63afc60cf8",
        "type": "github"
      }
    },
    "flake-utils_2": {
      "locked": {
        "lastModified": 1652776076,
        "narHash": "sha256-gzTw/v1vj4dOVbpBSJX4J0DwUR6LIyXo7/SuuTJp1kM=",
        "owner": "numtide",
        "repo": "flake-utils",
        "rev": "04c1b180862888302ddfb2e3ad9eaa63afc60cf8",
        "type": "github"
      },
      "original": {
        "owner": "numtide",
        "repo": "flake-utils",
        "rev": "04c1b180862888302ddfb2e3ad9eaa63afc60cf8",
        "type": "github"
      }
    },
    "flake-utils_3": {
      "locked": {
        "lastModified": 1652776076,
        "narHash": "sha256-gzTw/v1vj4dOVbpBSJX4J0DwUR6LIyXo7/SuuTJp1kM=",
        "owner": "numtide",
        "repo": "flake-utils",
        "rev": "04c1b180862888302ddfb2e3ad9eaa63afc60cf8",
        "type": "github"
      },
      "original": {
        "owner": "numtide",
        "repo": "flake-utils",
        "rev": "04c1b180862888302ddfb2e3ad9eaa63afc60cf8",
        "type": "github"
      }
    },
    "flake-utils_4": {
      "locked": {
        "lastModified": 1652776076,
        "narHash": "sha256-gzTw/v1vj4dOVbpBSJX4J0DwUR6LIyXo7/SuuTJp1kM=",
        "owner": "numtide",
        "repo": "flake-utils",
        "rev": "04c1b180862888302ddfb2e3ad9eaa63afc60cf8",
        "type": "github"
      },
      "original": {
        "owner": "numtide",
        "repo": "flake-utils",
        "rev": "04c1b180862888302ddfb2e3ad9eaa63afc60cf8",
        "type": "github"
      }
    },
    "flake-utils_5": {
      "locked": {
        "lastModified": 1652776076,
        "narHash": "sha256-gzTw/v1vj4dOVbpBSJX4J0DwUR6LIyXo7/SuuTJp1kM=",
        "owner": "numtide",
        "repo": "flake-utils",
        "rev": "04c1b180862888302ddfb2e3ad9eaa63afc60cf8",
        "type": "github"
      },
      "original": {
        "owner": "numtide",
        "repo": "flake-utils",
        "rev": "04c1b180862888302ddfb2e3ad9eaa63afc60cf8",
        "type": "github"
      }
    },
    "flake-utils_6": {
      "locked": {
        "lastModified": 1652776076,
        "narHash": "sha256-gzTw/v1vj4dOVbpBSJX4J0DwUR6LIyXo7/SuuTJp1kM=",
        "owner": "numtide",
        "repo": "flake-utils",
        "rev": "04c1b180862888302ddfb2e3ad9eaa63afc60cf8",
        "type": "github"
      },
      "original": {
        "owner": "numtide",
        "repo": "flake-utils",
        "rev": "04c1b180862888302ddfb2e3ad9eaa63afc60cf8",
        "type": "github"
      }
    },
    "flake-utils_7": {
      "locked": {
        "lastModified": 1652776076,
        "narHash": "sha256-gzTw/v1vj4dOVbpBSJX4J0DwUR6LIyXo7/SuuTJp1kM=",
        "owner": "numtide",
        "repo": "flake-utils",
        "rev": "04c1b180862888302ddfb2e3ad9eaa63afc60cf8",
        "type": "github"
      },
      "original": {
        "owner": "numtide",
        "repo": "flake-utils",
        "rev": "04c1b180862888302ddfb2e3ad9eaa63afc60cf8",
        "type": "github"
      }
    },
    "flake-utils_8": {
      "locked": {
        "lastModified": 1652776076,
        "narHash": "sha256-gzTw/v1vj4dOVbpBSJX4J0DwUR6LIyXo7/SuuTJp1kM=",
        "owner": "numtide",
        "repo": "flake-utils",
        "rev": "04c1b180862888302ddfb2e3ad9eaa63afc60cf8",
        "type": "github"
      },
      "original": {
        "owner": "numtide",
        "repo": "flake-utils",
        "rev": "04c1b180862888302ddfb2e3ad9eaa63afc60cf8",
        "type": "github"
      }
    },
    "flake-utils_9": {
      "locked": {
        "lastModified": 1652776076,
        "narHash": "sha256-gzTw/v1vj4dOVbpBSJX4J0DwUR6LIyXo7/SuuTJp1kM=",
        "owner": "numtide",
        "repo": "flake-utils",
        "rev": "04c1b180862888302ddfb2e3ad9eaa63afc60cf8",
        "type": "github"
      },
      "original": {
        "owner": "numtide",
        "repo": "flake-utils",
        "rev": "04c1b180862888302ddfb2e3ad9eaa63afc60cf8",
        "type": "github"
      }
    },
    "helm": {
      "inputs": {
        "pkg": "pkg_4"
      },
      "locked": {
        "dir": "m/pkg/helm",
        "lastModified": 1692066150,
        "narHash": "sha256-IvUHVHb3TzESqd/YO+Ar+kg//02RGdX543JxebLWdrc=",
        "owner": "defn",
        "repo": "dev",
        "rev": "a87528099e87de8909f361df1d9e79ec0f21561a",
        "type": "github"
      },
      "original": {
        "dir": "m/pkg/helm",
        "owner": "defn",
        "ref": "pkg-helm-3.12.3-2",
        "repo": "dev",
        "type": "github"
      }
    },
    "hubble": {
      "inputs": {
        "pkg": "pkg_5"
      },
      "locked": {
        "dir": "m/pkg/hubble",
        "lastModified": 1692066329,
        "narHash": "sha256-Em4H2Zm3culuLwJNubJ6aQxH0AuB/y1o0H2dVgKXyNU=",
        "owner": "defn",
        "repo": "dev",
        "rev": "04186d073722e053aac9b4bdf97ccc98c0e3de40",
        "type": "github"
      },
      "original": {
        "dir": "m/pkg/hubble",
        "owner": "defn",
        "ref": "pkg-hubble-0.12.0-3",
        "repo": "dev",
        "type": "github"
      }
    },
    "k3d": {
      "inputs": {
        "pkg": "pkg_6"
      },
      "locked": {
        "dir": "m/pkg/k3d",
        "lastModified": 1692667098,
        "narHash": "sha256-dJ9NzoTB77P2pNCKFSuN8cA1HozW4vzq7mtevtLhLj8=",
        "owner": "defn",
        "repo": "dev",
        "rev": "7ba46ca0d4db3896a3e14b6b3a3a941a7358dc0e",
        "type": "github"
      },
      "original": {
        "dir": "m/pkg/k3d",
        "owner": "defn",
        "ref": "pkg-k3d-5.6.0-1",
        "repo": "dev",
        "type": "github"
      }
    },
    "k9s": {
      "inputs": {
        "pkg": "pkg_7"
      },
      "locked": {
        "dir": "m/pkg/k9s",
        "lastModified": 1692066440,
        "narHash": "sha256-4x0xfUoyDUpPaqcGaEBQYUNMlZfNm1ihlaN+aJOyMU8=",
        "owner": "defn",
        "repo": "dev",
        "rev": "a33c6e8b60efe1d44490a0c6a7f59dfdfbb41ab1",
        "type": "github"
      },
      "original": {
        "dir": "m/pkg/k9s",
        "owner": "defn",
        "ref": "pkg-k9s-0.27.4-5",
        "repo": "dev",
        "type": "github"
      }
    },
    "kn": {
      "inputs": {
        "pkg": "pkg_8"
      },
      "locked": {
        "dir": "m/pkg/kn",
        "lastModified": 1692066468,
        "narHash": "sha256-rcgsDD5HIt7Pvykk115CiVbFVZKcboJKwQCbW1c22mg=",
        "owner": "defn",
        "repo": "dev",
        "rev": "659ebf064fb913e549686df116b3fa6f4f49db51",
        "type": "github"
      },
      "original": {
        "dir": "m/pkg/kn",
        "owner": "defn",
        "ref": "pkg-kn-1.11.0-2",
        "repo": "dev",
        "type": "github"
      }
    },
    "kubectl": {
      "inputs": {
        "pkg": "pkg_9"
      },
      "locked": {
        "dir": "m/pkg/kubectl",
        "lastModified": 1692066495,
        "narHash": "sha256-slUXlsLbq7yBcIFByDclTMcIA7b8jFzxVnN/XJ0PkXY=",
        "owner": "defn",
        "repo": "dev",
        "rev": "dceeb4fd9343db816926124b9c1afa26b87c53bb",
        "type": "github"
      },
      "original": {
        "dir": "m/pkg/kubectl",
        "owner": "defn",
        "ref": "pkg-kubectl-1.26.7-5",
        "repo": "dev",
        "type": "github"
      }
    },
    "kubevirt": {
      "inputs": {
        "pkg": "pkg_10"
      },
      "locked": {
        "dir": "m/pkg/kubevirt",
        "lastModified": 1692066616,
        "narHash": "sha256-QDwyJ8p01onQ5N7qtFhKz54wrD2gEh7V8w1bDcwRF+k=",
        "owner": "defn",
        "repo": "dev",
        "rev": "f6597788134a01018bc578239332c2360d782a69",
        "type": "github"
      },
      "original": {
        "dir": "m/pkg/kubevirt",
        "owner": "defn",
        "ref": "pkg-kubevirt-1.0.0-3",
        "repo": "dev",
        "type": "github"
      }
    },
    "kustomize": {
      "inputs": {
        "pkg": "pkg_11"
      },
      "locked": {
        "dir": "m/pkg/kustomize",
        "lastModified": 1692066642,
        "narHash": "sha256-aZ14Tzh4jXT5Q2kKjQQNOD8S7cmQCqs4DGqSpp4WvjE=",
        "owner": "defn",
        "repo": "dev",
        "rev": "2a570b435676ada19cbdf5ee316407341aeac4ea",
        "type": "github"
      },
      "original": {
        "dir": "m/pkg/kustomize",
        "owner": "defn",
        "ref": "pkg-kustomize-5.0.3-5",
        "repo": "dev",
        "type": "github"
      }
    },
    "linkerd": {
      "inputs": {
        "pkg": "pkg_12"
      },
      "locked": {
        "dir": "m/pkg/linkerd",
        "lastModified": 1693289219,
        "narHash": "sha256-VBq1qLMoH+eI/rIbAkNBtQXjM4CmXhrykuU4272AAsI=",
        "owner": "defn",
        "repo": "dev",
        "rev": "48e5e2e6ef524bcab045a794ce1ff166dbce7cc1",
        "type": "github"
      },
      "original": {
        "dir": "m/pkg/linkerd",
        "owner": "defn",
        "ref": "pkg-linkerd-2.14.0-2",
        "repo": "dev",
        "type": "github"
      }
    },
    "nixpkgs": {
      "locked": {
        "lastModified": 1691831739,
        "narHash": "sha256-6e12VCvA7jOjhzJ1adLiUV1GTPXGBcCfhggsDwiuNB4=",
        "owner": "NixOS",
        "repo": "nixpkgs",
        "rev": "3fe694c4156b84dac12627685c7ae592a71e2206",
        "type": "github"
      },
      "original": {
        "owner": "NixOS",
        "repo": "nixpkgs",
        "rev": "3fe694c4156b84dac12627685c7ae592a71e2206",
        "type": "github"
      }
    },
    "nixpkgs_10": {
      "locked": {
        "lastModified": 1691831739,
        "narHash": "sha256-6e12VCvA7jOjhzJ1adLiUV1GTPXGBcCfhggsDwiuNB4=",
        "owner": "NixOS",
        "repo": "nixpkgs",
        "rev": "3fe694c4156b84dac12627685c7ae592a71e2206",
        "type": "github"
      },
      "original": {
        "owner": "NixOS",
        "repo": "nixpkgs",
        "rev": "3fe694c4156b84dac12627685c7ae592a71e2206",
        "type": "github"
      }
    },
    "nixpkgs_11": {
      "locked": {
        "lastModified": 1691831739,
        "narHash": "sha256-6e12VCvA7jOjhzJ1adLiUV1GTPXGBcCfhggsDwiuNB4=",
        "owner": "NixOS",
        "repo": "nixpkgs",
        "rev": "3fe694c4156b84dac12627685c7ae592a71e2206",
        "type": "github"
      },
      "original": {
        "owner": "NixOS",
        "repo": "nixpkgs",
        "rev": "3fe694c4156b84dac12627685c7ae592a71e2206",
        "type": "github"
      }
    },
    "nixpkgs_12": {
      "locked": {
        "lastModified": 1691831739,
        "narHash": "sha256-6e12VCvA7jOjhzJ1adLiUV1GTPXGBcCfhggsDwiuNB4=",
        "owner": "NixOS",
        "repo": "nixpkgs",
        "rev": "3fe694c4156b84dac12627685c7ae592a71e2206",
        "type": "github"
      },
      "original": {
        "owner": "NixOS",
        "repo": "nixpkgs",
        "rev": "3fe694c4156b84dac12627685c7ae592a71e2206",
        "type": "github"
      }
    },
    "nixpkgs_13": {
      "locked": {
        "lastModified": 1691831739,
        "narHash": "sha256-6e12VCvA7jOjhzJ1adLiUV1GTPXGBcCfhggsDwiuNB4=",
        "owner": "NixOS",
        "repo": "nixpkgs",
        "rev": "3fe694c4156b84dac12627685c7ae592a71e2206",
        "type": "github"
      },
      "original": {
        "owner": "NixOS",
        "repo": "nixpkgs",
        "rev": "3fe694c4156b84dac12627685c7ae592a71e2206",
        "type": "github"
      }
    },
    "nixpkgs_14": {
      "locked": {
        "lastModified": 1691831739,
        "narHash": "sha256-6e12VCvA7jOjhzJ1adLiUV1GTPXGBcCfhggsDwiuNB4=",
        "owner": "NixOS",
        "repo": "nixpkgs",
        "rev": "3fe694c4156b84dac12627685c7ae592a71e2206",
        "type": "github"
      },
      "original": {
        "owner": "NixOS",
        "repo": "nixpkgs",
        "rev": "3fe694c4156b84dac12627685c7ae592a71e2206",
        "type": "github"
      }
    },
    "nixpkgs_15": {
      "locked": {
        "lastModified": 1691831739,
        "narHash": "sha256-6e12VCvA7jOjhzJ1adLiUV1GTPXGBcCfhggsDwiuNB4=",
        "owner": "NixOS",
        "repo": "nixpkgs",
        "rev": "3fe694c4156b84dac12627685c7ae592a71e2206",
        "type": "github"
      },
      "original": {
        "owner": "NixOS",
        "repo": "nixpkgs",
        "rev": "3fe694c4156b84dac12627685c7ae592a71e2206",
        "type": "github"
      }
    },
    "nixpkgs_2": {
      "locked": {
        "lastModified": 1691831739,
        "narHash": "sha256-6e12VCvA7jOjhzJ1adLiUV1GTPXGBcCfhggsDwiuNB4=",
        "owner": "NixOS",
        "repo": "nixpkgs",
        "rev": "3fe694c4156b84dac12627685c7ae592a71e2206",
        "type": "github"
      },
      "original": {
        "owner": "NixOS",
        "repo": "nixpkgs",
        "rev": "3fe694c4156b84dac12627685c7ae592a71e2206",
        "type": "github"
      }
    },
    "nixpkgs_3": {
      "locked": {
        "lastModified": 1691831739,
        "narHash": "sha256-6e12VCvA7jOjhzJ1adLiUV1GTPXGBcCfhggsDwiuNB4=",
        "owner": "NixOS",
        "repo": "nixpkgs",
        "rev": "3fe694c4156b84dac12627685c7ae592a71e2206",
        "type": "github"
      },
      "original": {
        "owner": "NixOS",
        "repo": "nixpkgs",
        "rev": "3fe694c4156b84dac12627685c7ae592a71e2206",
        "type": "github"
      }
    },
    "nixpkgs_4": {
      "locked": {
        "lastModified": 1691831739,
        "narHash": "sha256-6e12VCvA7jOjhzJ1adLiUV1GTPXGBcCfhggsDwiuNB4=",
        "owner": "NixOS",
        "repo": "nixpkgs",
        "rev": "3fe694c4156b84dac12627685c7ae592a71e2206",
        "type": "github"
      },
      "original": {
        "owner": "NixOS",
        "repo": "nixpkgs",
        "rev": "3fe694c4156b84dac12627685c7ae592a71e2206",
        "type": "github"
      }
    },
    "nixpkgs_5": {
      "locked": {
        "lastModified": 1691831739,
        "narHash": "sha256-6e12VCvA7jOjhzJ1adLiUV1GTPXGBcCfhggsDwiuNB4=",
        "owner": "NixOS",
        "repo": "nixpkgs",
        "rev": "3fe694c4156b84dac12627685c7ae592a71e2206",
        "type": "github"
      },
      "original": {
        "owner": "NixOS",
        "repo": "nixpkgs",
        "rev": "3fe694c4156b84dac12627685c7ae592a71e2206",
        "type": "github"
      }
    },
    "nixpkgs_6": {
      "locked": {
        "lastModified": 1691831739,
        "narHash": "sha256-6e12VCvA7jOjhzJ1adLiUV1GTPXGBcCfhggsDwiuNB4=",
        "owner": "NixOS",
        "repo": "nixpkgs",
        "rev": "3fe694c4156b84dac12627685c7ae592a71e2206",
        "type": "github"
      },
      "original": {
        "owner": "NixOS",
        "repo": "nixpkgs",
        "rev": "3fe694c4156b84dac12627685c7ae592a71e2206",
        "type": "github"
      }
    },
    "nixpkgs_7": {
      "locked": {
        "lastModified": 1691831739,
        "narHash": "sha256-6e12VCvA7jOjhzJ1adLiUV1GTPXGBcCfhggsDwiuNB4=",
        "owner": "NixOS",
        "repo": "nixpkgs",
        "rev": "3fe694c4156b84dac12627685c7ae592a71e2206",
        "type": "github"
      },
      "original": {
        "owner": "NixOS",
        "repo": "nixpkgs",
        "rev": "3fe694c4156b84dac12627685c7ae592a71e2206",
        "type": "github"
      }
    },
    "nixpkgs_8": {
      "locked": {
        "lastModified": 1691831739,
        "narHash": "sha256-6e12VCvA7jOjhzJ1adLiUV1GTPXGBcCfhggsDwiuNB4=",
        "owner": "NixOS",
        "repo": "nixpkgs",
        "rev": "3fe694c4156b84dac12627685c7ae592a71e2206",
        "type": "github"
      },
      "original": {
        "owner": "NixOS",
        "repo": "nixpkgs",
        "rev": "3fe694c4156b84dac12627685c7ae592a71e2206",
        "type": "github"
      }
    },
    "nixpkgs_9": {
      "locked": {
        "lastModified": 1691831739,
        "narHash": "sha256-6e12VCvA7jOjhzJ1adLiUV1GTPXGBcCfhggsDwiuNB4=",
        "owner": "NixOS",
        "repo": "nixpkgs",
        "rev": "3fe694c4156b84dac12627685c7ae592a71e2206",
        "type": "github"
      },
      "original": {
        "owner": "NixOS",
        "repo": "nixpkgs",
        "rev": "3fe694c4156b84dac12627685c7ae592a71e2206",
        "type": "github"
      }
    },
    "pkg": {
      "inputs": {
        "dev": "dev"
      },
      "locked": {
        "dir": "m/pkg/pkg",
        "lastModified": 1692061434,
        "narHash": "sha256-3ET3NgIBZVe+59zx5c3c4rv+wbSpGP8tvSw1Dpi1/Us=",
        "owner": "defn",
        "repo": "dev",
        "rev": "71fd24a88e85a7011e01f1fa1c9c93228673f87c",
        "type": "github"
      },
      "original": {
        "dir": "m/pkg/pkg",
        "owner": "defn",
        "ref": "pkg-pkg-0.0.12",
        "repo": "dev",
        "type": "github"
      }
    },
    "pkg_10": {
      "inputs": {
        "dev": "dev_10"
      },
      "locked": {
        "dir": "m/pkg/pkg",
        "lastModified": 1692061434,
        "narHash": "sha256-3ET3NgIBZVe+59zx5c3c4rv+wbSpGP8tvSw1Dpi1/Us=",
        "owner": "defn",
        "repo": "dev",
        "rev": "71fd24a88e85a7011e01f1fa1c9c93228673f87c",
        "type": "github"
      },
      "original": {
        "dir": "m/pkg/pkg",
        "owner": "defn",
        "ref": "pkg-pkg-0.0.12",
        "repo": "dev",
        "type": "github"
      }
    },
    "pkg_11": {
      "inputs": {
        "dev": "dev_11"
      },
      "locked": {
        "dir": "m/pkg/pkg",
        "lastModified": 1692061434,
        "narHash": "sha256-3ET3NgIBZVe+59zx5c3c4rv+wbSpGP8tvSw1Dpi1/Us=",
        "owner": "defn",
        "repo": "dev",
        "rev": "71fd24a88e85a7011e01f1fa1c9c93228673f87c",
        "type": "github"
      },
      "original": {
        "dir": "m/pkg/pkg",
        "owner": "defn",
        "ref": "pkg-pkg-0.0.12",
        "repo": "dev",
        "type": "github"
      }
    },
    "pkg_12": {
      "inputs": {
        "dev": "dev_12"
      },
      "locked": {
        "dir": "m/pkg/pkg",
        "lastModified": 1692061434,
        "narHash": "sha256-3ET3NgIBZVe+59zx5c3c4rv+wbSpGP8tvSw1Dpi1/Us=",
        "owner": "defn",
        "repo": "dev",
        "rev": "71fd24a88e85a7011e01f1fa1c9c93228673f87c",
        "type": "github"
      },
      "original": {
        "dir": "m/pkg/pkg",
        "owner": "defn",
        "ref": "pkg-pkg-0.0.12",
        "repo": "dev",
        "type": "github"
      }
    },
    "pkg_13": {
      "inputs": {
        "dev": "dev_13"
      },
      "locked": {
        "dir": "m/pkg/pkg",
        "lastModified": 1692061434,
        "narHash": "sha256-3ET3NgIBZVe+59zx5c3c4rv+wbSpGP8tvSw1Dpi1/Us=",
        "owner": "defn",
        "repo": "dev",
        "rev": "71fd24a88e85a7011e01f1fa1c9c93228673f87c",
        "type": "github"
      },
      "original": {
        "dir": "m/pkg/pkg",
        "owner": "defn",
        "ref": "pkg-pkg-0.0.12",
        "repo": "dev",
        "type": "github"
      }
    },
    "pkg_14": {
      "inputs": {
        "dev": "dev_14"
      },
      "locked": {
        "dir": "m/pkg/pkg",
        "lastModified": 1692061434,
        "narHash": "sha256-3ET3NgIBZVe+59zx5c3c4rv+wbSpGP8tvSw1Dpi1/Us=",
        "owner": "defn",
        "repo": "dev",
        "rev": "71fd24a88e85a7011e01f1fa1c9c93228673f87c",
        "type": "github"
      },
      "original": {
        "dir": "m/pkg/pkg",
        "owner": "defn",
        "ref": "pkg-pkg-0.0.12",
        "repo": "dev",
        "type": "github"
      }
    },
    "pkg_15": {
      "inputs": {
        "dev": "dev_15"
      },
      "locked": {
        "dir": "m/pkg/pkg",
        "lastModified": 1692061434,
        "narHash": "sha256-3ET3NgIBZVe+59zx5c3c4rv+wbSpGP8tvSw1Dpi1/Us=",
        "owner": "defn",
        "repo": "dev",
        "rev": "71fd24a88e85a7011e01f1fa1c9c93228673f87c",
        "type": "github"
      },
      "original": {
        "dir": "m/pkg/pkg",
        "owner": "defn",
        "ref": "pkg-pkg-0.0.12",
        "repo": "dev",
        "type": "github"
      }
    },
    "pkg_2": {
      "inputs": {
        "dev": "dev_2"
      },
      "locked": {
        "dir": "m/pkg/pkg",
        "lastModified": 1692061434,
        "narHash": "sha256-3ET3NgIBZVe+59zx5c3c4rv+wbSpGP8tvSw1Dpi1/Us=",
        "owner": "defn",
        "repo": "dev",
        "rev": "71fd24a88e85a7011e01f1fa1c9c93228673f87c",
        "type": "github"
      },
      "original": {
        "dir": "m/pkg/pkg",
        "owner": "defn",
        "ref": "pkg-pkg-0.0.12",
        "repo": "dev",
        "type": "github"
      }
    },
    "pkg_3": {
      "inputs": {
        "dev": "dev_3"
      },
      "locked": {
        "dir": "m/pkg/pkg",
        "lastModified": 1692061434,
        "narHash": "sha256-3ET3NgIBZVe+59zx5c3c4rv+wbSpGP8tvSw1Dpi1/Us=",
        "owner": "defn",
        "repo": "dev",
        "rev": "71fd24a88e85a7011e01f1fa1c9c93228673f87c",
        "type": "github"
      },
      "original": {
        "dir": "m/pkg/pkg",
        "owner": "defn",
        "ref": "pkg-pkg-0.0.12",
        "repo": "dev",
        "type": "github"
      }
    },
    "pkg_4": {
      "inputs": {
        "dev": "dev_4"
      },
      "locked": {
        "dir": "m/pkg/pkg",
        "lastModified": 1692061434,
        "narHash": "sha256-3ET3NgIBZVe+59zx5c3c4rv+wbSpGP8tvSw1Dpi1/Us=",
        "owner": "defn",
        "repo": "dev",
        "rev": "71fd24a88e85a7011e01f1fa1c9c93228673f87c",
        "type": "github"
      },
      "original": {
        "dir": "m/pkg/pkg",
        "owner": "defn",
        "ref": "pkg-pkg-0.0.12",
        "repo": "dev",
        "type": "github"
      }
    },
    "pkg_5": {
      "inputs": {
        "dev": "dev_5"
      },
      "locked": {
        "dir": "m/pkg/pkg",
        "lastModified": 1692061434,
        "narHash": "sha256-3ET3NgIBZVe+59zx5c3c4rv+wbSpGP8tvSw1Dpi1/Us=",
        "owner": "defn",
        "repo": "dev",
        "rev": "71fd24a88e85a7011e01f1fa1c9c93228673f87c",
        "type": "github"
      },
      "original": {
        "dir": "m/pkg/pkg",
        "owner": "defn",
        "ref": "pkg-pkg-0.0.12",
        "repo": "dev",
        "type": "github"
      }
    },
    "pkg_6": {
      "inputs": {
        "dev": "dev_6"
      },
      "locked": {
        "dir": "m/pkg/pkg",
        "lastModified": 1692061434,
        "narHash": "sha256-3ET3NgIBZVe+59zx5c3c4rv+wbSpGP8tvSw1Dpi1/Us=",
        "owner": "defn",
        "repo": "dev",
        "rev": "71fd24a88e85a7011e01f1fa1c9c93228673f87c",
        "type": "github"
      },
      "original": {
        "dir": "m/pkg/pkg",
        "owner": "defn",
        "ref": "pkg-pkg-0.0.12",
        "repo": "dev",
        "type": "github"
      }
    },
    "pkg_7": {
      "inputs": {
        "dev": "dev_7"
      },
      "locked": {
        "dir": "m/pkg/pkg",
        "lastModified": 1692061434,
        "narHash": "sha256-3ET3NgIBZVe+59zx5c3c4rv+wbSpGP8tvSw1Dpi1/Us=",
        "owner": "defn",
        "repo": "dev",
        "rev": "71fd24a88e85a7011e01f1fa1c9c93228673f87c",
        "type": "github"
      },
      "original": {
        "dir": "m/pkg/pkg",
        "owner": "defn",
        "ref": "pkg-pkg-0.0.12",
        "repo": "dev",
        "type": "github"
      }
    },
    "pkg_8": {
      "inputs": {
        "dev": "dev_8"
      },
      "locked": {
        "dir": "m/pkg/pkg",
        "lastModified": 1692061434,
        "narHash": "sha256-3ET3NgIBZVe+59zx5c3c4rv+wbSpGP8tvSw1Dpi1/Us=",
        "owner": "defn",
        "repo": "dev",
        "rev": "71fd24a88e85a7011e01f1fa1c9c93228673f87c",
        "type": "github"
      },
      "original": {
        "dir": "m/pkg/pkg",
        "owner": "defn",
        "ref": "pkg-pkg-0.0.12",
        "repo": "dev",
        "type": "github"
      }
    },
    "pkg_9": {
      "inputs": {
        "dev": "dev_9"
      },
      "locked": {
        "dir": "m/pkg/pkg",
        "lastModified": 1692061434,
        "narHash": "sha256-3ET3NgIBZVe+59zx5c3c4rv+wbSpGP8tvSw1Dpi1/Us=",
        "owner": "defn",
        "repo": "dev",
        "rev": "71fd24a88e85a7011e01f1fa1c9c93228673f87c",
        "type": "github"
      },
      "original": {
        "dir": "m/pkg/pkg",
        "owner": "defn",
        "ref": "pkg-pkg-0.0.12",
        "repo": "dev",
        "type": "github"
      }
    },
    "root": {
      "inputs": {
        "argocd": "argocd",
        "argoworkflows": "argoworkflows",
        "cilium": "cilium",
        "helm": "helm",
        "hubble": "hubble",
        "k3d": "k3d",
        "k9s": "k9s",
        "kn": "kn",
        "kubectl": "kubectl",
        "kubevirt": "kubevirt",
        "kustomize": "kustomize",
        "linkerd": "linkerd",
        "stern": "stern",
        "tfo": "tfo",
        "vcluster": "vcluster"
      }
    },
    "stern": {
      "inputs": {
        "pkg": "pkg_13"
      },
      "locked": {
        "dir": "m/pkg/stern",
        "lastModified": 1692667117,
        "narHash": "sha256-wAzPeeHsqN0C5JKWSgTvCIb9hZAir5VdqcxbzhzGKGc=",
        "owner": "defn",
        "repo": "dev",
        "rev": "68ae4c688f83a9ae08672d643591de0dfeb5a5ca",
        "type": "github"
      },
      "original": {
        "dir": "m/pkg/stern",
        "owner": "defn",
        "ref": "pkg-stern-1.26.0-1",
        "repo": "dev",
        "type": "github"
      }
    },
    "tfo": {
      "inputs": {
        "pkg": "pkg_14"
      },
      "locked": {
        "dir": "m/pkg/tfo",
        "lastModified": 1693352413,
        "narHash": "sha256-h5SxgQyLUCTn8jdANGQ82gUMxp6iJs2SEYkUgKqLh0E=",
        "owner": "defn",
        "repo": "dev",
        "rev": "3f08a0b5219898a076080ac4af676a189ef39634",
        "type": "github"
      },
      "original": {
        "dir": "m/pkg/tfo",
        "owner": "defn",
        "ref": "pkg-tfo-2.0.0-1",
        "repo": "dev",
        "type": "github"
      }
    },
    "vcluster": {
      "inputs": {
        "pkg": "pkg_15"
      },
      "locked": {
        "dir": "m/pkg/vcluster",
        "lastModified": 1692989240,
        "narHash": "sha256-N21YicJGHqMTa2/nGmMVoZdHJ4uLRCqNy+UACYzQVvs=",
        "owner": "defn",
        "repo": "dev",
        "rev": "2cc3138474d92d9d7f4024fa54a365c31016b412",
        "type": "github"
      },
      "original": {
        "dir": "m/pkg/vcluster",
        "owner": "defn",
        "ref": "pkg-vcluster-0.15.7-1",
        "repo": "dev",
        "type": "github"
      }
    }
  },
  "root": "root",
  "version": 7
}
