{
  "nodes": {
    "argocd": {
      "inputs": {
        "pkg": "pkg"
      },
      "locked": {
        "dir": "m/pkg/argocd",
        "lastModified": 1699307991,
        "narHash": "sha256-V2dTQ6KJgKGaHXTxjjCPCsbmUA15Pww5THUuyjq9C+g=",
        "owner": "defn",
        "repo": "dev",
        "rev": "72e8cede1c5d9df017ca0d92a82c7c652e985282",
        "type": "github"
      },
      "original": {
        "dir": "m/pkg/argocd",
        "owner": "defn",
        "ref": "pkg-argocd-2.9.0-1",
        "repo": "dev",
        "type": "github"
      }
    },
    "argoworkflows": {
      "inputs": {
        "pkg": "pkg_2"
      },
      "locked": {
        "dir": "m/pkg/argoworkflows",
        "lastModified": 1697306326,
        "narHash": "sha256-qUa9mk63ZRGXBd0x+akVrPRN8Hem9YfKoXC/YBewT8A=",
        "owner": "defn",
        "repo": "dev",
        "rev": "5922db96acccabe44eb39fd9d1d8111e2ab55974",
        "type": "github"
      },
      "original": {
        "dir": "m/pkg/argoworkflows",
        "owner": "defn",
        "ref": "pkg-argoworkflows-3.5.0-1",
        "repo": "dev",
        "type": "github"
      }
    },
    "cilium": {
      "inputs": {
        "pkg": "pkg_3"
      },
      "locked": {
        "dir": "m/pkg/cilium",
        "lastModified": 1699324558,
        "narHash": "sha256-o9LRkLqjYB8Gdhf5Iwu/vbru3828IWCFXUmiCV6ync8=",
        "owner": "defn",
        "repo": "dev",
        "rev": "219eeb76281e388ff3811082c2e33e9eeb73f5bb",
        "type": "github"
      },
      "original": {
        "dir": "m/pkg/cilium",
        "owner": "defn",
        "ref": "pkg-cilium-0.15.13-1",
        "repo": "dev",
        "type": "github"
      }
    },
    "dev": {
      "inputs": {
        "flake-utils": "flake-utils",
        "nixpkgs": "nixpkgs"
      },
      "locked": {
        "dir": "m/pkg/dev",
        "lastModified": 1691869221,
        "narHash": "sha256-QV3p1P2tlTGuLL9XME9RFXh2d2/yO7jpqsKhV3CXUE0=",
        "owner": "defn",
        "repo": "dev",
        "rev": "48989a8305b411a0ccce199f8569043626abde96",
        "type": "github"
      },
      "original": {
        "dir": "m/pkg/dev",
        "owner": "defn",
        "ref": "pkg-dev-0.0.10",
        "repo": "dev",
        "type": "github"
      }
    },
    "dev_10": {
      "inputs": {
        "flake-utils": "flake-utils_10",
        "nixpkgs": "nixpkgs_10"
      },
      "locked": {
        "dir": "m/pkg/dev",
        "lastModified": 1691869221,
        "narHash": "sha256-QV3p1P2tlTGuLL9XME9RFXh2d2/yO7jpqsKhV3CXUE0=",
        "owner": "defn",
        "repo": "dev",
        "rev": "48989a8305b411a0ccce199f8569043626abde96",
        "type": "github"
      },
      "original": {
        "dir": "m/pkg/dev",
        "owner": "defn",
        "ref": "pkg-dev-0.0.10",
        "repo": "dev",
        "type": "github"
      }
    },
    "dev_11": {
      "inputs": {
        "flake-utils": "flake-utils_11",
        "nixpkgs": "nixpkgs_11"
      },
      "locked": {
        "dir": "m/pkg/dev",
        "lastModified": 1691869221,
        "narHash": "sha256-QV3p1P2tlTGuLL9XME9RFXh2d2/yO7jpqsKhV3CXUE0=",
        "owner": "defn",
        "repo": "dev",
        "rev": "48989a8305b411a0ccce199f8569043626abde96",
        "type": "github"
      },
      "original": {
        "dir": "m/pkg/dev",
        "owner": "defn",
        "ref": "pkg-dev-0.0.10",
        "repo": "dev",
        "type": "github"
      }
    },
    "dev_12": {
      "inputs": {
        "flake-utils": "flake-utils_12",
        "nixpkgs": "nixpkgs_12"
      },
      "locked": {
        "dir": "m/pkg/dev",
        "lastModified": 1691869221,
        "narHash": "sha256-QV3p1P2tlTGuLL9XME9RFXh2d2/yO7jpqsKhV3CXUE0=",
        "owner": "defn",
        "repo": "dev",
        "rev": "48989a8305b411a0ccce199f8569043626abde96",
        "type": "github"
      },
      "original": {
        "dir": "m/pkg/dev",
        "owner": "defn",
        "ref": "pkg-dev-0.0.10",
        "repo": "dev",
        "type": "github"
      }
    },
    "dev_13": {
      "inputs": {
        "flake-utils": "flake-utils_13",
        "nixpkgs": "nixpkgs_13"
      },
      "locked": {
        "dir": "m/pkg/dev",
        "lastModified": 1691869221,
        "narHash": "sha256-QV3p1P2tlTGuLL9XME9RFXh2d2/yO7jpqsKhV3CXUE0=",
        "owner": "defn",
        "repo": "dev",
        "rev": "48989a8305b411a0ccce199f8569043626abde96",
        "type": "github"
      },
      "original": {
        "dir": "m/pkg/dev",
        "owner": "defn",
        "ref": "pkg-dev-0.0.10",
        "repo": "dev",
        "type": "github"
      }
    },
    "dev_14": {
      "inputs": {
        "flake-utils": "flake-utils_14",
        "nixpkgs": "nixpkgs_14"
      },
      "locked": {
        "dir": "m/pkg/dev",
        "lastModified": 1691869221,
        "narHash": "sha256-QV3p1P2tlTGuLL9XME9RFXh2d2/yO7jpqsKhV3CXUE0=",
        "owner": "defn",
        "repo": "dev",
        "rev": "48989a8305b411a0ccce199f8569043626abde96",
        "type": "github"
      },
      "original": {
        "dir": "m/pkg/dev",
        "owner": "defn",
        "ref": "pkg-dev-0.0.10",
        "repo": "dev",
        "type": "github"
      }
    },
    "dev_15": {
      "inputs": {
        "flake-utils": "flake-utils_15",
        "nixpkgs": "nixpkgs_15"
      },
      "locked": {
        "dir": "m/pkg/dev",
        "lastModified": 1691869221,
        "narHash": "sha256-QV3p1P2tlTGuLL9XME9RFXh2d2/yO7jpqsKhV3CXUE0=",
        "owner": "defn",
        "repo": "dev",
        "rev": "48989a8305b411a0ccce199f8569043626abde96",
        "type": "github"
      },
      "original": {
        "dir": "m/pkg/dev",
        "owner": "defn",
        "ref": "pkg-dev-0.0.10",
        "repo": "dev",
        "type": "github"
      }
    },
    "dev_2": {
      "inputs": {
        "flake-utils": "flake-utils_2",
        "nixpkgs": "nixpkgs_2"
      },
      "locked": {
        "dir": "m/pkg/dev",
        "lastModified": 1691869221,
        "narHash": "sha256-QV3p1P2tlTGuLL9XME9RFXh2d2/yO7jpqsKhV3CXUE0=",
        "owner": "defn",
        "repo": "dev",
        "rev": "48989a8305b411a0ccce199f8569043626abde96",
        "type": "github"
      },
      "original": {
        "dir": "m/pkg/dev",
        "owner": "defn",
        "ref": "pkg-dev-0.0.10",
        "repo": "dev",
        "type": "github"
      }
    },
    "dev_3": {
      "inputs": {
        "flake-utils": "flake-utils_3",
        "nixpkgs": "nixpkgs_3"
      },
      "locked": {
        "dir": "m/pkg/dev",
        "lastModified": 1691869221,
        "narHash": "sha256-QV3p1P2tlTGuLL9XME9RFXh2d2/yO7jpqsKhV3CXUE0=",
        "owner": "defn",
        "repo": "dev",
        "rev": "48989a8305b411a0ccce199f8569043626abde96",
        "type": "github"
      },
      "original": {
        "dir": "m/pkg/dev",
        "owner": "defn",
        "ref": "pkg-dev-0.0.10",
        "repo": "dev",
        "type": "github"
      }
    },
    "dev_4": {
      "inputs": {
        "flake-utils": "flake-utils_4",
        "nixpkgs": "nixpkgs_4"
      },
      "locked": {
        "dir": "m/pkg/dev",
        "lastModified": 1691869221,
        "narHash": "sha256-QV3p1P2tlTGuLL9XME9RFXh2d2/yO7jpqsKhV3CXUE0=",
        "owner": "defn",
        "repo": "dev",
        "rev": "48989a8305b411a0ccce199f8569043626abde96",
        "type": "github"
      },
      "original": {
        "dir": "m/pkg/dev",
        "owner": "defn",
        "ref": "pkg-dev-0.0.10",
        "repo": "dev",
        "type": "github"
      }
    },
    "dev_5": {
      "inputs": {
        "flake-utils": "flake-utils_5",
        "nixpkgs": "nixpkgs_5"
      },
      "locked": {
        "dir": "m/pkg/dev",
        "lastModified": 1691869221,
        "narHash": "sha256-QV3p1P2tlTGuLL9XME9RFXh2d2/yO7jpqsKhV3CXUE0=",
        "owner": "defn",
        "repo": "dev",
        "rev": "48989a8305b411a0ccce199f8569043626abde96",
        "type": "github"
      },
      "original": {
        "dir": "m/pkg/dev",
        "owner": "defn",
        "ref": "pkg-dev-0.0.10",
        "repo": "dev",
        "type": "github"
      }
    },
    "dev_6": {
      "inputs": {
        "flake-utils": "flake-utils_6",
        "nixpkgs": "nixpkgs_6"
      },
      "locked": {
        "dir": "m/pkg/dev",
        "lastModified": 1691869221,
        "narHash": "sha256-QV3p1P2tlTGuLL9XME9RFXh2d2/yO7jpqsKhV3CXUE0=",
        "owner": "defn",
        "repo": "dev",
        "rev": "48989a8305b411a0ccce199f8569043626abde96",
        "type": "github"
      },
      "original": {
        "dir": "m/pkg/dev",
        "owner": "defn",
        "ref": "pkg-dev-0.0.10",
        "repo": "dev",
        "type": "github"
      }
    },
    "dev_7": {
      "inputs": {
        "flake-utils": "flake-utils_7",
        "nixpkgs": "nixpkgs_7"
      },
      "locked": {
        "dir": "m/pkg/dev",
        "lastModified": 1691869221,
        "narHash": "sha256-QV3p1P2tlTGuLL9XME9RFXh2d2/yO7jpqsKhV3CXUE0=",
        "owner": "defn",
        "repo": "dev",
        "rev": "48989a8305b411a0ccce199f8569043626abde96",
        "type": "github"
      },
      "original": {
        "dir": "m/pkg/dev",
        "owner": "defn",
        "ref": "pkg-dev-0.0.10",
        "repo": "dev",
        "type": "github"
      }
    },
    "dev_8": {
      "inputs": {
        "flake-utils": "flake-utils_8",
        "nixpkgs": "nixpkgs_8"
      },
      "locked": {
        "dir": "m/pkg/dev",
        "lastModified": 1691869221,
        "narHash": "sha256-QV3p1P2tlTGuLL9XME9RFXh2d2/yO7jpqsKhV3CXUE0=",
        "owner": "defn",
        "repo": "dev",
        "rev": "48989a8305b411a0ccce199f8569043626abde96",
        "type": "github"
      },
      "original": {
        "dir": "m/pkg/dev",
        "owner": "defn",
        "ref": "pkg-dev-0.0.10",
        "repo": "dev",
        "type": "github"
      }
    },
    "dev_9": {
      "inputs": {
        "flake-utils": "flake-utils_9",
        "nixpkgs": "nixpkgs_9"
      },
      "locked": {
        "dir": "m/pkg/dev",
        "lastModified": 1691869221,
        "narHash": "sha256-QV3p1P2tlTGuLL9XME9RFXh2d2/yO7jpqsKhV3CXUE0=",
        "owner": "defn",
        "repo": "dev",
        "rev": "48989a8305b411a0ccce199f8569043626abde96",
        "type": "github"
      },
      "original": {
        "dir": "m/pkg/dev",
        "owner": "defn",
        "ref": "pkg-dev-0.0.10",
        "repo": "dev",
        "type": "github"
      }
    },
    "flake-utils": {
      "locked": {
        "lastModified": 1652776076,
        "narHash": "sha256-gzTw/v1vj4dOVbpBSJX4J0DwUR6LIyXo7/SuuTJp1kM=",
        "owner": "numtide",
        "repo": "flake-utils",
        "rev": "04c1b180862888302ddfb2e3ad9eaa63afc60cf8",
        "type": "github"
      },
      "original": {
        "owner": "numtide",
        "repo": "flake-utils",
        "rev": "04c1b180862888302ddfb2e3ad9eaa63afc60cf8",
        "type": "github"
      }
    },
    "flake-utils_10": {
      "locked": {
        "lastModified": 1652776076,
        "narHash": "sha256-gzTw/v1vj4dOVbpBSJX4J0DwUR6LIyXo7/SuuTJp1kM=",
        "owner": "numtide",
        "repo": "flake-utils",
        "rev": "04c1b180862888302ddfb2e3ad9eaa63afc60cf8",
        "type": "github"
      },
      "original": {
        "owner": "numtide",
        "repo": "flake-utils",
        "rev": "04c1b180862888302ddfb2e3ad9eaa63afc60cf8",
        "type": "github"
      }
    },
    "flake-utils_11": {
      "locked": {
        "lastModified": 1652776076,
        "narHash": "sha256-gzTw/v1vj4dOVbpBSJX4J0DwUR6LIyXo7/SuuTJp1kM=",
        "owner": "numtide",
        "repo": "flake-utils",
        "rev": "04c1b180862888302ddfb2e3ad9eaa63afc60cf8",
        "type": "github"
      },
      "original": {
        "owner": "numtide",
        "repo": "flake-utils",
        "rev": "04c1b180862888302ddfb2e3ad9eaa63afc60cf8",
        "type": "github"
      }
    },
    "flake-utils_12": {
      "locked": {
        "lastModified": 1652776076,
        "narHash": "sha256-gzTw/v1vj4dOVbpBSJX4J0DwUR6LIyXo7/SuuTJp1kM=",
        "owner": "numtide",
        "repo": "flake-utils",
        "rev": "04c1b180862888302ddfb2e3ad9eaa63afc60cf8",
        "type": "github"
      },
      "original": {
        "owner": "numtide",
        "repo": "flake-utils",
        "rev": "04c1b180862888302ddfb2e3ad9eaa63afc60cf8",
        "type": "github"
      }
    },
    "flake-utils_13": {
      "locked": {
        "lastModified": 1652776076,
        "narHash": "sha256-gzTw/v1vj4dOVbpBSJX4J0DwUR6LIyXo7/SuuTJp1kM=",
        "owner": "numtide",
        "repo": "flake-utils",
        "rev": "04c1b180862888302ddfb2e3ad9eaa63afc60cf8",
        "type": "github"
      },
      "original": {
        "owner": "numtide",
        "repo": "flake-utils",
        "rev": "04c1b180862888302ddfb2e3ad9eaa63afc60cf8",
        "type": "github"
      }
    },
    "flake-utils_14": {
      "locked": {
        "lastModified": 1652776076,
        "narHash": "sha256-gzTw/v1vj4dOVbpBSJX4J0DwUR6LIyXo7/SuuTJp1kM=",
        "owner": "numtide",
        "repo": "flake-utils",
        "rev": "04c1b180862888302ddfb2e3ad9eaa63afc60cf8",
        "type": "github"
      },
      "original": {
        "owner": "numtide",
        "repo": "flake-utils",
        "rev": "04c1b180862888302ddfb2e3ad9eaa63afc60cf8",
        "type": "github"
      }
    },
    "flake-utils_15": {
      "locked": {
        "lastModified": 1652776076,
        "narHash": "sha256-gzTw/v1vj4dOVbpBSJX4J0DwUR6LIyXo7/SuuTJp1kM=",
        "owner": "numtide",
        "repo": "flake-utils",
        "rev": "04c1b180862888302ddfb2e3ad9eaa63afc60cf8",
        "type": "github"
      },
      "original": {
        "owner": "numtide",
        "repo": "flake-utils",
        "rev": "04c1b180862888302ddfb2e3ad9eaa63afc60cf8",
        "type": "github"
      }
    },
    "flake-utils_2": {
      "locked": {
        "lastModified": 1652776076,
        "narHash": "sha256-gzTw/v1vj4dOVbpBSJX4J0DwUR6LIyXo7/SuuTJp1kM=",
        "owner": "numtide",
        "repo": "flake-utils",
        "rev": "04c1b180862888302ddfb2e3ad9eaa63afc60cf8",
        "type": "github"
      },
      "original": {
        "owner": "numtide",
        "repo": "flake-utils",
        "rev": "04c1b180862888302ddfb2e3ad9eaa63afc60cf8",
        "type": "github"
      }
    },
    "flake-utils_3": {
      "locked": {
        "lastModified": 1652776076,
        "narHash": "sha256-gzTw/v1vj4dOVbpBSJX4J0DwUR6LIyXo7/SuuTJp1kM=",
        "owner": "numtide",
        "repo": "flake-utils",
        "rev": "04c1b180862888302ddfb2e3ad9eaa63afc60cf8",
        "type": "github"
      },
      "original": {
        "owner": "numtide",
        "repo": "flake-utils",
        "rev": "04c1b180862888302ddfb2e3ad9eaa63afc60cf8",
        "type": "github"
      }
    },
    "flake-utils_4": {
      "locked": {
        "lastModified": 1652776076,
        "narHash": "sha256-gzTw/v1vj4dOVbpBSJX4J0DwUR6LIyXo7/SuuTJp1kM=",
        "owner": "numtide",
        "repo": "flake-utils",
        "rev": "04c1b180862888302ddfb2e3ad9eaa63afc60cf8",
        "type": "github"
      },
      "original": {
        "owner": "numtide",
        "repo": "flake-utils",
        "rev": "04c1b180862888302ddfb2e3ad9eaa63afc60cf8",
        "type": "github"
      }
    },
    "flake-utils_5": {
      "locked": {
        "lastModified": 1652776076,
        "narHash": "sha256-gzTw/v1vj4dOVbpBSJX4J0DwUR6LIyXo7/SuuTJp1kM=",
        "owner": "numtide",
        "repo": "flake-utils",
        "rev": "04c1b180862888302ddfb2e3ad9eaa63afc60cf8",
        "type": "github"
      },
      "original": {
        "owner": "numtide",
        "repo": "flake-utils",
        "rev": "04c1b180862888302ddfb2e3ad9eaa63afc60cf8",
        "type": "github"
      }
    },
    "flake-utils_6": {
      "locked": {
        "lastModified": 1652776076,
        "narHash": "sha256-gzTw/v1vj4dOVbpBSJX4J0DwUR6LIyXo7/SuuTJp1kM=",
        "owner": "numtide",
        "repo": "flake-utils",
        "rev": "04c1b180862888302ddfb2e3ad9eaa63afc60cf8",
        "type": "github"
      },
      "original": {
        "owner": "numtide",
        "repo": "flake-utils",
        "rev": "04c1b180862888302ddfb2e3ad9eaa63afc60cf8",
        "type": "github"
      }
    },
    "flake-utils_7": {
      "locked": {
        "lastModified": 1652776076,
        "narHash": "sha256-gzTw/v1vj4dOVbpBSJX4J0DwUR6LIyXo7/SuuTJp1kM=",
        "owner": "numtide",
        "repo": "flake-utils",
        "rev": "04c1b180862888302ddfb2e3ad9eaa63afc60cf8",
        "type": "github"
      },
      "original": {
        "owner": "numtide",
        "repo": "flake-utils",
        "rev": "04c1b180862888302ddfb2e3ad9eaa63afc60cf8",
        "type": "github"
      }
    },
    "flake-utils_8": {
      "locked": {
        "lastModified": 1652776076,
        "narHash": "sha256-gzTw/v1vj4dOVbpBSJX4J0DwUR6LIyXo7/SuuTJp1kM=",
        "owner": "numtide",
        "repo": "flake-utils",
        "rev": "04c1b180862888302ddfb2e3ad9eaa63afc60cf8",
        "type": "github"
      },
      "original": {
        "owner": "numtide",
        "repo": "flake-utils",
        "rev": "04c1b180862888302ddfb2e3ad9eaa63afc60cf8",
        "type": "github"
      }
    },
    "flake-utils_9": {
      "locked": {
        "lastModified": 1652776076,
        "narHash": "sha256-gzTw/v1vj4dOVbpBSJX4J0DwUR6LIyXo7/SuuTJp1kM=",
        "owner": "numtide",
        "repo": "flake-utils",
        "rev": "04c1b180862888302ddfb2e3ad9eaa63afc60cf8",
        "type": "github"
      },
      "original": {
        "owner": "numtide",
        "repo": "flake-utils",
        "rev": "04c1b180862888302ddfb2e3ad9eaa63afc60cf8",
        "type": "github"
      }
    },
    "helm": {
      "inputs": {
        "pkg": "pkg_4"
      },
      "locked": {
        "dir": "m/pkg/helm",
        "lastModified": 1699504263,
        "narHash": "sha256-DPxTA1TuN8gUzOe93ce1svitZ5njxkblNHRy+jyUwMA=",
        "owner": "defn",
        "repo": "dev",
        "rev": "81561b6f788fbcbb6c67bc0c7b8273a7d6833167",
        "type": "github"
      },
      "original": {
        "dir": "m/pkg/helm",
        "owner": "defn",
        "ref": "pkg-helm-3.13.2-1",
        "repo": "dev",
        "type": "github"
      }
    },
    "hubble": {
      "inputs": {
        "pkg": "pkg_5"
      },
      "locked": {
        "dir": "m/pkg/hubble",
        "lastModified": 1697128029,
        "narHash": "sha256-zWV0oCxqDEtjQML+biD+Qhje8rpAl+oXfJNAB8nZy5c=",
        "owner": "defn",
        "repo": "dev",
        "rev": "fe0b40b8c3c7741d20d9214cd1cd9aa3196731d2",
        "type": "github"
      },
      "original": {
        "dir": "m/pkg/hubble",
        "owner": "defn",
        "ref": "pkg-hubble-0.12.2-1",
        "repo": "dev",
        "type": "github"
      }
    },
    "k3sup": {
      "inputs": {
        "pkg": "pkg_6"
      },
      "locked": {
        "dir": "m/pkg/k3sup",
        "lastModified": 1698429710,
        "narHash": "sha256-iW/SBjY2p4ZYV6PcRxWHvU0cuRSGINtFz28r4jLO13Y=",
        "owner": "defn",
        "repo": "dev",
        "rev": "dcc35f7399bee7184e3a9c48440157177074e978",
        "type": "github"
      },
      "original": {
        "dir": "m/pkg/k3sup",
        "owner": "defn",
        "ref": "pkg-k3sup-0.13.3-1",
        "repo": "dev",
        "type": "github"
      }
    },
    "k9s": {
      "inputs": {
        "pkg": "pkg_7"
      },
      "locked": {
        "dir": "m/pkg/k9s",
        "lastModified": 1699835830,
        "narHash": "sha256-+Y0loo/fahSNNMWh2cCncLGrlXGuNvBhqF5yI+zZpVI=",
        "owner": "defn",
        "repo": "dev",
        "rev": "e3deea3acfb0ce3fff96c296b394ee933b7c03e2",
        "type": "github"
      },
      "original": {
        "dir": "m/pkg/k9s",
        "owner": "defn",
        "ref": "pkg-k9s-0.28.2-1",
        "repo": "dev",
        "type": "github"
      }
    },
    "kn": {
      "inputs": {
        "pkg": "pkg_8"
      },
      "locked": {
        "dir": "m/pkg/kn",
        "lastModified": 1698275599,
        "narHash": "sha256-s6zZajDgb/1YYMzaTa3nuZrt294AIfKWY3q6PDYFwpE=",
        "owner": "defn",
        "repo": "dev",
        "rev": "7c27952b052e692aa7b05189d7922ea0b9c1d7ff",
        "type": "github"
      },
      "original": {
        "dir": "m/pkg/kn",
        "owner": "defn",
        "ref": "pkg-kn-1.12.0-1",
        "repo": "dev",
        "type": "github"
      }
    },
    "kubectl": {
      "inputs": {
        "pkg": "pkg_9"
      },
      "locked": {
        "dir": "m/pkg/kubectl",
        "lastModified": 1692066495,
        "narHash": "sha256-slUXlsLbq7yBcIFByDclTMcIA7b8jFzxVnN/XJ0PkXY=",
        "owner": "defn",
        "repo": "dev",
        "rev": "dceeb4fd9343db816926124b9c1afa26b87c53bb",
        "type": "github"
      },
      "original": {
        "dir": "m/pkg/kubectl",
        "owner": "defn",
        "ref": "pkg-kubectl-1.26.7-5",
        "repo": "dev",
        "type": "github"
      }
    },
    "kubevirt": {
      "inputs": {
        "pkg": "pkg_10"
      },
      "locked": {
        "dir": "m/pkg/kubevirt",
        "lastModified": 1699385635,
        "narHash": "sha256-Q3rUsz45QX0B9r9Oq131o+8WVQeTfjpOi+VvDGFeDgA=",
        "owner": "defn",
        "repo": "dev",
        "rev": "39ef9e831500f7443f1e52935210d0faccb312d9",
        "type": "github"
      },
      "original": {
        "dir": "m/pkg/kubevirt",
        "owner": "defn",
        "ref": "pkg-kubevirt-1.1.0-1",
        "repo": "dev",
        "type": "github"
      }
    },
    "kustomize": {
      "inputs": {
        "pkg": "pkg_11"
      },
      "locked": {
        "dir": "m/pkg/kustomize",
        "lastModified": 1697748946,
        "narHash": "sha256-J2jXWvMA6iot4ghLfLlmE67vrjfrkaImXy+XyOaRffQ=",
        "owner": "defn",
        "repo": "dev",
        "rev": "a32ecf91bee94f168a0b0bfec9f29e3750f238d8",
        "type": "github"
      },
      "original": {
        "dir": "m/pkg/kustomize",
        "owner": "defn",
        "ref": "pkg-kustomize-5.2.1-1",
        "repo": "dev",
        "type": "github"
      }
    },
    "linkerd": {
      "inputs": {
        "pkg": "pkg_12"
      },
      "locked": {
        "dir": "m/pkg/linkerd",
        "lastModified": 1699424052,
        "narHash": "sha256-EmcSBoCLBvH9NM0uCFUYhxzpnwf7UvWBtKObMsTiRl0=",
        "owner": "defn",
        "repo": "dev",
        "rev": "3146ebed4d58d934f9a0fc66a5401eb057537e7a",
        "type": "github"
      },
      "original": {
        "dir": "m/pkg/linkerd",
        "owner": "defn",
        "ref": "pkg-linkerd-2.14.3-1",
        "repo": "dev",
        "type": "github"
      }
    },
    "nixpkgs": {
      "locked": {
        "lastModified": 1691831739,
        "narHash": "sha256-6e12VCvA7jOjhzJ1adLiUV1GTPXGBcCfhggsDwiuNB4=",
        "owner": "NixOS",
        "repo": "nixpkgs",
        "rev": "3fe694c4156b84dac12627685c7ae592a71e2206",
        "type": "github"
      },
      "original": {
        "owner": "NixOS",
        "repo": "nixpkgs",
        "rev": "3fe694c4156b84dac12627685c7ae592a71e2206",
        "type": "github"
      }
    },
    "nixpkgs_10": {
      "locked": {
        "lastModified": 1691831739,
        "narHash": "sha256-6e12VCvA7jOjhzJ1adLiUV1GTPXGBcCfhggsDwiuNB4=",
        "owner": "NixOS",
        "repo": "nixpkgs",
        "rev": "3fe694c4156b84dac12627685c7ae592a71e2206",
        "type": "github"
      },
      "original": {
        "owner": "NixOS",
        "repo": "nixpkgs",
        "rev": "3fe694c4156b84dac12627685c7ae592a71e2206",
        "type": "github"
      }
    },
    "nixpkgs_11": {
      "locked": {
        "lastModified": 1691831739,
        "narHash": "sha256-6e12VCvA7jOjhzJ1adLiUV1GTPXGBcCfhggsDwiuNB4=",
        "owner": "NixOS",
        "repo": "nixpkgs",
        "rev": "3fe694c4156b84dac12627685c7ae592a71e2206",
        "type": "github"
      },
      "original": {
        "owner": "NixOS",
        "repo": "nixpkgs",
        "rev": "3fe694c4156b84dac12627685c7ae592a71e2206",
        "type": "github"
      }
    },
    "nixpkgs_12": {
      "locked": {
        "lastModified": 1691831739,
        "narHash": "sha256-6e12VCvA7jOjhzJ1adLiUV1GTPXGBcCfhggsDwiuNB4=",
        "owner": "NixOS",
        "repo": "nixpkgs",
        "rev": "3fe694c4156b84dac12627685c7ae592a71e2206",
        "type": "github"
      },
      "original": {
        "owner": "NixOS",
        "repo": "nixpkgs",
        "rev": "3fe694c4156b84dac12627685c7ae592a71e2206",
        "type": "github"
      }
    },
    "nixpkgs_13": {
      "locked": {
        "lastModified": 1691831739,
        "narHash": "sha256-6e12VCvA7jOjhzJ1adLiUV1GTPXGBcCfhggsDwiuNB4=",
        "owner": "NixOS",
        "repo": "nixpkgs",
        "rev": "3fe694c4156b84dac12627685c7ae592a71e2206",
        "type": "github"
      },
      "original": {
        "owner": "NixOS",
        "repo": "nixpkgs",
        "rev": "3fe694c4156b84dac12627685c7ae592a71e2206",
        "type": "github"
      }
    },
    "nixpkgs_14": {
      "locked": {
        "lastModified": 1691831739,
        "narHash": "sha256-6e12VCvA7jOjhzJ1adLiUV1GTPXGBcCfhggsDwiuNB4=",
        "owner": "NixOS",
        "repo": "nixpkgs",
        "rev": "3fe694c4156b84dac12627685c7ae592a71e2206",
        "type": "github"
      },
      "original": {
        "owner": "NixOS",
        "repo": "nixpkgs",
        "rev": "3fe694c4156b84dac12627685c7ae592a71e2206",
        "type": "github"
      }
    },
    "nixpkgs_15": {
      "locked": {
        "lastModified": 1691831739,
        "narHash": "sha256-6e12VCvA7jOjhzJ1adLiUV1GTPXGBcCfhggsDwiuNB4=",
        "owner": "NixOS",
        "repo": "nixpkgs",
        "rev": "3fe694c4156b84dac12627685c7ae592a71e2206",
        "type": "github"
      },
      "original": {
        "owner": "NixOS",
        "repo": "nixpkgs",
        "rev": "3fe694c4156b84dac12627685c7ae592a71e2206",
        "type": "github"
      }
    },
    "nixpkgs_2": {
      "locked": {
        "lastModified": 1691831739,
        "narHash": "sha256-6e12VCvA7jOjhzJ1adLiUV1GTPXGBcCfhggsDwiuNB4=",
        "owner": "NixOS",
        "repo": "nixpkgs",
        "rev": "3fe694c4156b84dac12627685c7ae592a71e2206",
        "type": "github"
      },
      "original": {
        "owner": "NixOS",
        "repo": "nixpkgs",
        "rev": "3fe694c4156b84dac12627685c7ae592a71e2206",
        "type": "github"
      }
    },
    "nixpkgs_3": {
      "locked": {
        "lastModified": 1691831739,
        "narHash": "sha256-6e12VCvA7jOjhzJ1adLiUV1GTPXGBcCfhggsDwiuNB4=",
        "owner": "NixOS",
        "repo": "nixpkgs",
        "rev": "3fe694c4156b84dac12627685c7ae592a71e2206",
        "type": "github"
      },
      "original": {
        "owner": "NixOS",
        "repo": "nixpkgs",
        "rev": "3fe694c4156b84dac12627685c7ae592a71e2206",
        "type": "github"
      }
    },
    "nixpkgs_4": {
      "locked": {
        "lastModified": 1691831739,
        "narHash": "sha256-6e12VCvA7jOjhzJ1adLiUV1GTPXGBcCfhggsDwiuNB4=",
        "owner": "NixOS",
        "repo": "nixpkgs",
        "rev": "3fe694c4156b84dac12627685c7ae592a71e2206",
        "type": "github"
      },
      "original": {
        "owner": "NixOS",
        "repo": "nixpkgs",
        "rev": "3fe694c4156b84dac12627685c7ae592a71e2206",
        "type": "github"
      }
    },
    "nixpkgs_5": {
      "locked": {
        "lastModified": 1691831739,
        "narHash": "sha256-6e12VCvA7jOjhzJ1adLiUV1GTPXGBcCfhggsDwiuNB4=",
        "owner": "NixOS",
        "repo": "nixpkgs",
        "rev": "3fe694c4156b84dac12627685c7ae592a71e2206",
        "type": "github"
      },
      "original": {
        "owner": "NixOS",
        "repo": "nixpkgs",
        "rev": "3fe694c4156b84dac12627685c7ae592a71e2206",
        "type": "github"
      }
    },
    "nixpkgs_6": {
      "locked": {
        "lastModified": 1691831739,
        "narHash": "sha256-6e12VCvA7jOjhzJ1adLiUV1GTPXGBcCfhggsDwiuNB4=",
        "owner": "NixOS",
        "repo": "nixpkgs",
        "rev": "3fe694c4156b84dac12627685c7ae592a71e2206",
        "type": "github"
      },
      "original": {
        "owner": "NixOS",
        "repo": "nixpkgs",
        "rev": "3fe694c4156b84dac12627685c7ae592a71e2206",
        "type": "github"
      }
    },
    "nixpkgs_7": {
      "locked": {
        "lastModified": 1691831739,
        "narHash": "sha256-6e12VCvA7jOjhzJ1adLiUV1GTPXGBcCfhggsDwiuNB4=",
        "owner": "NixOS",
        "repo": "nixpkgs",
        "rev": "3fe694c4156b84dac12627685c7ae592a71e2206",
        "type": "github"
      },
      "original": {
        "owner": "NixOS",
        "repo": "nixpkgs",
        "rev": "3fe694c4156b84dac12627685c7ae592a71e2206",
        "type": "github"
      }
    },
    "nixpkgs_8": {
      "locked": {
        "lastModified": 1691831739,
        "narHash": "sha256-6e12VCvA7jOjhzJ1adLiUV1GTPXGBcCfhggsDwiuNB4=",
        "owner": "NixOS",
        "repo": "nixpkgs",
        "rev": "3fe694c4156b84dac12627685c7ae592a71e2206",
        "type": "github"
      },
      "original": {
        "owner": "NixOS",
        "repo": "nixpkgs",
        "rev": "3fe694c4156b84dac12627685c7ae592a71e2206",
        "type": "github"
      }
    },
    "nixpkgs_9": {
      "locked": {
        "lastModified": 1691831739,
        "narHash": "sha256-6e12VCvA7jOjhzJ1adLiUV1GTPXGBcCfhggsDwiuNB4=",
        "owner": "NixOS",
        "repo": "nixpkgs",
        "rev": "3fe694c4156b84dac12627685c7ae592a71e2206",
        "type": "github"
      },
      "original": {
        "owner": "NixOS",
        "repo": "nixpkgs",
        "rev": "3fe694c4156b84dac12627685c7ae592a71e2206",
        "type": "github"
      }
    },
    "pkg": {
      "inputs": {
        "dev": "dev"
      },
      "locked": {
        "dir": "m/pkg/pkg",
        "lastModified": 1692061434,
        "narHash": "sha256-3ET3NgIBZVe+59zx5c3c4rv+wbSpGP8tvSw1Dpi1/Us=",
        "owner": "defn",
        "repo": "dev",
        "rev": "71fd24a88e85a7011e01f1fa1c9c93228673f87c",
        "type": "github"
      },
      "original": {
        "dir": "m/pkg/pkg",
        "owner": "defn",
        "ref": "pkg-pkg-0.0.12",
        "repo": "dev",
        "type": "github"
      }
    },
    "pkg_10": {
      "inputs": {
        "dev": "dev_10"
      },
      "locked": {
        "dir": "m/pkg/pkg",
        "lastModified": 1692061434,
        "narHash": "sha256-3ET3NgIBZVe+59zx5c3c4rv+wbSpGP8tvSw1Dpi1/Us=",
        "owner": "defn",
        "repo": "dev",
        "rev": "71fd24a88e85a7011e01f1fa1c9c93228673f87c",
        "type": "github"
      },
      "original": {
        "dir": "m/pkg/pkg",
        "owner": "defn",
        "ref": "pkg-pkg-0.0.12",
        "repo": "dev",
        "type": "github"
      }
    },
    "pkg_11": {
      "inputs": {
        "dev": "dev_11"
      },
      "locked": {
        "dir": "m/pkg/pkg",
        "lastModified": 1692061434,
        "narHash": "sha256-3ET3NgIBZVe+59zx5c3c4rv+wbSpGP8tvSw1Dpi1/Us=",
        "owner": "defn",
        "repo": "dev",
        "rev": "71fd24a88e85a7011e01f1fa1c9c93228673f87c",
        "type": "github"
      },
      "original": {
        "dir": "m/pkg/pkg",
        "owner": "defn",
        "ref": "pkg-pkg-0.0.12",
        "repo": "dev",
        "type": "github"
      }
    },
    "pkg_12": {
      "inputs": {
        "dev": "dev_12"
      },
      "locked": {
        "dir": "m/pkg/pkg",
        "lastModified": 1692061434,
        "narHash": "sha256-3ET3NgIBZVe+59zx5c3c4rv+wbSpGP8tvSw1Dpi1/Us=",
        "owner": "defn",
        "repo": "dev",
        "rev": "71fd24a88e85a7011e01f1fa1c9c93228673f87c",
        "type": "github"
      },
      "original": {
        "dir": "m/pkg/pkg",
        "owner": "defn",
        "ref": "pkg-pkg-0.0.12",
        "repo": "dev",
        "type": "github"
      }
    },
    "pkg_13": {
      "inputs": {
        "dev": "dev_13"
      },
      "locked": {
        "dir": "m/pkg/pkg",
        "lastModified": 1692061434,
        "narHash": "sha256-3ET3NgIBZVe+59zx5c3c4rv+wbSpGP8tvSw1Dpi1/Us=",
        "owner": "defn",
        "repo": "dev",
        "rev": "71fd24a88e85a7011e01f1fa1c9c93228673f87c",
        "type": "github"
      },
      "original": {
        "dir": "m/pkg/pkg",
        "owner": "defn",
        "ref": "pkg-pkg-0.0.12",
        "repo": "dev",
        "type": "github"
      }
    },
    "pkg_14": {
      "inputs": {
        "dev": "dev_14"
      },
      "locked": {
        "dir": "m/pkg/pkg",
        "lastModified": 1692061434,
        "narHash": "sha256-3ET3NgIBZVe+59zx5c3c4rv+wbSpGP8tvSw1Dpi1/Us=",
        "owner": "defn",
        "repo": "dev",
        "rev": "71fd24a88e85a7011e01f1fa1c9c93228673f87c",
        "type": "github"
      },
      "original": {
        "dir": "m/pkg/pkg",
        "owner": "defn",
        "ref": "pkg-pkg-0.0.12",
        "repo": "dev",
        "type": "github"
      }
    },
    "pkg_15": {
      "inputs": {
        "dev": "dev_15"
      },
      "locked": {
        "dir": "m/pkg/pkg",
        "lastModified": 1692061434,
        "narHash": "sha256-3ET3NgIBZVe+59zx5c3c4rv+wbSpGP8tvSw1Dpi1/Us=",
        "owner": "defn",
        "repo": "dev",
        "rev": "71fd24a88e85a7011e01f1fa1c9c93228673f87c",
        "type": "github"
      },
      "original": {
        "dir": "m/pkg/pkg",
        "owner": "defn",
        "ref": "pkg-pkg-0.0.12",
        "repo": "dev",
        "type": "github"
      }
    },
    "pkg_2": {
      "inputs": {
        "dev": "dev_2"
      },
      "locked": {
        "dir": "m/pkg/pkg",
        "lastModified": 1692061434,
        "narHash": "sha256-3ET3NgIBZVe+59zx5c3c4rv+wbSpGP8tvSw1Dpi1/Us=",
        "owner": "defn",
        "repo": "dev",
        "rev": "71fd24a88e85a7011e01f1fa1c9c93228673f87c",
        "type": "github"
      },
      "original": {
        "dir": "m/pkg/pkg",
        "owner": "defn",
        "ref": "pkg-pkg-0.0.12",
        "repo": "dev",
        "type": "github"
      }
    },
    "pkg_3": {
      "inputs": {
        "dev": "dev_3"
      },
      "locked": {
        "dir": "m/pkg/pkg",
        "lastModified": 1692061434,
        "narHash": "sha256-3ET3NgIBZVe+59zx5c3c4rv+wbSpGP8tvSw1Dpi1/Us=",
        "owner": "defn",
        "repo": "dev",
        "rev": "71fd24a88e85a7011e01f1fa1c9c93228673f87c",
        "type": "github"
      },
      "original": {
        "dir": "m/pkg/pkg",
        "owner": "defn",
        "ref": "pkg-pkg-0.0.12",
        "repo": "dev",
        "type": "github"
      }
    },
    "pkg_4": {
      "inputs": {
        "dev": "dev_4"
      },
      "locked": {
        "dir": "m/pkg/pkg",
        "lastModified": 1692061434,
        "narHash": "sha256-3ET3NgIBZVe+59zx5c3c4rv+wbSpGP8tvSw1Dpi1/Us=",
        "owner": "defn",
        "repo": "dev",
        "rev": "71fd24a88e85a7011e01f1fa1c9c93228673f87c",
        "type": "github"
      },
      "original": {
        "dir": "m/pkg/pkg",
        "owner": "defn",
        "ref": "pkg-pkg-0.0.12",
        "repo": "dev",
        "type": "github"
      }
    },
    "pkg_5": {
      "inputs": {
        "dev": "dev_5"
      },
      "locked": {
        "dir": "m/pkg/pkg",
        "lastModified": 1692061434,
        "narHash": "sha256-3ET3NgIBZVe+59zx5c3c4rv+wbSpGP8tvSw1Dpi1/Us=",
        "owner": "defn",
        "repo": "dev",
        "rev": "71fd24a88e85a7011e01f1fa1c9c93228673f87c",
        "type": "github"
      },
      "original": {
        "dir": "m/pkg/pkg",
        "owner": "defn",
        "ref": "pkg-pkg-0.0.12",
        "repo": "dev",
        "type": "github"
      }
    },
    "pkg_6": {
      "inputs": {
        "dev": "dev_6"
      },
      "locked": {
        "dir": "m/pkg/pkg",
        "lastModified": 1692061434,
        "narHash": "sha256-3ET3NgIBZVe+59zx5c3c4rv+wbSpGP8tvSw1Dpi1/Us=",
        "owner": "defn",
        "repo": "dev",
        "rev": "71fd24a88e85a7011e01f1fa1c9c93228673f87c",
        "type": "github"
      },
      "original": {
        "dir": "m/pkg/pkg",
        "owner": "defn",
        "ref": "pkg-pkg-0.0.12",
        "repo": "dev",
        "type": "github"
      }
    },
    "pkg_7": {
      "inputs": {
        "dev": "dev_7"
      },
      "locked": {
        "dir": "m/pkg/pkg",
        "lastModified": 1692061434,
        "narHash": "sha256-3ET3NgIBZVe+59zx5c3c4rv+wbSpGP8tvSw1Dpi1/Us=",
        "owner": "defn",
        "repo": "dev",
        "rev": "71fd24a88e85a7011e01f1fa1c9c93228673f87c",
        "type": "github"
      },
      "original": {
        "dir": "m/pkg/pkg",
        "owner": "defn",
        "ref": "pkg-pkg-0.0.12",
        "repo": "dev",
        "type": "github"
      }
    },
    "pkg_8": {
      "inputs": {
        "dev": "dev_8"
      },
      "locked": {
        "dir": "m/pkg/pkg",
        "lastModified": 1692061434,
        "narHash": "sha256-3ET3NgIBZVe+59zx5c3c4rv+wbSpGP8tvSw1Dpi1/Us=",
        "owner": "defn",
        "repo": "dev",
        "rev": "71fd24a88e85a7011e01f1fa1c9c93228673f87c",
        "type": "github"
      },
      "original": {
        "dir": "m/pkg/pkg",
        "owner": "defn",
        "ref": "pkg-pkg-0.0.12",
        "repo": "dev",
        "type": "github"
      }
    },
    "pkg_9": {
      "inputs": {
        "dev": "dev_9"
      },
      "locked": {
        "dir": "m/pkg/pkg",
        "lastModified": 1692061434,
        "narHash": "sha256-3ET3NgIBZVe+59zx5c3c4rv+wbSpGP8tvSw1Dpi1/Us=",
        "owner": "defn",
        "repo": "dev",
        "rev": "71fd24a88e85a7011e01f1fa1c9c93228673f87c",
        "type": "github"
      },
      "original": {
        "dir": "m/pkg/pkg",
        "owner": "defn",
        "ref": "pkg-pkg-0.0.12",
        "repo": "dev",
        "type": "github"
      }
    },
    "root": {
      "inputs": {
        "argocd": "argocd",
        "argoworkflows": "argoworkflows",
        "cilium": "cilium",
        "helm": "helm",
        "hubble": "hubble",
        "k3sup": "k3sup",
        "k9s": "k9s",
        "kn": "kn",
        "kubectl": "kubectl",
        "kubevirt": "kubevirt",
        "kustomize": "kustomize",
        "linkerd": "linkerd",
        "stern": "stern",
        "tfo": "tfo",
        "vcluster": "vcluster"
      }
    },
    "stern": {
      "inputs": {
        "pkg": "pkg_13"
      },
      "locked": {
        "dir": "m/pkg/stern",
        "lastModified": 1692667117,
        "narHash": "sha256-wAzPeeHsqN0C5JKWSgTvCIb9hZAir5VdqcxbzhzGKGc=",
        "owner": "defn",
        "repo": "dev",
        "rev": "68ae4c688f83a9ae08672d643591de0dfeb5a5ca",
        "type": "github"
      },
      "original": {
        "dir": "m/pkg/stern",
        "owner": "defn",
        "ref": "pkg-stern-1.26.0-1",
        "repo": "dev",
        "type": "github"
      }
    },
    "tfo": {
      "inputs": {
        "pkg": "pkg_14"
      },
      "locked": {
        "dir": "m/pkg/tfo",
        "lastModified": 1697819536,
        "narHash": "sha256-UDoJWfb5vmLO/oi5sf/xs/lFeIeKKeLb5cJ4Cu8roeg=",
        "owner": "defn",
        "repo": "dev",
        "rev": "0f01273bd41890d21ee6b44a92146cbe9c2d1a10",
        "type": "github"
      },
      "original": {
        "dir": "m/pkg/tfo",
        "owner": "defn",
        "ref": "pkg-tfo-2.2.0-1",
        "repo": "dev",
        "type": "github"
      }
    },
    "vcluster": {
      "inputs": {
        "pkg": "pkg_15"
      },
      "locked": {
        "dir": "m/pkg/vcluster",
        "lastModified": 1697819545,
        "narHash": "sha256-OTKyoIgNIHK3H8rOvpWFzcxNAKx+ig2pyVuFf6JXPU8=",
        "owner": "defn",
        "repo": "dev",
        "rev": "fb673698ccb018d639c5e2a529243eef73531702",
        "type": "github"
      },
      "original": {
        "dir": "m/pkg/vcluster",
        "owner": "defn",
        "ref": "pkg-vcluster-0.16.4-1",
        "repo": "dev",
        "type": "github"
      }
    }
  },
  "root": "root",
  "version": 7
}
