{
  "nodes": {
    "bazelisk": {
      "inputs": {
        "pkg": "pkg"
      },
      "locked": {
        "dir": "m/pkg/bazelisk",
        "lastModified": 1703442283,
        "narHash": "sha256-z4jlLyVAt9c9w1WG5M5zPv8mhUmBGc89dzDH3gQ6d3E=",
        "owner": "defn",
        "repo": "dev",
        "rev": "6e0ba738df01d3067c678c667c055639c8d9f77b",
        "type": "github"
      },
      "original": {
        "dir": "m/pkg/bazelisk",
        "owner": "defn",
        "ref": "pkg-bazelisk-1.19.0-4",
        "repo": "dev",
        "type": "github"
      }
    },
    "buildifier": {
      "inputs": {
        "pkg": "pkg_2"
      },
      "locked": {
        "dir": "m/pkg/buildifier",
        "lastModified": 1703442320,
        "narHash": "sha256-9G/rbfImsGRMws7HiCHjUVuWF5ordKxNJcE/Slo3E98=",
        "owner": "defn",
        "repo": "dev",
        "rev": "27ba922095a5f3471e716302657625b70210cb88",
        "type": "github"
      },
      "original": {
        "dir": "m/pkg/buildifier",
        "owner": "defn",
        "ref": "pkg-buildifier-6.4.0-4",
        "repo": "dev",
        "type": "github"
      }
    },
    "dev": {
      "inputs": {
        "nixpkgs": "nixpkgs"
      },
      "locked": {
        "dir": "m/pkg/dev",
        "lastModified": 1703440183,
        "narHash": "sha256-XRdrsSlAF4fzKEXGfcpJiF9763BCKozaA2RbjfXWqDg=",
        "owner": "defn",
        "repo": "dev",
        "rev": "931956c3d299656c773c90d26ad412c4c3b290c3",
        "type": "github"
      },
      "original": {
        "dir": "m/pkg/dev",
        "owner": "defn",
        "ref": "pkg-dev-0.0.12",
        "repo": "dev",
        "type": "github"
      }
    },
    "dev_2": {
      "inputs": {
        "nixpkgs": "nixpkgs_2"
      },
      "locked": {
        "dir": "m/pkg/dev",
        "lastModified": 1703440183,
        "narHash": "sha256-XRdrsSlAF4fzKEXGfcpJiF9763BCKozaA2RbjfXWqDg=",
        "owner": "defn",
        "repo": "dev",
        "rev": "931956c3d299656c773c90d26ad412c4c3b290c3",
        "type": "github"
      },
      "original": {
        "dir": "m/pkg/dev",
        "owner": "defn",
        "ref": "pkg-dev-0.0.12",
        "repo": "dev",
        "type": "github"
      }
    },
    "dev_3": {
      "inputs": {
        "nixpkgs": "nixpkgs_3"
      },
      "locked": {
        "dir": "m/pkg/dev",
        "lastModified": 1703440183,
        "narHash": "sha256-XRdrsSlAF4fzKEXGfcpJiF9763BCKozaA2RbjfXWqDg=",
        "owner": "defn",
        "repo": "dev",
        "rev": "931956c3d299656c773c90d26ad412c4c3b290c3",
        "type": "github"
      },
      "original": {
        "dir": "m/pkg/dev",
        "owner": "defn",
        "ref": "pkg-dev-0.0.12",
        "repo": "dev",
        "type": "github"
      }
    },
    "dev_4": {
      "inputs": {
        "nixpkgs": "nixpkgs_4"
      },
      "locked": {
        "dir": "m/pkg/dev",
        "lastModified": 1703440183,
        "narHash": "sha256-XRdrsSlAF4fzKEXGfcpJiF9763BCKozaA2RbjfXWqDg=",
        "owner": "defn",
        "repo": "dev",
        "rev": "931956c3d299656c773c90d26ad412c4c3b290c3",
        "type": "github"
      },
      "original": {
        "dir": "m/pkg/dev",
        "owner": "defn",
        "ref": "pkg-dev-0.0.12",
        "repo": "dev",
        "type": "github"
      }
    },
    "ibazel": {
      "inputs": {
        "pkg": "pkg_3"
      },
      "locked": {
        "dir": "m/pkg/ibazel",
        "lastModified": 1703442762,
        "narHash": "sha256-kPt4Z0VJl9/EkFxGsUmQIk/cGzJgr3VbcGPnSglupZc=",
        "owner": "defn",
        "repo": "dev",
        "rev": "ddcdcfd5a351499429bd9fac73a7e053af72827e",
        "type": "github"
      },
      "original": {
        "dir": "m/pkg/ibazel",
        "owner": "defn",
        "ref": "pkg-ibazel-0.24.0-4",
        "repo": "dev",
        "type": "github"
      }
    },
    "nixpkgs": {
      "locked": {
        "lastModified": 1700284104,
        "narHash": "sha256-oNsJfAyAuBCTkusesiK0LWuO59F6vEGcP4wwa7kc1ZA=",
        "owner": "NixOS",
        "repo": "nixpkgs",
        "rev": "005617587ee2b7c003388b4539b9120ebcc90e44",
        "type": "github"
      },
      "original": {
        "owner": "NixOS",
        "repo": "nixpkgs",
        "rev": "005617587ee2b7c003388b4539b9120ebcc90e44",
        "type": "github"
      }
    },
    "nixpkgs_2": {
      "locked": {
        "lastModified": 1700284104,
        "narHash": "sha256-oNsJfAyAuBCTkusesiK0LWuO59F6vEGcP4wwa7kc1ZA=",
        "owner": "NixOS",
        "repo": "nixpkgs",
        "rev": "005617587ee2b7c003388b4539b9120ebcc90e44",
        "type": "github"
      },
      "original": {
        "owner": "NixOS",
        "repo": "nixpkgs",
        "rev": "005617587ee2b7c003388b4539b9120ebcc90e44",
        "type": "github"
      }
    },
    "nixpkgs_3": {
      "locked": {
        "lastModified": 1700284104,
        "narHash": "sha256-oNsJfAyAuBCTkusesiK0LWuO59F6vEGcP4wwa7kc1ZA=",
        "owner": "NixOS",
        "repo": "nixpkgs",
        "rev": "005617587ee2b7c003388b4539b9120ebcc90e44",
        "type": "github"
      },
      "original": {
        "owner": "NixOS",
        "repo": "nixpkgs",
        "rev": "005617587ee2b7c003388b4539b9120ebcc90e44",
        "type": "github"
      }
    },
    "nixpkgs_4": {
      "locked": {
        "lastModified": 1700284104,
        "narHash": "sha256-oNsJfAyAuBCTkusesiK0LWuO59F6vEGcP4wwa7kc1ZA=",
        "owner": "NixOS",
        "repo": "nixpkgs",
        "rev": "005617587ee2b7c003388b4539b9120ebcc90e44",
        "type": "github"
      },
      "original": {
        "owner": "NixOS",
        "repo": "nixpkgs",
        "rev": "005617587ee2b7c003388b4539b9120ebcc90e44",
        "type": "github"
      }
    },
    "oci": {
      "inputs": {
        "pkg": "pkg_4"
      },
      "locked": {
        "dir": "m/pkg/oci",
        "lastModified": 1703443037,
        "narHash": "sha256-Q0zs9ptzpWhcc2vyrMeGd2xMBD4pa2Vu8uUekJEWWAI=",
        "owner": "defn",
        "repo": "dev",
        "rev": "77765c3481ed7fe68f243679ae9f6e8420ef7268",
        "type": "github"
      },
      "original": {
        "dir": "m/pkg/oci",
        "owner": "defn",
        "ref": "pkg-oci-0.0.54",
        "repo": "dev",
        "type": "github"
      }
    },
    "pkg": {
      "inputs": {
        "dev": "dev"
      },
      "locked": {
        "dir": "m/pkg/pkg",
        "lastModified": 1703441814,
        "narHash": "sha256-COTwiD7CDp1CUeRbkKO1L+ZpDO/OqeijDKFa5tZqLHY=",
        "owner": "defn",
        "repo": "dev",
        "rev": "0cc1dd088a3ff4d0c6077f6d325be3032061c656",
        "type": "github"
      },
      "original": {
        "dir": "m/pkg/pkg",
        "owner": "defn",
        "ref": "pkg-pkg-0.0.15",
        "repo": "dev",
        "type": "github"
      }
    },
    "pkg_2": {
      "inputs": {
        "dev": "dev_2"
      },
      "locked": {
        "dir": "m/pkg/pkg",
        "lastModified": 1703441814,
        "narHash": "sha256-COTwiD7CDp1CUeRbkKO1L+ZpDO/OqeijDKFa5tZqLHY=",
        "owner": "defn",
        "repo": "dev",
        "rev": "0cc1dd088a3ff4d0c6077f6d325be3032061c656",
        "type": "github"
      },
      "original": {
        "dir": "m/pkg/pkg",
        "owner": "defn",
        "ref": "pkg-pkg-0.0.15",
        "repo": "dev",
        "type": "github"
      }
    },
    "pkg_3": {
      "inputs": {
        "dev": "dev_3"
      },
      "locked": {
        "dir": "m/pkg/pkg",
        "lastModified": 1703441814,
        "narHash": "sha256-COTwiD7CDp1CUeRbkKO1L+ZpDO/OqeijDKFa5tZqLHY=",
        "owner": "defn",
        "repo": "dev",
        "rev": "0cc1dd088a3ff4d0c6077f6d325be3032061c656",
        "type": "github"
      },
      "original": {
        "dir": "m/pkg/pkg",
        "owner": "defn",
        "ref": "pkg-pkg-0.0.15",
        "repo": "dev",
        "type": "github"
      }
    },
    "pkg_4": {
      "inputs": {
        "dev": "dev_4"
      },
      "locked": {
        "dir": "m/pkg/pkg",
        "lastModified": 1703441814,
        "narHash": "sha256-COTwiD7CDp1CUeRbkKO1L+ZpDO/OqeijDKFa5tZqLHY=",
        "owner": "defn",
        "repo": "dev",
        "rev": "0cc1dd088a3ff4d0c6077f6d325be3032061c656",
        "type": "github"
      },
      "original": {
        "dir": "m/pkg/pkg",
        "owner": "defn",
        "ref": "pkg-pkg-0.0.15",
        "repo": "dev",
        "type": "github"
      }
    },
    "root": {
      "inputs": {
        "bazelisk": "bazelisk",
        "buildifier": "buildifier",
        "ibazel": "ibazel",
        "oci": "oci"
      }
    }
  },
  "root": "root",
  "version": 7
}
