{
  "nodes": {
    "az": {
      "inputs": {
        "cue": "cue",
        "dyff": "dyff",
        "glow": "glow",
        "gum": "gum",
        "vhs": "vhs"
      },
      "locked": {
        "dir": "m/pkg/az",
        "lastModified": 1707762264,
        "narHash": "sha256-fbWZ8gUYPJWNyGPkSCPZxLr3V5Z7pRNEbGBJ7zQ0FMY=",
        "owner": "defn",
        "repo": "dev",
        "rev": "8f20e7d54e0bf3f9fcc48403c08257d1d38d0e96",
        "type": "github"
      },
      "original": {
        "dir": "m/pkg/az",
        "owner": "defn",
        "ref": "pkg-az-0.0.167",
        "repo": "dev",
        "type": "github"
      }
    },
    "cue": {
      "inputs": {
        "pkg": "pkg"
      },
      "locked": {
        "dir": "m/pkg/cue",
        "lastModified": 1707762217,
        "narHash": "sha256-aKuWhPQdB6siC8A6Fbr7yVvNNdpzbCZD6+4xhBCFlbI=",
        "owner": "defn",
        "repo": "dev",
        "rev": "bd32318eed231dfb00fbbd09aa72426fa4c21db6",
        "type": "github"
      },
      "original": {
        "dir": "m/pkg/cue",
        "owner": "defn",
        "ref": "pkg-cue-0.7.1-1",
        "repo": "dev",
        "type": "github"
      }
    },
    "dev": {
      "inputs": {
        "nixpkgs": "nixpkgs"
      },
      "locked": {
        "dir": "m/pkg/dev",
        "lastModified": 1706897346,
        "narHash": "sha256-i+VwVH4Uu9zsySEOgZ4tqUxOysFfmJalU6tcWACQu5U=",
        "owner": "defn",
        "repo": "dev",
        "rev": "aa68c18a500d0a0558712dad8a8c26eb018fa69b",
        "type": "github"
      },
      "original": {
        "dir": "m/pkg/dev",
        "owner": "defn",
        "ref": "pkg-dev-0.0.13",
        "repo": "dev",
        "type": "github"
      }
    },
    "dev_2": {
      "inputs": {
        "nixpkgs": "nixpkgs_2"
      },
      "locked": {
        "dir": "m/pkg/dev",
        "lastModified": 1706897346,
        "narHash": "sha256-i+VwVH4Uu9zsySEOgZ4tqUxOysFfmJalU6tcWACQu5U=",
        "owner": "defn",
        "repo": "dev",
        "rev": "aa68c18a500d0a0558712dad8a8c26eb018fa69b",
        "type": "github"
      },
      "original": {
        "dir": "m/pkg/dev",
        "owner": "defn",
        "ref": "pkg-dev-0.0.13",
        "repo": "dev",
        "type": "github"
      }
    },
    "dev_3": {
      "inputs": {
        "nixpkgs": "nixpkgs_3"
      },
      "locked": {
        "dir": "m/pkg/dev",
        "lastModified": 1706897346,
        "narHash": "sha256-i+VwVH4Uu9zsySEOgZ4tqUxOysFfmJalU6tcWACQu5U=",
        "owner": "defn",
        "repo": "dev",
        "rev": "aa68c18a500d0a0558712dad8a8c26eb018fa69b",
        "type": "github"
      },
      "original": {
        "dir": "m/pkg/dev",
        "owner": "defn",
        "ref": "pkg-dev-0.0.13",
        "repo": "dev",
        "type": "github"
      }
    },
    "dev_4": {
      "inputs": {
        "nixpkgs": "nixpkgs_4"
      },
      "locked": {
        "dir": "m/pkg/dev",
        "lastModified": 1706897346,
        "narHash": "sha256-i+VwVH4Uu9zsySEOgZ4tqUxOysFfmJalU6tcWACQu5U=",
        "owner": "defn",
        "repo": "dev",
        "rev": "aa68c18a500d0a0558712dad8a8c26eb018fa69b",
        "type": "github"
      },
      "original": {
        "dir": "m/pkg/dev",
        "owner": "defn",
        "ref": "pkg-dev-0.0.13",
        "repo": "dev",
        "type": "github"
      }
    },
    "dev_5": {
      "inputs": {
        "nixpkgs": "nixpkgs_5"
      },
      "locked": {
        "dir": "m/pkg/dev",
        "lastModified": 1706897346,
        "narHash": "sha256-i+VwVH4Uu9zsySEOgZ4tqUxOysFfmJalU6tcWACQu5U=",
        "owner": "defn",
        "repo": "dev",
        "rev": "aa68c18a500d0a0558712dad8a8c26eb018fa69b",
        "type": "github"
      },
      "original": {
        "dir": "m/pkg/dev",
        "owner": "defn",
        "ref": "pkg-dev-0.0.13",
        "repo": "dev",
        "type": "github"
      }
    },
    "dyff": {
      "inputs": {
        "pkg": "pkg_2"
      },
      "locked": {
        "dir": "m/pkg/dyff",
        "lastModified": 1707720104,
        "narHash": "sha256-KmN2Q9yJ3G/O/uuGqTxH4fXOyi8FrpWtE3G7pONiheM=",
        "owner": "defn",
        "repo": "dev",
        "rev": "76cf60aca1ebd257ee94873ea3d9d043ed9b8252",
        "type": "github"
      },
      "original": {
        "dir": "m/pkg/dyff",
        "owner": "defn",
        "ref": "pkg-dyff-1.7.1-1",
        "repo": "dev",
        "type": "github"
      }
    },
    "glow": {
      "inputs": {
        "pkg": "pkg_3"
      },
      "locked": {
        "dir": "m/pkg/glow",
        "lastModified": 1706897861,
        "narHash": "sha256-e1SMxXEirR5sanBAqkPdXcmMPiAFXvG8asriT23WR8c=",
        "owner": "defn",
        "repo": "dev",
        "rev": "ba575a957d6ce6840b0247eb6b799d65e360c088",
        "type": "github"
      },
      "original": {
        "dir": "m/pkg/glow",
        "owner": "defn",
        "ref": "pkg-glow-1.5.1-9",
        "repo": "dev",
        "type": "github"
      }
    },
    "gum": {
      "inputs": {
        "pkg": "pkg_4"
      },
      "locked": {
        "dir": "m/pkg/gum",
        "lastModified": 1706897892,
        "narHash": "sha256-2LKP43SLjnO44ZgVaydmFbt0Nkxh75nAt8AdIaHwVf4=",
        "owner": "defn",
        "repo": "dev",
        "rev": "ac61f080189646b10fb914d33bbd7ca9ac008467",
        "type": "github"
      },
      "original": {
        "dir": "m/pkg/gum",
        "owner": "defn",
        "ref": "pkg-gum-0.13.0-5",
        "repo": "dev",
        "type": "github"
      }
    },
    "nixpkgs": {
      "locked": {
        "lastModified": 1700284104,
        "narHash": "sha256-oNsJfAyAuBCTkusesiK0LWuO59F6vEGcP4wwa7kc1ZA=",
        "owner": "NixOS",
        "repo": "nixpkgs",
        "rev": "005617587ee2b7c003388b4539b9120ebcc90e44",
        "type": "github"
      },
      "original": {
        "owner": "NixOS",
        "repo": "nixpkgs",
        "rev": "005617587ee2b7c003388b4539b9120ebcc90e44",
        "type": "github"
      }
    },
    "nixpkgs_2": {
      "locked": {
        "lastModified": 1700284104,
        "narHash": "sha256-oNsJfAyAuBCTkusesiK0LWuO59F6vEGcP4wwa7kc1ZA=",
        "owner": "NixOS",
        "repo": "nixpkgs",
        "rev": "005617587ee2b7c003388b4539b9120ebcc90e44",
        "type": "github"
      },
      "original": {
        "owner": "NixOS",
        "repo": "nixpkgs",
        "rev": "005617587ee2b7c003388b4539b9120ebcc90e44",
        "type": "github"
      }
    },
    "nixpkgs_3": {
      "locked": {
        "lastModified": 1700284104,
        "narHash": "sha256-oNsJfAyAuBCTkusesiK0LWuO59F6vEGcP4wwa7kc1ZA=",
        "owner": "NixOS",
        "repo": "nixpkgs",
        "rev": "005617587ee2b7c003388b4539b9120ebcc90e44",
        "type": "github"
      },
      "original": {
        "owner": "NixOS",
        "repo": "nixpkgs",
        "rev": "005617587ee2b7c003388b4539b9120ebcc90e44",
        "type": "github"
      }
    },
    "nixpkgs_4": {
      "locked": {
        "lastModified": 1700284104,
        "narHash": "sha256-oNsJfAyAuBCTkusesiK0LWuO59F6vEGcP4wwa7kc1ZA=",
        "owner": "NixOS",
        "repo": "nixpkgs",
        "rev": "005617587ee2b7c003388b4539b9120ebcc90e44",
        "type": "github"
      },
      "original": {
        "owner": "NixOS",
        "repo": "nixpkgs",
        "rev": "005617587ee2b7c003388b4539b9120ebcc90e44",
        "type": "github"
      }
    },
    "nixpkgs_5": {
      "locked": {
        "lastModified": 1700284104,
        "narHash": "sha256-oNsJfAyAuBCTkusesiK0LWuO59F6vEGcP4wwa7kc1ZA=",
        "owner": "NixOS",
        "repo": "nixpkgs",
        "rev": "005617587ee2b7c003388b4539b9120ebcc90e44",
        "type": "github"
      },
      "original": {
        "owner": "NixOS",
        "repo": "nixpkgs",
        "rev": "005617587ee2b7c003388b4539b9120ebcc90e44",
        "type": "github"
      }
    },
    "pkg": {
      "inputs": {
        "dev": "dev"
      },
      "locked": {
        "dir": "m/pkg/pkg",
        "lastModified": 1706897415,
        "narHash": "sha256-saMstGOsxMiR6kG+v5pr7vPKIf/BTl/60z8VPicizPs=",
        "owner": "defn",
        "repo": "dev",
        "rev": "e067b8a8a3f8d8c277bfde347b91eaec9e547f0d",
        "type": "github"
      },
      "original": {
        "dir": "m/pkg/pkg",
        "owner": "defn",
        "ref": "pkg-pkg-0.0.16",
        "repo": "dev",
        "type": "github"
      }
    },
    "pkg_2": {
      "inputs": {
        "dev": "dev_2"
      },
      "locked": {
        "dir": "m/pkg/pkg",
        "lastModified": 1706897415,
        "narHash": "sha256-saMstGOsxMiR6kG+v5pr7vPKIf/BTl/60z8VPicizPs=",
        "owner": "defn",
        "repo": "dev",
        "rev": "e067b8a8a3f8d8c277bfde347b91eaec9e547f0d",
        "type": "github"
      },
      "original": {
        "dir": "m/pkg/pkg",
        "owner": "defn",
        "ref": "pkg-pkg-0.0.16",
        "repo": "dev",
        "type": "github"
      }
    },
    "pkg_3": {
      "inputs": {
        "dev": "dev_3"
      },
      "locked": {
        "dir": "m/pkg/pkg",
        "lastModified": 1706897415,
        "narHash": "sha256-saMstGOsxMiR6kG+v5pr7vPKIf/BTl/60z8VPicizPs=",
        "owner": "defn",
        "repo": "dev",
        "rev": "e067b8a8a3f8d8c277bfde347b91eaec9e547f0d",
        "type": "github"
      },
      "original": {
        "dir": "m/pkg/pkg",
        "owner": "defn",
        "ref": "pkg-pkg-0.0.16",
        "repo": "dev",
        "type": "github"
      }
    },
    "pkg_4": {
      "inputs": {
        "dev": "dev_4"
      },
      "locked": {
        "dir": "m/pkg/pkg",
        "lastModified": 1706897415,
        "narHash": "sha256-saMstGOsxMiR6kG+v5pr7vPKIf/BTl/60z8VPicizPs=",
        "owner": "defn",
        "repo": "dev",
        "rev": "e067b8a8a3f8d8c277bfde347b91eaec9e547f0d",
        "type": "github"
      },
      "original": {
        "dir": "m/pkg/pkg",
        "owner": "defn",
        "ref": "pkg-pkg-0.0.16",
        "repo": "dev",
        "type": "github"
      }
    },
    "pkg_5": {
      "inputs": {
        "dev": "dev_5"
      },
      "locked": {
        "dir": "m/pkg/pkg",
        "lastModified": 1706897415,
        "narHash": "sha256-saMstGOsxMiR6kG+v5pr7vPKIf/BTl/60z8VPicizPs=",
        "owner": "defn",
        "repo": "dev",
        "rev": "e067b8a8a3f8d8c277bfde347b91eaec9e547f0d",
        "type": "github"
      },
      "original": {
        "dir": "m/pkg/pkg",
        "owner": "defn",
        "ref": "pkg-pkg-0.0.16",
        "repo": "dev",
        "type": "github"
      }
    },
    "root": {
      "inputs": {
        "az": "az"
      }
    },
    "vhs": {
      "inputs": {
        "pkg": "pkg_5"
      },
      "locked": {
        "dir": "m/pkg/vhs",
        "lastModified": 1706898194,
        "narHash": "sha256-Z6wwZ5RjGKR90a0Y+jZhrR2nsq+Qg11o7rnXUgWWhSg=",
        "owner": "defn",
        "repo": "dev",
        "rev": "c0c5cab8df4f8ea9f88369417b706110a4dd4856",
        "type": "github"
      },
      "original": {
        "dir": "m/pkg/vhs",
        "owner": "defn",
        "ref": "pkg-vhs-0.7.1-5",
        "repo": "dev",
        "type": "github"
      }
    }
  },
  "root": "root",
  "version": 7
}
