{
  "nodes": {
    "coder": {
      "inputs": {
        "pkg": "pkg"
      },
      "locked": {
        "dir": "m/pkg/coder",
        "lastModified": 1697915624,
        "narHash": "sha256-qtgFRlgdmCSq5BwTwlBJVj4792WStE/HPWNplHOy/Gs=",
        "owner": "defn",
        "repo": "dev",
        "rev": "6fc68fea79cb8e21b4ddd0815941f82800d510c8",
        "type": "github"
      },
      "original": {
        "dir": "m/pkg/coder",
        "owner": "defn",
        "ref": "pkg-coder-2.3.2-1",
        "repo": "dev",
        "type": "github"
      }
    },
    "codeserver": {
      "inputs": {
        "pkg": "pkg_2"
      },
      "locked": {
        "dir": "m/pkg/codeserver",
        "lastModified": 1697836604,
        "narHash": "sha256-wfIMEeDJoLtjPq04qrBg/ZLjhpFTuwdw7mAcciclhXc=",
        "owner": "defn",
        "repo": "dev",
        "rev": "e01600a56deebca305c4d7d01bb02dedeb01f3cc",
        "type": "github"
      },
      "original": {
        "dir": "m/pkg/codeserver",
        "owner": "defn",
        "ref": "pkg-codeserver-4.18.0-1",
        "repo": "dev",
        "type": "github"
      }
    },
    "dev": {
      "inputs": {
        "flake-utils": "flake-utils",
        "nixpkgs": "nixpkgs"
      },
      "locked": {
        "dir": "m/pkg/dev",
        "lastModified": 1691869221,
        "narHash": "sha256-QV3p1P2tlTGuLL9XME9RFXh2d2/yO7jpqsKhV3CXUE0=",
        "owner": "defn",
        "repo": "dev",
        "rev": "48989a8305b411a0ccce199f8569043626abde96",
        "type": "github"
      },
      "original": {
        "dir": "m/pkg/dev",
        "owner": "defn",
        "ref": "pkg-dev-0.0.10",
        "repo": "dev",
        "type": "github"
      }
    },
    "dev_2": {
      "inputs": {
        "flake-utils": "flake-utils_2",
        "nixpkgs": "nixpkgs_2"
      },
      "locked": {
        "dir": "m/pkg/dev",
        "lastModified": 1691869221,
        "narHash": "sha256-QV3p1P2tlTGuLL9XME9RFXh2d2/yO7jpqsKhV3CXUE0=",
        "owner": "defn",
        "repo": "dev",
        "rev": "48989a8305b411a0ccce199f8569043626abde96",
        "type": "github"
      },
      "original": {
        "dir": "m/pkg/dev",
        "owner": "defn",
        "ref": "pkg-dev-0.0.10",
        "repo": "dev",
        "type": "github"
      }
    },
    "flake-utils": {
      "locked": {
        "lastModified": 1652776076,
        "narHash": "sha256-gzTw/v1vj4dOVbpBSJX4J0DwUR6LIyXo7/SuuTJp1kM=",
        "owner": "numtide",
        "repo": "flake-utils",
        "rev": "04c1b180862888302ddfb2e3ad9eaa63afc60cf8",
        "type": "github"
      },
      "original": {
        "owner": "numtide",
        "repo": "flake-utils",
        "rev": "04c1b180862888302ddfb2e3ad9eaa63afc60cf8",
        "type": "github"
      }
    },
    "flake-utils_2": {
      "locked": {
        "lastModified": 1652776076,
        "narHash": "sha256-gzTw/v1vj4dOVbpBSJX4J0DwUR6LIyXo7/SuuTJp1kM=",
        "owner": "numtide",
        "repo": "flake-utils",
        "rev": "04c1b180862888302ddfb2e3ad9eaa63afc60cf8",
        "type": "github"
      },
      "original": {
        "owner": "numtide",
        "repo": "flake-utils",
        "rev": "04c1b180862888302ddfb2e3ad9eaa63afc60cf8",
        "type": "github"
      }
    },
    "nixpkgs": {
      "locked": {
        "lastModified": 1691831739,
        "narHash": "sha256-6e12VCvA7jOjhzJ1adLiUV1GTPXGBcCfhggsDwiuNB4=",
        "owner": "NixOS",
        "repo": "nixpkgs",
        "rev": "3fe694c4156b84dac12627685c7ae592a71e2206",
        "type": "github"
      },
      "original": {
        "owner": "NixOS",
        "repo": "nixpkgs",
        "rev": "3fe694c4156b84dac12627685c7ae592a71e2206",
        "type": "github"
      }
    },
    "nixpkgs_2": {
      "locked": {
        "lastModified": 1691831739,
        "narHash": "sha256-6e12VCvA7jOjhzJ1adLiUV1GTPXGBcCfhggsDwiuNB4=",
        "owner": "NixOS",
        "repo": "nixpkgs",
        "rev": "3fe694c4156b84dac12627685c7ae592a71e2206",
        "type": "github"
      },
      "original": {
        "owner": "NixOS",
        "repo": "nixpkgs",
        "rev": "3fe694c4156b84dac12627685c7ae592a71e2206",
        "type": "github"
      }
    },
    "pkg": {
      "inputs": {
        "dev": "dev"
      },
      "locked": {
        "dir": "m/pkg/pkg",
        "lastModified": 1692061434,
        "narHash": "sha256-3ET3NgIBZVe+59zx5c3c4rv+wbSpGP8tvSw1Dpi1/Us=",
        "owner": "defn",
        "repo": "dev",
        "rev": "71fd24a88e85a7011e01f1fa1c9c93228673f87c",
        "type": "github"
      },
      "original": {
        "dir": "m/pkg/pkg",
        "owner": "defn",
        "ref": "pkg-pkg-0.0.12",
        "repo": "dev",
        "type": "github"
      }
    },
    "pkg_2": {
      "inputs": {
        "dev": "dev_2"
      },
      "locked": {
        "dir": "m/pkg/pkg",
        "lastModified": 1692061434,
        "narHash": "sha256-3ET3NgIBZVe+59zx5c3c4rv+wbSpGP8tvSw1Dpi1/Us=",
        "owner": "defn",
        "repo": "dev",
        "rev": "71fd24a88e85a7011e01f1fa1c9c93228673f87c",
        "type": "github"
      },
      "original": {
        "dir": "m/pkg/pkg",
        "owner": "defn",
        "ref": "pkg-pkg-0.0.12",
        "repo": "dev",
        "type": "github"
      }
    },
    "root": {
      "inputs": {
        "coder": "coder",
        "codeserver": "codeserver"
      }
    }
  },
  "root": "root",
  "version": 7
}
