{
  "nodes": {
    "bk": {
      "inputs": {
        "pkg": "pkg"
      },
      "locked": {
        "dir": "pkg/bk",
        "lastModified": 1681615916,
        "narHash": "sha256-MQdyI+aczrwbBHeggYtjl5koqpjWM6H5VPUXhCJMVWw=",
        "owner": "defn",
        "repo": "m",
        "rev": "72e08abca134c7396bdd45a0cbddd06131cbf9bf",
        "type": "github"
      },
      "original": {
        "dir": "pkg/bk",
        "owner": "defn",
        "ref": "pkg-bk-2.0.0-7",
        "repo": "m",
        "type": "github"
      }
    },
    "boundary": {
      "inputs": {
        "pkg": "pkg_2"
      },
      "locked": {
        "dir": "pkg/boundary",
        "lastModified": 1681615923,
        "narHash": "sha256-5h28RuwmZvdPMo167jja7OYdgGOAVJTW6fyshJjQLmM=",
        "owner": "defn",
        "repo": "m",
        "rev": "ab6f79adbf76907d54a8f76e59e5cfcafb017fab",
        "type": "github"
      },
      "original": {
        "dir": "pkg/boundary",
        "owner": "defn",
        "ref": "pkg-boundary-0.12.2-6",
        "repo": "m",
        "type": "github"
      }
    },
    "buildevents": {
      "inputs": {
        "pkg": "pkg_3"
      },
      "locked": {
        "dir": "pkg/buildevents",
        "lastModified": 1681615937,
        "narHash": "sha256-qLRsTp1qIewj5ifyeivO/MyPDeVU2bkzxheI4k1yx28=",
        "owner": "defn",
        "repo": "m",
        "rev": "2f54d8264c3640de624be237a9d44288f36339ca",
        "type": "github"
      },
      "original": {
        "dir": "pkg/buildevents",
        "owner": "defn",
        "ref": "pkg-buildevents-0.13.0-6",
        "repo": "m",
        "type": "github"
      }
    },
    "buildkite": {
      "inputs": {
        "pkg": "pkg_4"
      },
      "locked": {
        "dir": "pkg/buildkite",
        "lastModified": 1681615950,
        "narHash": "sha256-3Krya7R1xRvGDlyAFFJF62S5ZDH0jlNVSMAVKMFbHCs=",
        "owner": "defn",
        "repo": "m",
        "rev": "9e4ad69d8227b24901e18add2773661228a06dbe",
        "type": "github"
      },
      "original": {
        "dir": "pkg/buildkite",
        "owner": "defn",
        "ref": "pkg-buildkite-3.45.0-6",
        "repo": "m",
        "type": "github"
      }
    },
    "dev": {
      "inputs": {
        "flake-utils": "flake-utils",
        "nixpkgs": "nixpkgs"
      },
      "locked": {
        "dir": "pkg/dev",
        "lastModified": 1681613753,
        "narHash": "sha256-aBh+qw5vTErDQkgmjf6ITntTOVXZkDG5HWrGvkVtRBM=",
        "owner": "defn",
        "repo": "m",
        "rev": "ab6bdc6646a4b73c310a275d96aa2308889c1106",
        "type": "github"
      },
      "original": {
        "dir": "pkg/dev",
        "owner": "defn",
        "ref": "pkg-dev-0.0.5",
        "repo": "m",
        "type": "github"
      }
    },
    "dev_10": {
      "inputs": {
        "flake-utils": "flake-utils_10",
        "nixpkgs": "nixpkgs_10"
      },
      "locked": {
        "dir": "pkg/dev",
        "lastModified": 1681613753,
        "narHash": "sha256-aBh+qw5vTErDQkgmjf6ITntTOVXZkDG5HWrGvkVtRBM=",
        "owner": "defn",
        "repo": "m",
        "rev": "ab6bdc6646a4b73c310a275d96aa2308889c1106",
        "type": "github"
      },
      "original": {
        "dir": "pkg/dev",
        "owner": "defn",
        "ref": "pkg-dev-0.0.5",
        "repo": "m",
        "type": "github"
      }
    },
    "dev_11": {
      "inputs": {
        "flake-utils": "flake-utils_11",
        "nixpkgs": "nixpkgs_11"
      },
      "locked": {
        "dir": "pkg/dev",
        "lastModified": 1681613753,
        "narHash": "sha256-aBh+qw5vTErDQkgmjf6ITntTOVXZkDG5HWrGvkVtRBM=",
        "owner": "defn",
        "repo": "m",
        "rev": "ab6bdc6646a4b73c310a275d96aa2308889c1106",
        "type": "github"
      },
      "original": {
        "dir": "pkg/dev",
        "owner": "defn",
        "ref": "pkg-dev-0.0.5",
        "repo": "m",
        "type": "github"
      }
    },
    "dev_12": {
      "inputs": {
        "flake-utils": "flake-utils_12",
        "nixpkgs": "nixpkgs_12"
      },
      "locked": {
        "dir": "pkg/dev",
        "lastModified": 1681613753,
        "narHash": "sha256-aBh+qw5vTErDQkgmjf6ITntTOVXZkDG5HWrGvkVtRBM=",
        "owner": "defn",
        "repo": "m",
        "rev": "ab6bdc6646a4b73c310a275d96aa2308889c1106",
        "type": "github"
      },
      "original": {
        "dir": "pkg/dev",
        "owner": "defn",
        "ref": "pkg-dev-0.0.5",
        "repo": "m",
        "type": "github"
      }
    },
    "dev_13": {
      "inputs": {
        "flake-utils": "flake-utils_13",
        "nixpkgs": "nixpkgs_13"
      },
      "locked": {
        "dir": "pkg/dev",
        "lastModified": 1681613753,
        "narHash": "sha256-aBh+qw5vTErDQkgmjf6ITntTOVXZkDG5HWrGvkVtRBM=",
        "owner": "defn",
        "repo": "m",
        "rev": "ab6bdc6646a4b73c310a275d96aa2308889c1106",
        "type": "github"
      },
      "original": {
        "dir": "pkg/dev",
        "owner": "defn",
        "ref": "pkg-dev-0.0.5",
        "repo": "m",
        "type": "github"
      }
    },
    "dev_2": {
      "inputs": {
        "flake-utils": "flake-utils_2",
        "nixpkgs": "nixpkgs_2"
      },
      "locked": {
        "dir": "pkg/dev",
        "lastModified": 1681613753,
        "narHash": "sha256-aBh+qw5vTErDQkgmjf6ITntTOVXZkDG5HWrGvkVtRBM=",
        "owner": "defn",
        "repo": "m",
        "rev": "ab6bdc6646a4b73c310a275d96aa2308889c1106",
        "type": "github"
      },
      "original": {
        "dir": "pkg/dev",
        "owner": "defn",
        "ref": "pkg-dev-0.0.5",
        "repo": "m",
        "type": "github"
      }
    },
    "dev_3": {
      "inputs": {
        "flake-utils": "flake-utils_3",
        "nixpkgs": "nixpkgs_3"
      },
      "locked": {
        "dir": "pkg/dev",
        "lastModified": 1681613753,
        "narHash": "sha256-aBh+qw5vTErDQkgmjf6ITntTOVXZkDG5HWrGvkVtRBM=",
        "owner": "defn",
        "repo": "m",
        "rev": "ab6bdc6646a4b73c310a275d96aa2308889c1106",
        "type": "github"
      },
      "original": {
        "dir": "pkg/dev",
        "owner": "defn",
        "ref": "pkg-dev-0.0.5",
        "repo": "m",
        "type": "github"
      }
    },
    "dev_4": {
      "inputs": {
        "flake-utils": "flake-utils_4",
        "nixpkgs": "nixpkgs_4"
      },
      "locked": {
        "dir": "pkg/dev",
        "lastModified": 1681613753,
        "narHash": "sha256-aBh+qw5vTErDQkgmjf6ITntTOVXZkDG5HWrGvkVtRBM=",
        "owner": "defn",
        "repo": "m",
        "rev": "ab6bdc6646a4b73c310a275d96aa2308889c1106",
        "type": "github"
      },
      "original": {
        "dir": "pkg/dev",
        "owner": "defn",
        "ref": "pkg-dev-0.0.5",
        "repo": "m",
        "type": "github"
      }
    },
    "dev_5": {
      "inputs": {
        "flake-utils": "flake-utils_5",
        "nixpkgs": "nixpkgs_5"
      },
      "locked": {
        "dir": "pkg/dev",
        "lastModified": 1681613753,
        "narHash": "sha256-aBh+qw5vTErDQkgmjf6ITntTOVXZkDG5HWrGvkVtRBM=",
        "owner": "defn",
        "repo": "m",
        "rev": "ab6bdc6646a4b73c310a275d96aa2308889c1106",
        "type": "github"
      },
      "original": {
        "dir": "pkg/dev",
        "owner": "defn",
        "ref": "pkg-dev-0.0.5",
        "repo": "m",
        "type": "github"
      }
    },
    "dev_6": {
      "inputs": {
        "flake-utils": "flake-utils_6",
        "nixpkgs": "nixpkgs_6"
      },
      "locked": {
        "dir": "pkg/dev",
        "lastModified": 1681613753,
        "narHash": "sha256-aBh+qw5vTErDQkgmjf6ITntTOVXZkDG5HWrGvkVtRBM=",
        "owner": "defn",
        "repo": "m",
        "rev": "ab6bdc6646a4b73c310a275d96aa2308889c1106",
        "type": "github"
      },
      "original": {
        "dir": "pkg/dev",
        "owner": "defn",
        "ref": "pkg-dev-0.0.5",
        "repo": "m",
        "type": "github"
      }
    },
    "dev_7": {
      "inputs": {
        "flake-utils": "flake-utils_7",
        "nixpkgs": "nixpkgs_7"
      },
      "locked": {
        "dir": "pkg/dev",
        "lastModified": 1681613753,
        "narHash": "sha256-aBh+qw5vTErDQkgmjf6ITntTOVXZkDG5HWrGvkVtRBM=",
        "owner": "defn",
        "repo": "m",
        "rev": "ab6bdc6646a4b73c310a275d96aa2308889c1106",
        "type": "github"
      },
      "original": {
        "dir": "pkg/dev",
        "owner": "defn",
        "ref": "pkg-dev-0.0.5",
        "repo": "m",
        "type": "github"
      }
    },
    "dev_8": {
      "inputs": {
        "flake-utils": "flake-utils_8",
        "nixpkgs": "nixpkgs_8"
      },
      "locked": {
        "dir": "pkg/dev",
        "lastModified": 1681613753,
        "narHash": "sha256-aBh+qw5vTErDQkgmjf6ITntTOVXZkDG5HWrGvkVtRBM=",
        "owner": "defn",
        "repo": "m",
        "rev": "ab6bdc6646a4b73c310a275d96aa2308889c1106",
        "type": "github"
      },
      "original": {
        "dir": "pkg/dev",
        "owner": "defn",
        "ref": "pkg-dev-0.0.5",
        "repo": "m",
        "type": "github"
      }
    },
    "dev_9": {
      "inputs": {
        "flake-utils": "flake-utils_9",
        "nixpkgs": "nixpkgs_9"
      },
      "locked": {
        "dir": "pkg/dev",
        "lastModified": 1681613753,
        "narHash": "sha256-aBh+qw5vTErDQkgmjf6ITntTOVXZkDG5HWrGvkVtRBM=",
        "owner": "defn",
        "repo": "m",
        "rev": "ab6bdc6646a4b73c310a275d96aa2308889c1106",
        "type": "github"
      },
      "original": {
        "dir": "pkg/dev",
        "owner": "defn",
        "ref": "pkg-dev-0.0.5",
        "repo": "m",
        "type": "github"
      }
    },
    "earthly": {
      "inputs": {
        "pkg": "pkg_5"
      },
      "locked": {
        "dir": "pkg/earthly",
        "lastModified": 1681616060,
        "narHash": "sha256-y6mOq20hMYowieilFPcoQjZJSGGhAX2eC/JjCQbj1dU=",
        "owner": "defn",
        "repo": "m",
        "rev": "6057f942b18c5d8c31ee8531320c48e25bbbc57f",
        "type": "github"
      },
      "original": {
        "dir": "pkg/earthly",
        "owner": "defn",
        "ref": "pkg-earthly-0.7.4-4",
        "repo": "m",
        "type": "github"
      }
    },
    "flake-utils": {
      "locked": {
        "lastModified": 1652776076,
        "narHash": "sha256-gzTw/v1vj4dOVbpBSJX4J0DwUR6LIyXo7/SuuTJp1kM=",
        "owner": "numtide",
        "repo": "flake-utils",
        "rev": "04c1b180862888302ddfb2e3ad9eaa63afc60cf8",
        "type": "github"
      },
      "original": {
        "owner": "numtide",
        "repo": "flake-utils",
        "rev": "04c1b180862888302ddfb2e3ad9eaa63afc60cf8",
        "type": "github"
      }
    },
    "flake-utils_10": {
      "locked": {
        "lastModified": 1652776076,
        "narHash": "sha256-gzTw/v1vj4dOVbpBSJX4J0DwUR6LIyXo7/SuuTJp1kM=",
        "owner": "numtide",
        "repo": "flake-utils",
        "rev": "04c1b180862888302ddfb2e3ad9eaa63afc60cf8",
        "type": "github"
      },
      "original": {
        "owner": "numtide",
        "repo": "flake-utils",
        "rev": "04c1b180862888302ddfb2e3ad9eaa63afc60cf8",
        "type": "github"
      }
    },
    "flake-utils_11": {
      "locked": {
        "lastModified": 1652776076,
        "narHash": "sha256-gzTw/v1vj4dOVbpBSJX4J0DwUR6LIyXo7/SuuTJp1kM=",
        "owner": "numtide",
        "repo": "flake-utils",
        "rev": "04c1b180862888302ddfb2e3ad9eaa63afc60cf8",
        "type": "github"
      },
      "original": {
        "owner": "numtide",
        "repo": "flake-utils",
        "rev": "04c1b180862888302ddfb2e3ad9eaa63afc60cf8",
        "type": "github"
      }
    },
    "flake-utils_12": {
      "locked": {
        "lastModified": 1652776076,
        "narHash": "sha256-gzTw/v1vj4dOVbpBSJX4J0DwUR6LIyXo7/SuuTJp1kM=",
        "owner": "numtide",
        "repo": "flake-utils",
        "rev": "04c1b180862888302ddfb2e3ad9eaa63afc60cf8",
        "type": "github"
      },
      "original": {
        "owner": "numtide",
        "repo": "flake-utils",
        "rev": "04c1b180862888302ddfb2e3ad9eaa63afc60cf8",
        "type": "github"
      }
    },
    "flake-utils_13": {
      "locked": {
        "lastModified": 1652776076,
        "narHash": "sha256-gzTw/v1vj4dOVbpBSJX4J0DwUR6LIyXo7/SuuTJp1kM=",
        "owner": "numtide",
        "repo": "flake-utils",
        "rev": "04c1b180862888302ddfb2e3ad9eaa63afc60cf8",
        "type": "github"
      },
      "original": {
        "owner": "numtide",
        "repo": "flake-utils",
        "rev": "04c1b180862888302ddfb2e3ad9eaa63afc60cf8",
        "type": "github"
      }
    },
    "flake-utils_2": {
      "locked": {
        "lastModified": 1652776076,
        "narHash": "sha256-gzTw/v1vj4dOVbpBSJX4J0DwUR6LIyXo7/SuuTJp1kM=",
        "owner": "numtide",
        "repo": "flake-utils",
        "rev": "04c1b180862888302ddfb2e3ad9eaa63afc60cf8",
        "type": "github"
      },
      "original": {
        "owner": "numtide",
        "repo": "flake-utils",
        "rev": "04c1b180862888302ddfb2e3ad9eaa63afc60cf8",
        "type": "github"
      }
    },
    "flake-utils_3": {
      "locked": {
        "lastModified": 1652776076,
        "narHash": "sha256-gzTw/v1vj4dOVbpBSJX4J0DwUR6LIyXo7/SuuTJp1kM=",
        "owner": "numtide",
        "repo": "flake-utils",
        "rev": "04c1b180862888302ddfb2e3ad9eaa63afc60cf8",
        "type": "github"
      },
      "original": {
        "owner": "numtide",
        "repo": "flake-utils",
        "rev": "04c1b180862888302ddfb2e3ad9eaa63afc60cf8",
        "type": "github"
      }
    },
    "flake-utils_4": {
      "locked": {
        "lastModified": 1652776076,
        "narHash": "sha256-gzTw/v1vj4dOVbpBSJX4J0DwUR6LIyXo7/SuuTJp1kM=",
        "owner": "numtide",
        "repo": "flake-utils",
        "rev": "04c1b180862888302ddfb2e3ad9eaa63afc60cf8",
        "type": "github"
      },
      "original": {
        "owner": "numtide",
        "repo": "flake-utils",
        "rev": "04c1b180862888302ddfb2e3ad9eaa63afc60cf8",
        "type": "github"
      }
    },
    "flake-utils_5": {
      "locked": {
        "lastModified": 1652776076,
        "narHash": "sha256-gzTw/v1vj4dOVbpBSJX4J0DwUR6LIyXo7/SuuTJp1kM=",
        "owner": "numtide",
        "repo": "flake-utils",
        "rev": "04c1b180862888302ddfb2e3ad9eaa63afc60cf8",
        "type": "github"
      },
      "original": {
        "owner": "numtide",
        "repo": "flake-utils",
        "rev": "04c1b180862888302ddfb2e3ad9eaa63afc60cf8",
        "type": "github"
      }
    },
    "flake-utils_6": {
      "locked": {
        "lastModified": 1652776076,
        "narHash": "sha256-gzTw/v1vj4dOVbpBSJX4J0DwUR6LIyXo7/SuuTJp1kM=",
        "owner": "numtide",
        "repo": "flake-utils",
        "rev": "04c1b180862888302ddfb2e3ad9eaa63afc60cf8",
        "type": "github"
      },
      "original": {
        "owner": "numtide",
        "repo": "flake-utils",
        "rev": "04c1b180862888302ddfb2e3ad9eaa63afc60cf8",
        "type": "github"
      }
    },
    "flake-utils_7": {
      "locked": {
        "lastModified": 1652776076,
        "narHash": "sha256-gzTw/v1vj4dOVbpBSJX4J0DwUR6LIyXo7/SuuTJp1kM=",
        "owner": "numtide",
        "repo": "flake-utils",
        "rev": "04c1b180862888302ddfb2e3ad9eaa63afc60cf8",
        "type": "github"
      },
      "original": {
        "owner": "numtide",
        "repo": "flake-utils",
        "rev": "04c1b180862888302ddfb2e3ad9eaa63afc60cf8",
        "type": "github"
      }
    },
    "flake-utils_8": {
      "locked": {
        "lastModified": 1652776076,
        "narHash": "sha256-gzTw/v1vj4dOVbpBSJX4J0DwUR6LIyXo7/SuuTJp1kM=",
        "owner": "numtide",
        "repo": "flake-utils",
        "rev": "04c1b180862888302ddfb2e3ad9eaa63afc60cf8",
        "type": "github"
      },
      "original": {
        "owner": "numtide",
        "repo": "flake-utils",
        "rev": "04c1b180862888302ddfb2e3ad9eaa63afc60cf8",
        "type": "github"
      }
    },
    "flake-utils_9": {
      "locked": {
        "lastModified": 1652776076,
        "narHash": "sha256-gzTw/v1vj4dOVbpBSJX4J0DwUR6LIyXo7/SuuTJp1kM=",
        "owner": "numtide",
        "repo": "flake-utils",
        "rev": "04c1b180862888302ddfb2e3ad9eaa63afc60cf8",
        "type": "github"
      },
      "original": {
        "owner": "numtide",
        "repo": "flake-utils",
        "rev": "04c1b180862888302ddfb2e3ad9eaa63afc60cf8",
        "type": "github"
      }
    },
    "gh": {
      "inputs": {
        "pkg": "pkg_6"
      },
      "locked": {
        "dir": "pkg/gh",
        "lastModified": 1681616067,
        "narHash": "sha256-5mpirYUtAaroTHeGoTaEa5Kh2tAXIs1C3/X1zBLb6G8=",
        "owner": "defn",
        "repo": "m",
        "rev": "827ae92025e34c32aa7c64d9c7b6b887bf2ac90d",
        "type": "github"
      },
      "original": {
        "dir": "pkg/gh",
        "owner": "defn",
        "ref": "pkg-gh-2.27.0-6",
        "repo": "m",
        "type": "github"
      }
    },
    "honeymarker": {
      "inputs": {
        "pkg": "pkg_7"
      },
      "locked": {
        "dir": "pkg/honeymarker",
        "lastModified": 1681616126,
        "narHash": "sha256-KfMPCN6z6oe2z9ldf6I0t6/gWvxIvNAsURMYQIdRpx0=",
        "owner": "defn",
        "repo": "m",
        "rev": "b5dc82fb2ccd290fcec4b30b14fef324c68da8d7",
        "type": "github"
      },
      "original": {
        "dir": "pkg/honeymarker",
        "owner": "defn",
        "ref": "pkg-honeymarker-0.2.10-6",
        "repo": "m",
        "type": "github"
      }
    },
    "honeytail": {
      "inputs": {
        "pkg": "pkg_8"
      },
      "locked": {
        "dir": "pkg/honeytail",
        "lastModified": 1681616133,
        "narHash": "sha256-QlYCZL0RUWmYOqM4Q77BRggnu+u1bz9TLAAmqG5ntcc=",
        "owner": "defn",
        "repo": "m",
        "rev": "5a5765099cf9e2dcd7f4b4226b6298ba4834b554",
        "type": "github"
      },
      "original": {
        "dir": "pkg/honeytail",
        "owner": "defn",
        "ref": "pkg-honeytail-1.8.3-4",
        "repo": "m",
        "type": "github"
      }
    },
    "honeyvent": {
      "inputs": {
        "pkg": "pkg_9"
      },
      "locked": {
        "dir": "pkg/honeyvent",
        "lastModified": 1681616140,
        "narHash": "sha256-Dxbx3E9SPESKSqu1U6qDHwWoF2ps6qynz5sQn/cPgKA=",
        "owner": "defn",
        "repo": "m",
        "rev": "02dcc5fb14e5581eb388882446c4e927c9f5da50",
        "type": "github"
      },
      "original": {
        "dir": "pkg/honeyvent",
        "owner": "defn",
        "ref": "pkg-honeyvent-1.1.3-6",
        "repo": "m",
        "type": "github"
      }
    },
    "kuma": {
      "inputs": {
        "pkg": "pkg_10"
      },
      "locked": {
        "dir": "pkg/kuma",
        "lastModified": 1682248274,
        "narHash": "sha256-uE2p5z/hPSNcGMPqzGprATta+LQoJUxktv0Z9oA/ccw=",
        "owner": "defn",
        "repo": "m",
        "rev": "ebfebc823e8a80937d18a6347e886f73d0e2c6d6",
        "type": "github"
      },
      "original": {
        "dir": "pkg/kuma",
        "owner": "defn",
        "ref": "pkg-kuma-2.2.0-1",
        "repo": "m",
        "type": "github"
      }
    },
    "nixpkgs": {
      "locked": {
        "lastModified": 1669833724,
        "narHash": "sha256-/HEZNyGbnQecrgJnfE8d0WC5c1xuPSD2LUpB6YXlg4c=",
        "owner": "NixOS",
        "repo": "nixpkgs",
        "rev": "4d2b37a84fad1091b9de401eb450aae66f1a741e",
        "type": "github"
      },
      "original": {
        "owner": "NixOS",
        "repo": "nixpkgs",
        "rev": "4d2b37a84fad1091b9de401eb450aae66f1a741e",
        "type": "github"
      }
    },
    "nixpkgs_10": {
      "locked": {
        "lastModified": 1669833724,
        "narHash": "sha256-/HEZNyGbnQecrgJnfE8d0WC5c1xuPSD2LUpB6YXlg4c=",
        "owner": "NixOS",
        "repo": "nixpkgs",
        "rev": "4d2b37a84fad1091b9de401eb450aae66f1a741e",
        "type": "github"
      },
      "original": {
        "owner": "NixOS",
        "repo": "nixpkgs",
        "rev": "4d2b37a84fad1091b9de401eb450aae66f1a741e",
        "type": "github"
      }
    },
    "nixpkgs_11": {
      "locked": {
        "lastModified": 1669833724,
        "narHash": "sha256-/HEZNyGbnQecrgJnfE8d0WC5c1xuPSD2LUpB6YXlg4c=",
        "owner": "NixOS",
        "repo": "nixpkgs",
        "rev": "4d2b37a84fad1091b9de401eb450aae66f1a741e",
        "type": "github"
      },
      "original": {
        "owner": "NixOS",
        "repo": "nixpkgs",
        "rev": "4d2b37a84fad1091b9de401eb450aae66f1a741e",
        "type": "github"
      }
    },
    "nixpkgs_12": {
      "locked": {
        "lastModified": 1669833724,
        "narHash": "sha256-/HEZNyGbnQecrgJnfE8d0WC5c1xuPSD2LUpB6YXlg4c=",
        "owner": "NixOS",
        "repo": "nixpkgs",
        "rev": "4d2b37a84fad1091b9de401eb450aae66f1a741e",
        "type": "github"
      },
      "original": {
        "owner": "NixOS",
        "repo": "nixpkgs",
        "rev": "4d2b37a84fad1091b9de401eb450aae66f1a741e",
        "type": "github"
      }
    },
    "nixpkgs_13": {
      "locked": {
        "lastModified": 1669833724,
        "narHash": "sha256-/HEZNyGbnQecrgJnfE8d0WC5c1xuPSD2LUpB6YXlg4c=",
        "owner": "NixOS",
        "repo": "nixpkgs",
        "rev": "4d2b37a84fad1091b9de401eb450aae66f1a741e",
        "type": "github"
      },
      "original": {
        "owner": "NixOS",
        "repo": "nixpkgs",
        "rev": "4d2b37a84fad1091b9de401eb450aae66f1a741e",
        "type": "github"
      }
    },
    "nixpkgs_2": {
      "locked": {
        "lastModified": 1669833724,
        "narHash": "sha256-/HEZNyGbnQecrgJnfE8d0WC5c1xuPSD2LUpB6YXlg4c=",
        "owner": "NixOS",
        "repo": "nixpkgs",
        "rev": "4d2b37a84fad1091b9de401eb450aae66f1a741e",
        "type": "github"
      },
      "original": {
        "owner": "NixOS",
        "repo": "nixpkgs",
        "rev": "4d2b37a84fad1091b9de401eb450aae66f1a741e",
        "type": "github"
      }
    },
    "nixpkgs_3": {
      "locked": {
        "lastModified": 1669833724,
        "narHash": "sha256-/HEZNyGbnQecrgJnfE8d0WC5c1xuPSD2LUpB6YXlg4c=",
        "owner": "NixOS",
        "repo": "nixpkgs",
        "rev": "4d2b37a84fad1091b9de401eb450aae66f1a741e",
        "type": "github"
      },
      "original": {
        "owner": "NixOS",
        "repo": "nixpkgs",
        "rev": "4d2b37a84fad1091b9de401eb450aae66f1a741e",
        "type": "github"
      }
    },
    "nixpkgs_4": {
      "locked": {
        "lastModified": 1669833724,
        "narHash": "sha256-/HEZNyGbnQecrgJnfE8d0WC5c1xuPSD2LUpB6YXlg4c=",
        "owner": "NixOS",
        "repo": "nixpkgs",
        "rev": "4d2b37a84fad1091b9de401eb450aae66f1a741e",
        "type": "github"
      },
      "original": {
        "owner": "NixOS",
        "repo": "nixpkgs",
        "rev": "4d2b37a84fad1091b9de401eb450aae66f1a741e",
        "type": "github"
      }
    },
    "nixpkgs_5": {
      "locked": {
        "lastModified": 1669833724,
        "narHash": "sha256-/HEZNyGbnQecrgJnfE8d0WC5c1xuPSD2LUpB6YXlg4c=",
        "owner": "NixOS",
        "repo": "nixpkgs",
        "rev": "4d2b37a84fad1091b9de401eb450aae66f1a741e",
        "type": "github"
      },
      "original": {
        "owner": "NixOS",
        "repo": "nixpkgs",
        "rev": "4d2b37a84fad1091b9de401eb450aae66f1a741e",
        "type": "github"
      }
    },
    "nixpkgs_6": {
      "locked": {
        "lastModified": 1669833724,
        "narHash": "sha256-/HEZNyGbnQecrgJnfE8d0WC5c1xuPSD2LUpB6YXlg4c=",
        "owner": "NixOS",
        "repo": "nixpkgs",
        "rev": "4d2b37a84fad1091b9de401eb450aae66f1a741e",
        "type": "github"
      },
      "original": {
        "owner": "NixOS",
        "repo": "nixpkgs",
        "rev": "4d2b37a84fad1091b9de401eb450aae66f1a741e",
        "type": "github"
      }
    },
    "nixpkgs_7": {
      "locked": {
        "lastModified": 1669833724,
        "narHash": "sha256-/HEZNyGbnQecrgJnfE8d0WC5c1xuPSD2LUpB6YXlg4c=",
        "owner": "NixOS",
        "repo": "nixpkgs",
        "rev": "4d2b37a84fad1091b9de401eb450aae66f1a741e",
        "type": "github"
      },
      "original": {
        "owner": "NixOS",
        "repo": "nixpkgs",
        "rev": "4d2b37a84fad1091b9de401eb450aae66f1a741e",
        "type": "github"
      }
    },
    "nixpkgs_8": {
      "locked": {
        "lastModified": 1669833724,
        "narHash": "sha256-/HEZNyGbnQecrgJnfE8d0WC5c1xuPSD2LUpB6YXlg4c=",
        "owner": "NixOS",
        "repo": "nixpkgs",
        "rev": "4d2b37a84fad1091b9de401eb450aae66f1a741e",
        "type": "github"
      },
      "original": {
        "owner": "NixOS",
        "repo": "nixpkgs",
        "rev": "4d2b37a84fad1091b9de401eb450aae66f1a741e",
        "type": "github"
      }
    },
    "nixpkgs_9": {
      "locked": {
        "lastModified": 1669833724,
        "narHash": "sha256-/HEZNyGbnQecrgJnfE8d0WC5c1xuPSD2LUpB6YXlg4c=",
        "owner": "NixOS",
        "repo": "nixpkgs",
        "rev": "4d2b37a84fad1091b9de401eb450aae66f1a741e",
        "type": "github"
      },
      "original": {
        "owner": "NixOS",
        "repo": "nixpkgs",
        "rev": "4d2b37a84fad1091b9de401eb450aae66f1a741e",
        "type": "github"
      }
    },
    "nomad": {
      "inputs": {
        "pkg": "pkg_11"
      },
      "locked": {
        "dir": "pkg/nomad",
        "lastModified": 1681616285,
        "narHash": "sha256-4Cjh09oNHTIJh/jnBQp1f+JbdBFP5LvOtbvGkId9pNg=",
        "owner": "defn",
        "repo": "m",
        "rev": "fb8e5dae271d5988422b46f2abd1e32a8b64e94a",
        "type": "github"
      },
      "original": {
        "dir": "pkg/nomad",
        "owner": "defn",
        "ref": "pkg-nomad-1.5.3-7",
        "repo": "m",
        "type": "github"
      }
    },
    "pkg": {
      "inputs": {
        "dev": "dev"
      },
      "locked": {
        "dir": "pkg/pkg",
        "lastModified": 1681615307,
        "narHash": "sha256-nJoroFZRvI1GQNCuXNg8Zbe0cm/rjTathVZhgN/xU7c=",
        "owner": "defn",
        "repo": "m",
        "rev": "46d69a416e5e5af4a22147c6008914fbc5a089ed",
        "type": "github"
      },
      "original": {
        "dir": "pkg/pkg",
        "owner": "defn",
        "ref": "pkg-pkg-0.0.6",
        "repo": "m",
        "type": "github"
      }
    },
    "pkg_10": {
      "inputs": {
        "dev": "dev_10"
      },
      "locked": {
        "dir": "pkg/pkg",
        "lastModified": 1681615307,
        "narHash": "sha256-nJoroFZRvI1GQNCuXNg8Zbe0cm/rjTathVZhgN/xU7c=",
        "owner": "defn",
        "repo": "m",
        "rev": "46d69a416e5e5af4a22147c6008914fbc5a089ed",
        "type": "github"
      },
      "original": {
        "dir": "pkg/pkg",
        "owner": "defn",
        "ref": "pkg-pkg-0.0.6",
        "repo": "m",
        "type": "github"
      }
    },
    "pkg_11": {
      "inputs": {
        "dev": "dev_11"
      },
      "locked": {
        "dir": "pkg/pkg",
        "lastModified": 1681615307,
        "narHash": "sha256-nJoroFZRvI1GQNCuXNg8Zbe0cm/rjTathVZhgN/xU7c=",
        "owner": "defn",
        "repo": "m",
        "rev": "46d69a416e5e5af4a22147c6008914fbc5a089ed",
        "type": "github"
      },
      "original": {
        "dir": "pkg/pkg",
        "owner": "defn",
        "ref": "pkg-pkg-0.0.6",
        "repo": "m",
        "type": "github"
      }
    },
    "pkg_12": {
      "inputs": {
        "dev": "dev_12"
      },
      "locked": {
        "dir": "pkg/pkg",
        "lastModified": 1681615307,
        "narHash": "sha256-nJoroFZRvI1GQNCuXNg8Zbe0cm/rjTathVZhgN/xU7c=",
        "owner": "defn",
        "repo": "m",
        "rev": "46d69a416e5e5af4a22147c6008914fbc5a089ed",
        "type": "github"
      },
      "original": {
        "dir": "pkg/pkg",
        "owner": "defn",
        "ref": "pkg-pkg-0.0.6",
        "repo": "m",
        "type": "github"
      }
    },
    "pkg_13": {
      "inputs": {
        "dev": "dev_13"
      },
      "locked": {
        "dir": "pkg/pkg",
        "lastModified": 1681615307,
        "narHash": "sha256-nJoroFZRvI1GQNCuXNg8Zbe0cm/rjTathVZhgN/xU7c=",
        "owner": "defn",
        "repo": "m",
        "rev": "46d69a416e5e5af4a22147c6008914fbc5a089ed",
        "type": "github"
      },
      "original": {
        "dir": "pkg/pkg",
        "owner": "defn",
        "ref": "pkg-pkg-0.0.6",
        "repo": "m",
        "type": "github"
      }
    },
    "pkg_2": {
      "inputs": {
        "dev": "dev_2"
      },
      "locked": {
        "dir": "pkg/pkg",
        "lastModified": 1681615307,
        "narHash": "sha256-nJoroFZRvI1GQNCuXNg8Zbe0cm/rjTathVZhgN/xU7c=",
        "owner": "defn",
        "repo": "m",
        "rev": "46d69a416e5e5af4a22147c6008914fbc5a089ed",
        "type": "github"
      },
      "original": {
        "dir": "pkg/pkg",
        "owner": "defn",
        "ref": "pkg-pkg-0.0.6",
        "repo": "m",
        "type": "github"
      }
    },
    "pkg_3": {
      "inputs": {
        "dev": "dev_3"
      },
      "locked": {
        "dir": "pkg/pkg",
        "lastModified": 1681615307,
        "narHash": "sha256-nJoroFZRvI1GQNCuXNg8Zbe0cm/rjTathVZhgN/xU7c=",
        "owner": "defn",
        "repo": "m",
        "rev": "46d69a416e5e5af4a22147c6008914fbc5a089ed",
        "type": "github"
      },
      "original": {
        "dir": "pkg/pkg",
        "owner": "defn",
        "ref": "pkg-pkg-0.0.6",
        "repo": "m",
        "type": "github"
      }
    },
    "pkg_4": {
      "inputs": {
        "dev": "dev_4"
      },
      "locked": {
        "dir": "pkg/pkg",
        "lastModified": 1681615307,
        "narHash": "sha256-nJoroFZRvI1GQNCuXNg8Zbe0cm/rjTathVZhgN/xU7c=",
        "owner": "defn",
        "repo": "m",
        "rev": "46d69a416e5e5af4a22147c6008914fbc5a089ed",
        "type": "github"
      },
      "original": {
        "dir": "pkg/pkg",
        "owner": "defn",
        "ref": "pkg-pkg-0.0.6",
        "repo": "m",
        "type": "github"
      }
    },
    "pkg_5": {
      "inputs": {
        "dev": "dev_5"
      },
      "locked": {
        "dir": "pkg/pkg",
        "lastModified": 1681615307,
        "narHash": "sha256-nJoroFZRvI1GQNCuXNg8Zbe0cm/rjTathVZhgN/xU7c=",
        "owner": "defn",
        "repo": "m",
        "rev": "46d69a416e5e5af4a22147c6008914fbc5a089ed",
        "type": "github"
      },
      "original": {
        "dir": "pkg/pkg",
        "owner": "defn",
        "ref": "pkg-pkg-0.0.6",
        "repo": "m",
        "type": "github"
      }
    },
    "pkg_6": {
      "inputs": {
        "dev": "dev_6"
      },
      "locked": {
        "dir": "pkg/pkg",
        "lastModified": 1681615307,
        "narHash": "sha256-nJoroFZRvI1GQNCuXNg8Zbe0cm/rjTathVZhgN/xU7c=",
        "owner": "defn",
        "repo": "m",
        "rev": "46d69a416e5e5af4a22147c6008914fbc5a089ed",
        "type": "github"
      },
      "original": {
        "dir": "pkg/pkg",
        "owner": "defn",
        "ref": "pkg-pkg-0.0.6",
        "repo": "m",
        "type": "github"
      }
    },
    "pkg_7": {
      "inputs": {
        "dev": "dev_7"
      },
      "locked": {
        "dir": "pkg/pkg",
        "lastModified": 1681615307,
        "narHash": "sha256-nJoroFZRvI1GQNCuXNg8Zbe0cm/rjTathVZhgN/xU7c=",
        "owner": "defn",
        "repo": "m",
        "rev": "46d69a416e5e5af4a22147c6008914fbc5a089ed",
        "type": "github"
      },
      "original": {
        "dir": "pkg/pkg",
        "owner": "defn",
        "ref": "pkg-pkg-0.0.6",
        "repo": "m",
        "type": "github"
      }
    },
    "pkg_8": {
      "inputs": {
        "dev": "dev_8"
      },
      "locked": {
        "dir": "pkg/pkg",
        "lastModified": 1681615307,
        "narHash": "sha256-nJoroFZRvI1GQNCuXNg8Zbe0cm/rjTathVZhgN/xU7c=",
        "owner": "defn",
        "repo": "m",
        "rev": "46d69a416e5e5af4a22147c6008914fbc5a089ed",
        "type": "github"
      },
      "original": {
        "dir": "pkg/pkg",
        "owner": "defn",
        "ref": "pkg-pkg-0.0.6",
        "repo": "m",
        "type": "github"
      }
    },
    "pkg_9": {
      "inputs": {
        "dev": "dev_9"
      },
      "locked": {
        "dir": "pkg/pkg",
        "lastModified": 1681615307,
        "narHash": "sha256-nJoroFZRvI1GQNCuXNg8Zbe0cm/rjTathVZhgN/xU7c=",
        "owner": "defn",
        "repo": "m",
        "rev": "46d69a416e5e5af4a22147c6008914fbc5a089ed",
        "type": "github"
      },
      "original": {
        "dir": "pkg/pkg",
        "owner": "defn",
        "ref": "pkg-pkg-0.0.6",
        "repo": "m",
        "type": "github"
      }
    },
    "root": {
      "inputs": {
        "bk": "bk",
        "boundary": "boundary",
        "buildevents": "buildevents",
        "buildkite": "buildkite",
        "earthly": "earthly",
        "gh": "gh",
        "honeymarker": "honeymarker",
        "honeytail": "honeytail",
        "honeyvent": "honeyvent",
        "kuma": "kuma",
        "nomad": "nomad",
        "tilt": "tilt",
        "vault": "vault"
      }
    },
    "tilt": {
      "inputs": {
        "pkg": "pkg_12"
      },
      "locked": {
        "dir": "pkg/tilt",
        "lastModified": 1681787561,
        "narHash": "sha256-VpXfEPB9KVy2FRBg4jN8/aUHRCFbN/jzWTng/yuSGh4=",
        "owner": "defn",
        "repo": "m",
        "rev": "67d7fc426ccb9a5b59d189ae9c496cf888711189",
        "type": "github"
      },
      "original": {
        "dir": "pkg/tilt",
        "owner": "defn",
        "ref": "pkg-tilt-0.32.2-1",
        "repo": "m",
        "type": "github"
      }
    },
    "vault": {
      "inputs": {
        "pkg": "pkg_13"
      },
      "locked": {
        "dir": "pkg/vault",
        "lastModified": 1682569329,
        "narHash": "sha256-EuTVwMW4iHwKF7lRuuo9N7Qirq4sSZFrd3IVqrliORU=",
        "owner": "defn",
        "repo": "m",
        "rev": "71fa9059577ddc5d31f43f27e6a1299456b00bc1",
        "type": "github"
      },
      "original": {
        "dir": "pkg/vault",
        "owner": "defn",
        "ref": "pkg-vault-1.13.2-1",
        "repo": "m",
        "type": "github"
      }
    }
  },
  "root": "root",
  "version": 7
}
