{
  "nodes": {
    "bk": {
      "inputs": {
        "pkg": "pkg"
      },
      "locked": {
        "dir": "m/pkg/bk",
        "lastModified": 1689278281,
        "narHash": "sha256-CIo9sc5YsjIYM3oExfj3rMDaDBlx0bzoHdp6kZd/r6U=",
        "owner": "defn",
        "repo": "dev",
        "rev": "bae9683e5b4199bcd3a4fbcdf44d8e1b661ac39a",
        "type": "github"
      },
      "original": {
        "dir": "m/pkg/bk",
        "owner": "defn",
        "ref": "pkg-bk-2.0.0-11",
        "repo": "dev",
        "type": "github"
      }
    },
    "boundary": {
      "inputs": {
        "pkg": "pkg_2"
      },
      "locked": {
        "dir": "m/pkg/boundary",
        "lastModified": 1689714559,
        "narHash": "sha256-u8+C3gncXjuplqYtB9DsDn+/uwTOkt6mpiBsVJSJcbo=",
        "owner": "defn",
        "repo": "dev",
        "rev": "ed0defaac3a9dea6e896d8343c9ebbf195cf545f",
        "type": "github"
      },
      "original": {
        "dir": "m/pkg/boundary",
        "owner": "defn",
        "ref": "pkg-boundary-0.13.1-1",
        "repo": "dev",
        "type": "github"
      }
    },
    "buildevents": {
      "inputs": {
        "pkg": "pkg_3"
      },
      "locked": {
        "dir": "m/pkg/buildevents",
        "lastModified": 1689624530,
        "narHash": "sha256-XS4EY6jssgq471cOg3guUbBghJcmwYSf1yLxB39TQQQ=",
        "owner": "defn",
        "repo": "dev",
        "rev": "cf4b31ba791044a78817e5cf82a0b4a3e413c7ac",
        "type": "github"
      },
      "original": {
        "dir": "m/pkg/buildevents",
        "owner": "defn",
        "ref": "pkg-buildevents-0.15.0-1",
        "repo": "dev",
        "type": "github"
      }
    },
    "buildkite": {
      "inputs": {
        "pkg": "pkg_4"
      },
      "locked": {
        "dir": "m/pkg/buildkite",
        "lastModified": 1690231468,
        "narHash": "sha256-KmMeaChQd0mekr2TWCeiiuP13cAtFaMcqy3Kwyk5R0g=",
        "owner": "defn",
        "repo": "dev",
        "rev": "3b453ca82a1353fe8a6c000d6db46442d32539bf",
        "type": "github"
      },
      "original": {
        "dir": "m/pkg/buildkite",
        "owner": "defn",
        "ref": "pkg-buildkite-3.50.3-2",
        "repo": "dev",
        "type": "github"
      }
    },
    "dev": {
      "inputs": {
        "flake-utils": "flake-utils",
        "nixpkgs": "nixpkgs"
      },
      "locked": {
        "dir": "m/pkg/dev",
        "lastModified": 1689277319,
        "narHash": "sha256-gsqaQTNX3WNS3+DDb1wva2m4OjEJzjCe5sKzUcIaI0Y=",
        "owner": "defn",
        "repo": "dev",
        "rev": "7f1db96942f2c6ff834b9a180f57bc6f6a23436b",
        "type": "github"
      },
      "original": {
        "dir": "m/pkg/dev",
        "owner": "defn",
        "ref": "pkg-dev-0.0.9",
        "repo": "dev",
        "type": "github"
      }
    },
    "dev_10": {
      "inputs": {
        "flake-utils": "flake-utils_10",
        "nixpkgs": "nixpkgs_10"
      },
      "locked": {
        "dir": "m/pkg/dev",
        "lastModified": 1689277319,
        "narHash": "sha256-gsqaQTNX3WNS3+DDb1wva2m4OjEJzjCe5sKzUcIaI0Y=",
        "owner": "defn",
        "repo": "dev",
        "rev": "7f1db96942f2c6ff834b9a180f57bc6f6a23436b",
        "type": "github"
      },
      "original": {
        "dir": "m/pkg/dev",
        "owner": "defn",
        "ref": "pkg-dev-0.0.9",
        "repo": "dev",
        "type": "github"
      }
    },
    "dev_11": {
      "inputs": {
        "flake-utils": "flake-utils_11",
        "nixpkgs": "nixpkgs_11"
      },
      "locked": {
        "dir": "m/pkg/dev",
        "lastModified": 1689277319,
        "narHash": "sha256-gsqaQTNX3WNS3+DDb1wva2m4OjEJzjCe5sKzUcIaI0Y=",
        "owner": "defn",
        "repo": "dev",
        "rev": "7f1db96942f2c6ff834b9a180f57bc6f6a23436b",
        "type": "github"
      },
      "original": {
        "dir": "m/pkg/dev",
        "owner": "defn",
        "ref": "pkg-dev-0.0.9",
        "repo": "dev",
        "type": "github"
      }
    },
    "dev_12": {
      "inputs": {
        "flake-utils": "flake-utils_12",
        "nixpkgs": "nixpkgs_12"
      },
      "locked": {
        "dir": "m/pkg/dev",
        "lastModified": 1689277319,
        "narHash": "sha256-gsqaQTNX3WNS3+DDb1wva2m4OjEJzjCe5sKzUcIaI0Y=",
        "owner": "defn",
        "repo": "dev",
        "rev": "7f1db96942f2c6ff834b9a180f57bc6f6a23436b",
        "type": "github"
      },
      "original": {
        "dir": "m/pkg/dev",
        "owner": "defn",
        "ref": "pkg-dev-0.0.9",
        "repo": "dev",
        "type": "github"
      }
    },
    "dev_13": {
      "inputs": {
        "flake-utils": "flake-utils_13",
        "nixpkgs": "nixpkgs_13"
      },
      "locked": {
        "dir": "m/pkg/dev",
        "lastModified": 1689277319,
        "narHash": "sha256-gsqaQTNX3WNS3+DDb1wva2m4OjEJzjCe5sKzUcIaI0Y=",
        "owner": "defn",
        "repo": "dev",
        "rev": "7f1db96942f2c6ff834b9a180f57bc6f6a23436b",
        "type": "github"
      },
      "original": {
        "dir": "m/pkg/dev",
        "owner": "defn",
        "ref": "pkg-dev-0.0.9",
        "repo": "dev",
        "type": "github"
      }
    },
    "dev_14": {
      "inputs": {
        "flake-utils": "flake-utils_14",
        "nixpkgs": "nixpkgs_14"
      },
      "locked": {
        "dir": "m/pkg/dev",
        "lastModified": 1689277319,
        "narHash": "sha256-gsqaQTNX3WNS3+DDb1wva2m4OjEJzjCe5sKzUcIaI0Y=",
        "owner": "defn",
        "repo": "dev",
        "rev": "7f1db96942f2c6ff834b9a180f57bc6f6a23436b",
        "type": "github"
      },
      "original": {
        "dir": "m/pkg/dev",
        "owner": "defn",
        "ref": "pkg-dev-0.0.9",
        "repo": "dev",
        "type": "github"
      }
    },
    "dev_15": {
      "inputs": {
        "flake-utils": "flake-utils_15",
        "nixpkgs": "nixpkgs_15"
      },
      "locked": {
        "dir": "m/pkg/dev",
        "lastModified": 1689277319,
        "narHash": "sha256-gsqaQTNX3WNS3+DDb1wva2m4OjEJzjCe5sKzUcIaI0Y=",
        "owner": "defn",
        "repo": "dev",
        "rev": "7f1db96942f2c6ff834b9a180f57bc6f6a23436b",
        "type": "github"
      },
      "original": {
        "dir": "m/pkg/dev",
        "owner": "defn",
        "ref": "pkg-dev-0.0.9",
        "repo": "dev",
        "type": "github"
      }
    },
    "dev_16": {
      "inputs": {
        "flake-utils": "flake-utils_16",
        "nixpkgs": "nixpkgs_16"
      },
      "locked": {
        "dir": "m/pkg/dev",
        "lastModified": 1689277319,
        "narHash": "sha256-gsqaQTNX3WNS3+DDb1wva2m4OjEJzjCe5sKzUcIaI0Y=",
        "owner": "defn",
        "repo": "dev",
        "rev": "7f1db96942f2c6ff834b9a180f57bc6f6a23436b",
        "type": "github"
      },
      "original": {
        "dir": "m/pkg/dev",
        "owner": "defn",
        "ref": "pkg-dev-0.0.9",
        "repo": "dev",
        "type": "github"
      }
    },
    "dev_2": {
      "inputs": {
        "flake-utils": "flake-utils_2",
        "nixpkgs": "nixpkgs_2"
      },
      "locked": {
        "dir": "m/pkg/dev",
        "lastModified": 1689277319,
        "narHash": "sha256-gsqaQTNX3WNS3+DDb1wva2m4OjEJzjCe5sKzUcIaI0Y=",
        "owner": "defn",
        "repo": "dev",
        "rev": "7f1db96942f2c6ff834b9a180f57bc6f6a23436b",
        "type": "github"
      },
      "original": {
        "dir": "m/pkg/dev",
        "owner": "defn",
        "ref": "pkg-dev-0.0.9",
        "repo": "dev",
        "type": "github"
      }
    },
    "dev_3": {
      "inputs": {
        "flake-utils": "flake-utils_3",
        "nixpkgs": "nixpkgs_3"
      },
      "locked": {
        "dir": "m/pkg/dev",
        "lastModified": 1689277319,
        "narHash": "sha256-gsqaQTNX3WNS3+DDb1wva2m4OjEJzjCe5sKzUcIaI0Y=",
        "owner": "defn",
        "repo": "dev",
        "rev": "7f1db96942f2c6ff834b9a180f57bc6f6a23436b",
        "type": "github"
      },
      "original": {
        "dir": "m/pkg/dev",
        "owner": "defn",
        "ref": "pkg-dev-0.0.9",
        "repo": "dev",
        "type": "github"
      }
    },
    "dev_4": {
      "inputs": {
        "flake-utils": "flake-utils_4",
        "nixpkgs": "nixpkgs_4"
      },
      "locked": {
        "dir": "m/pkg/dev",
        "lastModified": 1689277319,
        "narHash": "sha256-gsqaQTNX3WNS3+DDb1wva2m4OjEJzjCe5sKzUcIaI0Y=",
        "owner": "defn",
        "repo": "dev",
        "rev": "7f1db96942f2c6ff834b9a180f57bc6f6a23436b",
        "type": "github"
      },
      "original": {
        "dir": "m/pkg/dev",
        "owner": "defn",
        "ref": "pkg-dev-0.0.9",
        "repo": "dev",
        "type": "github"
      }
    },
    "dev_5": {
      "inputs": {
        "flake-utils": "flake-utils_5",
        "nixpkgs": "nixpkgs_5"
      },
      "locked": {
        "dir": "m/pkg/dev",
        "lastModified": 1689277319,
        "narHash": "sha256-gsqaQTNX3WNS3+DDb1wva2m4OjEJzjCe5sKzUcIaI0Y=",
        "owner": "defn",
        "repo": "dev",
        "rev": "7f1db96942f2c6ff834b9a180f57bc6f6a23436b",
        "type": "github"
      },
      "original": {
        "dir": "m/pkg/dev",
        "owner": "defn",
        "ref": "pkg-dev-0.0.9",
        "repo": "dev",
        "type": "github"
      }
    },
    "dev_6": {
      "inputs": {
        "flake-utils": "flake-utils_6",
        "nixpkgs": "nixpkgs_6"
      },
      "locked": {
        "dir": "m/pkg/dev",
        "lastModified": 1689277319,
        "narHash": "sha256-gsqaQTNX3WNS3+DDb1wva2m4OjEJzjCe5sKzUcIaI0Y=",
        "owner": "defn",
        "repo": "dev",
        "rev": "7f1db96942f2c6ff834b9a180f57bc6f6a23436b",
        "type": "github"
      },
      "original": {
        "dir": "m/pkg/dev",
        "owner": "defn",
        "ref": "pkg-dev-0.0.9",
        "repo": "dev",
        "type": "github"
      }
    },
    "dev_7": {
      "inputs": {
        "flake-utils": "flake-utils_7",
        "nixpkgs": "nixpkgs_7"
      },
      "locked": {
        "dir": "m/pkg/dev",
        "lastModified": 1689277319,
        "narHash": "sha256-gsqaQTNX3WNS3+DDb1wva2m4OjEJzjCe5sKzUcIaI0Y=",
        "owner": "defn",
        "repo": "dev",
        "rev": "7f1db96942f2c6ff834b9a180f57bc6f6a23436b",
        "type": "github"
      },
      "original": {
        "dir": "m/pkg/dev",
        "owner": "defn",
        "ref": "pkg-dev-0.0.9",
        "repo": "dev",
        "type": "github"
      }
    },
    "dev_8": {
      "inputs": {
        "flake-utils": "flake-utils_8",
        "nixpkgs": "nixpkgs_8"
      },
      "locked": {
        "dir": "m/pkg/dev",
        "lastModified": 1689277319,
        "narHash": "sha256-gsqaQTNX3WNS3+DDb1wva2m4OjEJzjCe5sKzUcIaI0Y=",
        "owner": "defn",
        "repo": "dev",
        "rev": "7f1db96942f2c6ff834b9a180f57bc6f6a23436b",
        "type": "github"
      },
      "original": {
        "dir": "m/pkg/dev",
        "owner": "defn",
        "ref": "pkg-dev-0.0.9",
        "repo": "dev",
        "type": "github"
      }
    },
    "dev_9": {
      "inputs": {
        "flake-utils": "flake-utils_9",
        "nixpkgs": "nixpkgs_9"
      },
      "locked": {
        "dir": "m/pkg/dev",
        "lastModified": 1689277319,
        "narHash": "sha256-gsqaQTNX3WNS3+DDb1wva2m4OjEJzjCe5sKzUcIaI0Y=",
        "owner": "defn",
        "repo": "dev",
        "rev": "7f1db96942f2c6ff834b9a180f57bc6f6a23436b",
        "type": "github"
      },
      "original": {
        "dir": "m/pkg/dev",
        "owner": "defn",
        "ref": "pkg-dev-0.0.9",
        "repo": "dev",
        "type": "github"
      }
    },
    "earthly": {
      "inputs": {
        "pkg": "pkg_5"
      },
      "locked": {
        "dir": "m/pkg/earthly",
        "lastModified": 1689624563,
        "narHash": "sha256-3W8xA9RT1znlGC6SltVyS68L4xvve1Xu+rZdDXk8B7A=",
        "owner": "defn",
        "repo": "dev",
        "rev": "0ee9ffdae0d590f759438f9842a7df0b00887bda",
        "type": "github"
      },
      "original": {
        "dir": "m/pkg/earthly",
        "owner": "defn",
        "ref": "pkg-earthly-0.7.12-1",
        "repo": "dev",
        "type": "github"
      }
    },
    "flake-utils": {
      "locked": {
        "lastModified": 1652776076,
        "narHash": "sha256-gzTw/v1vj4dOVbpBSJX4J0DwUR6LIyXo7/SuuTJp1kM=",
        "owner": "numtide",
        "repo": "flake-utils",
        "rev": "04c1b180862888302ddfb2e3ad9eaa63afc60cf8",
        "type": "github"
      },
      "original": {
        "owner": "numtide",
        "repo": "flake-utils",
        "rev": "04c1b180862888302ddfb2e3ad9eaa63afc60cf8",
        "type": "github"
      }
    },
    "flake-utils_10": {
      "locked": {
        "lastModified": 1652776076,
        "narHash": "sha256-gzTw/v1vj4dOVbpBSJX4J0DwUR6LIyXo7/SuuTJp1kM=",
        "owner": "numtide",
        "repo": "flake-utils",
        "rev": "04c1b180862888302ddfb2e3ad9eaa63afc60cf8",
        "type": "github"
      },
      "original": {
        "owner": "numtide",
        "repo": "flake-utils",
        "rev": "04c1b180862888302ddfb2e3ad9eaa63afc60cf8",
        "type": "github"
      }
    },
    "flake-utils_11": {
      "locked": {
        "lastModified": 1652776076,
        "narHash": "sha256-gzTw/v1vj4dOVbpBSJX4J0DwUR6LIyXo7/SuuTJp1kM=",
        "owner": "numtide",
        "repo": "flake-utils",
        "rev": "04c1b180862888302ddfb2e3ad9eaa63afc60cf8",
        "type": "github"
      },
      "original": {
        "owner": "numtide",
        "repo": "flake-utils",
        "rev": "04c1b180862888302ddfb2e3ad9eaa63afc60cf8",
        "type": "github"
      }
    },
    "flake-utils_12": {
      "locked": {
        "lastModified": 1652776076,
        "narHash": "sha256-gzTw/v1vj4dOVbpBSJX4J0DwUR6LIyXo7/SuuTJp1kM=",
        "owner": "numtide",
        "repo": "flake-utils",
        "rev": "04c1b180862888302ddfb2e3ad9eaa63afc60cf8",
        "type": "github"
      },
      "original": {
        "owner": "numtide",
        "repo": "flake-utils",
        "rev": "04c1b180862888302ddfb2e3ad9eaa63afc60cf8",
        "type": "github"
      }
    },
    "flake-utils_13": {
      "locked": {
        "lastModified": 1652776076,
        "narHash": "sha256-gzTw/v1vj4dOVbpBSJX4J0DwUR6LIyXo7/SuuTJp1kM=",
        "owner": "numtide",
        "repo": "flake-utils",
        "rev": "04c1b180862888302ddfb2e3ad9eaa63afc60cf8",
        "type": "github"
      },
      "original": {
        "owner": "numtide",
        "repo": "flake-utils",
        "rev": "04c1b180862888302ddfb2e3ad9eaa63afc60cf8",
        "type": "github"
      }
    },
    "flake-utils_14": {
      "locked": {
        "lastModified": 1652776076,
        "narHash": "sha256-gzTw/v1vj4dOVbpBSJX4J0DwUR6LIyXo7/SuuTJp1kM=",
        "owner": "numtide",
        "repo": "flake-utils",
        "rev": "04c1b180862888302ddfb2e3ad9eaa63afc60cf8",
        "type": "github"
      },
      "original": {
        "owner": "numtide",
        "repo": "flake-utils",
        "rev": "04c1b180862888302ddfb2e3ad9eaa63afc60cf8",
        "type": "github"
      }
    },
    "flake-utils_15": {
      "locked": {
        "lastModified": 1652776076,
        "narHash": "sha256-gzTw/v1vj4dOVbpBSJX4J0DwUR6LIyXo7/SuuTJp1kM=",
        "owner": "numtide",
        "repo": "flake-utils",
        "rev": "04c1b180862888302ddfb2e3ad9eaa63afc60cf8",
        "type": "github"
      },
      "original": {
        "owner": "numtide",
        "repo": "flake-utils",
        "rev": "04c1b180862888302ddfb2e3ad9eaa63afc60cf8",
        "type": "github"
      }
    },
    "flake-utils_16": {
      "locked": {
        "lastModified": 1652776076,
        "narHash": "sha256-gzTw/v1vj4dOVbpBSJX4J0DwUR6LIyXo7/SuuTJp1kM=",
        "owner": "numtide",
        "repo": "flake-utils",
        "rev": "04c1b180862888302ddfb2e3ad9eaa63afc60cf8",
        "type": "github"
      },
      "original": {
        "owner": "numtide",
        "repo": "flake-utils",
        "rev": "04c1b180862888302ddfb2e3ad9eaa63afc60cf8",
        "type": "github"
      }
    },
    "flake-utils_2": {
      "locked": {
        "lastModified": 1652776076,
        "narHash": "sha256-gzTw/v1vj4dOVbpBSJX4J0DwUR6LIyXo7/SuuTJp1kM=",
        "owner": "numtide",
        "repo": "flake-utils",
        "rev": "04c1b180862888302ddfb2e3ad9eaa63afc60cf8",
        "type": "github"
      },
      "original": {
        "owner": "numtide",
        "repo": "flake-utils",
        "rev": "04c1b180862888302ddfb2e3ad9eaa63afc60cf8",
        "type": "github"
      }
    },
    "flake-utils_3": {
      "locked": {
        "lastModified": 1652776076,
        "narHash": "sha256-gzTw/v1vj4dOVbpBSJX4J0DwUR6LIyXo7/SuuTJp1kM=",
        "owner": "numtide",
        "repo": "flake-utils",
        "rev": "04c1b180862888302ddfb2e3ad9eaa63afc60cf8",
        "type": "github"
      },
      "original": {
        "owner": "numtide",
        "repo": "flake-utils",
        "rev": "04c1b180862888302ddfb2e3ad9eaa63afc60cf8",
        "type": "github"
      }
    },
    "flake-utils_4": {
      "locked": {
        "lastModified": 1652776076,
        "narHash": "sha256-gzTw/v1vj4dOVbpBSJX4J0DwUR6LIyXo7/SuuTJp1kM=",
        "owner": "numtide",
        "repo": "flake-utils",
        "rev": "04c1b180862888302ddfb2e3ad9eaa63afc60cf8",
        "type": "github"
      },
      "original": {
        "owner": "numtide",
        "repo": "flake-utils",
        "rev": "04c1b180862888302ddfb2e3ad9eaa63afc60cf8",
        "type": "github"
      }
    },
    "flake-utils_5": {
      "locked": {
        "lastModified": 1652776076,
        "narHash": "sha256-gzTw/v1vj4dOVbpBSJX4J0DwUR6LIyXo7/SuuTJp1kM=",
        "owner": "numtide",
        "repo": "flake-utils",
        "rev": "04c1b180862888302ddfb2e3ad9eaa63afc60cf8",
        "type": "github"
      },
      "original": {
        "owner": "numtide",
        "repo": "flake-utils",
        "rev": "04c1b180862888302ddfb2e3ad9eaa63afc60cf8",
        "type": "github"
      }
    },
    "flake-utils_6": {
      "locked": {
        "lastModified": 1652776076,
        "narHash": "sha256-gzTw/v1vj4dOVbpBSJX4J0DwUR6LIyXo7/SuuTJp1kM=",
        "owner": "numtide",
        "repo": "flake-utils",
        "rev": "04c1b180862888302ddfb2e3ad9eaa63afc60cf8",
        "type": "github"
      },
      "original": {
        "owner": "numtide",
        "repo": "flake-utils",
        "rev": "04c1b180862888302ddfb2e3ad9eaa63afc60cf8",
        "type": "github"
      }
    },
    "flake-utils_7": {
      "locked": {
        "lastModified": 1652776076,
        "narHash": "sha256-gzTw/v1vj4dOVbpBSJX4J0DwUR6LIyXo7/SuuTJp1kM=",
        "owner": "numtide",
        "repo": "flake-utils",
        "rev": "04c1b180862888302ddfb2e3ad9eaa63afc60cf8",
        "type": "github"
      },
      "original": {
        "owner": "numtide",
        "repo": "flake-utils",
        "rev": "04c1b180862888302ddfb2e3ad9eaa63afc60cf8",
        "type": "github"
      }
    },
    "flake-utils_8": {
      "locked": {
        "lastModified": 1652776076,
        "narHash": "sha256-gzTw/v1vj4dOVbpBSJX4J0DwUR6LIyXo7/SuuTJp1kM=",
        "owner": "numtide",
        "repo": "flake-utils",
        "rev": "04c1b180862888302ddfb2e3ad9eaa63afc60cf8",
        "type": "github"
      },
      "original": {
        "owner": "numtide",
        "repo": "flake-utils",
        "rev": "04c1b180862888302ddfb2e3ad9eaa63afc60cf8",
        "type": "github"
      }
    },
    "flake-utils_9": {
      "locked": {
        "lastModified": 1652776076,
        "narHash": "sha256-gzTw/v1vj4dOVbpBSJX4J0DwUR6LIyXo7/SuuTJp1kM=",
        "owner": "numtide",
        "repo": "flake-utils",
        "rev": "04c1b180862888302ddfb2e3ad9eaa63afc60cf8",
        "type": "github"
      },
      "original": {
        "owner": "numtide",
        "repo": "flake-utils",
        "rev": "04c1b180862888302ddfb2e3ad9eaa63afc60cf8",
        "type": "github"
      }
    },
    "gh": {
      "inputs": {
        "pkg": "pkg_6"
      },
      "locked": {
        "dir": "m/pkg/gh",
        "lastModified": 1690255375,
        "narHash": "sha256-IDRdh78sC4Q8EVi6Nzt+vUSo10fJ8Y+AgcfSUdxf87c=",
        "owner": "defn",
        "repo": "dev",
        "rev": "4ebe09e8c3ab97edbb27e0308a1daed5b0e59363",
        "type": "github"
      },
      "original": {
        "dir": "m/pkg/gh",
        "owner": "defn",
        "ref": "pkg-gh-2.32.1-1",
        "repo": "dev",
        "type": "github"
      }
    },
    "honeymarker": {
      "inputs": {
        "pkg": "pkg_7"
      },
      "locked": {
        "dir": "m/pkg/honeymarker",
        "lastModified": 1689279008,
        "narHash": "sha256-SQXQ1VX8APG65pk/QhtLQ9IbA20m+qC6oRzrsuLrar0=",
        "owner": "defn",
        "repo": "dev",
        "rev": "a53f24979607a6167e9acc1d342d728b74fe0040",
        "type": "github"
      },
      "original": {
        "dir": "m/pkg/honeymarker",
        "owner": "defn",
        "ref": "pkg-honeymarker-0.2.10-10",
        "repo": "dev",
        "type": "github"
      }
    },
    "honeytail": {
      "inputs": {
        "pkg": "pkg_8"
      },
      "locked": {
        "dir": "m/pkg/honeytail",
        "lastModified": 1689279036,
        "narHash": "sha256-I7fr3Dr2uEb5E7RgR7Hexy4FXnohNOhQjW6OUh9jnxM=",
        "owner": "defn",
        "repo": "dev",
        "rev": "fee4dea17e0ae924dcf56635397c37bbfb1ec9f6",
        "type": "github"
      },
      "original": {
        "dir": "m/pkg/honeytail",
        "owner": "defn",
        "ref": "pkg-honeytail-1.8.3-8",
        "repo": "dev",
        "type": "github"
      }
    },
    "honeyvent": {
      "inputs": {
        "pkg": "pkg_9"
      },
      "locked": {
        "dir": "m/pkg/honeyvent",
        "lastModified": 1689279064,
        "narHash": "sha256-tBaGQGy8eUdwlHdvSKZRp3cZ9ATaiO95rhYsipZPakw=",
        "owner": "defn",
        "repo": "dev",
        "rev": "010081d66d94492cf4c63ad2857ca80205ae9f09",
        "type": "github"
      },
      "original": {
        "dir": "m/pkg/honeyvent",
        "owner": "defn",
        "ref": "pkg-honeyvent-1.1.3-10",
        "repo": "dev",
        "type": "github"
      }
    },
    "hugo": {
      "inputs": {
        "pkg": "pkg_10"
      },
      "locked": {
        "dir": "m/pkg/hugo",
        "lastModified": 1689407817,
        "narHash": "sha256-q7jgJHBvft2g+J+g4sDmh9M+nonPkorbnYkERU2kuPM=",
        "owner": "defn",
        "repo": "dev",
        "rev": "bb43a3911bfcd6411585c23271a08c8f132d528f",
        "type": "github"
      },
      "original": {
        "dir": "m/pkg/hugo",
        "owner": "defn",
        "ref": "pkg-hugo-0.0.5",
        "repo": "dev",
        "type": "github"
      }
    },
    "kuma": {
      "inputs": {
        "pkg": "pkg_11"
      },
      "locked": {
        "dir": "m/pkg/kuma",
        "lastModified": 1689987891,
        "narHash": "sha256-bJT2/bZNkKqBbD+8qk4/W+dbceQ+yPgPcr9+yMuJy3o=",
        "owner": "defn",
        "repo": "dev",
        "rev": "06b77bc0a8e38ff22b024f0bbc77959131e7b3c7",
        "type": "github"
      },
      "original": {
        "dir": "m/pkg/kuma",
        "owner": "defn",
        "ref": "pkg-kuma-2.3.1-1",
        "repo": "dev",
        "type": "github"
      }
    },
    "nixpkgs": {
      "locked": {
        "lastModified": 1689088367,
        "narHash": "sha256-Y2tl2TlKCWEHrOeM9ivjCLlRAKH3qoPUE/emhZECU14=",
        "owner": "NixOS",
        "repo": "nixpkgs",
        "rev": "5c9ddb86679c400d6b7360797b8a22167c2053f8",
        "type": "github"
      },
      "original": {
        "owner": "NixOS",
        "repo": "nixpkgs",
        "rev": "5c9ddb86679c400d6b7360797b8a22167c2053f8",
        "type": "github"
      }
    },
    "nixpkgs_10": {
      "locked": {
        "lastModified": 1689088367,
        "narHash": "sha256-Y2tl2TlKCWEHrOeM9ivjCLlRAKH3qoPUE/emhZECU14=",
        "owner": "NixOS",
        "repo": "nixpkgs",
        "rev": "5c9ddb86679c400d6b7360797b8a22167c2053f8",
        "type": "github"
      },
      "original": {
        "owner": "NixOS",
        "repo": "nixpkgs",
        "rev": "5c9ddb86679c400d6b7360797b8a22167c2053f8",
        "type": "github"
      }
    },
    "nixpkgs_11": {
      "locked": {
        "lastModified": 1689088367,
        "narHash": "sha256-Y2tl2TlKCWEHrOeM9ivjCLlRAKH3qoPUE/emhZECU14=",
        "owner": "NixOS",
        "repo": "nixpkgs",
        "rev": "5c9ddb86679c400d6b7360797b8a22167c2053f8",
        "type": "github"
      },
      "original": {
        "owner": "NixOS",
        "repo": "nixpkgs",
        "rev": "5c9ddb86679c400d6b7360797b8a22167c2053f8",
        "type": "github"
      }
    },
    "nixpkgs_12": {
      "locked": {
        "lastModified": 1689088367,
        "narHash": "sha256-Y2tl2TlKCWEHrOeM9ivjCLlRAKH3qoPUE/emhZECU14=",
        "owner": "NixOS",
        "repo": "nixpkgs",
        "rev": "5c9ddb86679c400d6b7360797b8a22167c2053f8",
        "type": "github"
      },
      "original": {
        "owner": "NixOS",
        "repo": "nixpkgs",
        "rev": "5c9ddb86679c400d6b7360797b8a22167c2053f8",
        "type": "github"
      }
    },
    "nixpkgs_13": {
      "locked": {
        "lastModified": 1689088367,
        "narHash": "sha256-Y2tl2TlKCWEHrOeM9ivjCLlRAKH3qoPUE/emhZECU14=",
        "owner": "NixOS",
        "repo": "nixpkgs",
        "rev": "5c9ddb86679c400d6b7360797b8a22167c2053f8",
        "type": "github"
      },
      "original": {
        "owner": "NixOS",
        "repo": "nixpkgs",
        "rev": "5c9ddb86679c400d6b7360797b8a22167c2053f8",
        "type": "github"
      }
    },
    "nixpkgs_14": {
      "locked": {
        "lastModified": 1689088367,
        "narHash": "sha256-Y2tl2TlKCWEHrOeM9ivjCLlRAKH3qoPUE/emhZECU14=",
        "owner": "NixOS",
        "repo": "nixpkgs",
        "rev": "5c9ddb86679c400d6b7360797b8a22167c2053f8",
        "type": "github"
      },
      "original": {
        "owner": "NixOS",
        "repo": "nixpkgs",
        "rev": "5c9ddb86679c400d6b7360797b8a22167c2053f8",
        "type": "github"
      }
    },
    "nixpkgs_15": {
      "locked": {
        "lastModified": 1689088367,
        "narHash": "sha256-Y2tl2TlKCWEHrOeM9ivjCLlRAKH3qoPUE/emhZECU14=",
        "owner": "NixOS",
        "repo": "nixpkgs",
        "rev": "5c9ddb86679c400d6b7360797b8a22167c2053f8",
        "type": "github"
      },
      "original": {
        "owner": "NixOS",
        "repo": "nixpkgs",
        "rev": "5c9ddb86679c400d6b7360797b8a22167c2053f8",
        "type": "github"
      }
    },
    "nixpkgs_16": {
      "locked": {
        "lastModified": 1689088367,
        "narHash": "sha256-Y2tl2TlKCWEHrOeM9ivjCLlRAKH3qoPUE/emhZECU14=",
        "owner": "NixOS",
        "repo": "nixpkgs",
        "rev": "5c9ddb86679c400d6b7360797b8a22167c2053f8",
        "type": "github"
      },
      "original": {
        "owner": "NixOS",
        "repo": "nixpkgs",
        "rev": "5c9ddb86679c400d6b7360797b8a22167c2053f8",
        "type": "github"
      }
    },
    "nixpkgs_2": {
      "locked": {
        "lastModified": 1689088367,
        "narHash": "sha256-Y2tl2TlKCWEHrOeM9ivjCLlRAKH3qoPUE/emhZECU14=",
        "owner": "NixOS",
        "repo": "nixpkgs",
        "rev": "5c9ddb86679c400d6b7360797b8a22167c2053f8",
        "type": "github"
      },
      "original": {
        "owner": "NixOS",
        "repo": "nixpkgs",
        "rev": "5c9ddb86679c400d6b7360797b8a22167c2053f8",
        "type": "github"
      }
    },
    "nixpkgs_3": {
      "locked": {
        "lastModified": 1689088367,
        "narHash": "sha256-Y2tl2TlKCWEHrOeM9ivjCLlRAKH3qoPUE/emhZECU14=",
        "owner": "NixOS",
        "repo": "nixpkgs",
        "rev": "5c9ddb86679c400d6b7360797b8a22167c2053f8",
        "type": "github"
      },
      "original": {
        "owner": "NixOS",
        "repo": "nixpkgs",
        "rev": "5c9ddb86679c400d6b7360797b8a22167c2053f8",
        "type": "github"
      }
    },
    "nixpkgs_4": {
      "locked": {
        "lastModified": 1689088367,
        "narHash": "sha256-Y2tl2TlKCWEHrOeM9ivjCLlRAKH3qoPUE/emhZECU14=",
        "owner": "NixOS",
        "repo": "nixpkgs",
        "rev": "5c9ddb86679c400d6b7360797b8a22167c2053f8",
        "type": "github"
      },
      "original": {
        "owner": "NixOS",
        "repo": "nixpkgs",
        "rev": "5c9ddb86679c400d6b7360797b8a22167c2053f8",
        "type": "github"
      }
    },
    "nixpkgs_5": {
      "locked": {
        "lastModified": 1689088367,
        "narHash": "sha256-Y2tl2TlKCWEHrOeM9ivjCLlRAKH3qoPUE/emhZECU14=",
        "owner": "NixOS",
        "repo": "nixpkgs",
        "rev": "5c9ddb86679c400d6b7360797b8a22167c2053f8",
        "type": "github"
      },
      "original": {
        "owner": "NixOS",
        "repo": "nixpkgs",
        "rev": "5c9ddb86679c400d6b7360797b8a22167c2053f8",
        "type": "github"
      }
    },
    "nixpkgs_6": {
      "locked": {
        "lastModified": 1689088367,
        "narHash": "sha256-Y2tl2TlKCWEHrOeM9ivjCLlRAKH3qoPUE/emhZECU14=",
        "owner": "NixOS",
        "repo": "nixpkgs",
        "rev": "5c9ddb86679c400d6b7360797b8a22167c2053f8",
        "type": "github"
      },
      "original": {
        "owner": "NixOS",
        "repo": "nixpkgs",
        "rev": "5c9ddb86679c400d6b7360797b8a22167c2053f8",
        "type": "github"
      }
    },
    "nixpkgs_7": {
      "locked": {
        "lastModified": 1689088367,
        "narHash": "sha256-Y2tl2TlKCWEHrOeM9ivjCLlRAKH3qoPUE/emhZECU14=",
        "owner": "NixOS",
        "repo": "nixpkgs",
        "rev": "5c9ddb86679c400d6b7360797b8a22167c2053f8",
        "type": "github"
      },
      "original": {
        "owner": "NixOS",
        "repo": "nixpkgs",
        "rev": "5c9ddb86679c400d6b7360797b8a22167c2053f8",
        "type": "github"
      }
    },
    "nixpkgs_8": {
      "locked": {
        "lastModified": 1689088367,
        "narHash": "sha256-Y2tl2TlKCWEHrOeM9ivjCLlRAKH3qoPUE/emhZECU14=",
        "owner": "NixOS",
        "repo": "nixpkgs",
        "rev": "5c9ddb86679c400d6b7360797b8a22167c2053f8",
        "type": "github"
      },
      "original": {
        "owner": "NixOS",
        "repo": "nixpkgs",
        "rev": "5c9ddb86679c400d6b7360797b8a22167c2053f8",
        "type": "github"
      }
    },
    "nixpkgs_9": {
      "locked": {
        "lastModified": 1689088367,
        "narHash": "sha256-Y2tl2TlKCWEHrOeM9ivjCLlRAKH3qoPUE/emhZECU14=",
        "owner": "NixOS",
        "repo": "nixpkgs",
        "rev": "5c9ddb86679c400d6b7360797b8a22167c2053f8",
        "type": "github"
      },
      "original": {
        "owner": "NixOS",
        "repo": "nixpkgs",
        "rev": "5c9ddb86679c400d6b7360797b8a22167c2053f8",
        "type": "github"
      }
    },
    "nomad": {
      "inputs": {
        "pkg": "pkg_12"
      },
      "locked": {
        "dir": "m/pkg/nomad",
        "lastModified": 1689957574,
        "narHash": "sha256-WZuQ+8q0zq7AASU0wNKLVIErqq8556dz7ESqV9t8228=",
        "owner": "defn",
        "repo": "dev",
        "rev": "9b6e307e888a0641eeaab9681382e15c61fd8c92",
        "type": "github"
      },
      "original": {
        "dir": "m/pkg/nomad",
        "owner": "defn",
        "ref": "pkg-nomad-1.6.1-1",
        "repo": "dev",
        "type": "github"
      }
    },
    "oras": {
      "inputs": {
        "pkg": "pkg_13"
      },
      "locked": {
        "dir": "m/pkg/oras",
        "lastModified": 1689279543,
        "narHash": "sha256-nnziA7iNamSb5wX8ayOEOTrP0s4GHYKJ0qCDYMjWEbA=",
        "owner": "defn",
        "repo": "dev",
        "rev": "2b34e294cee23ca0d588c17841afdeaa93ca2318",
        "type": "github"
      },
      "original": {
        "dir": "m/pkg/oras",
        "owner": "defn",
        "ref": "pkg-oras-1.0.0-3",
        "repo": "dev",
        "type": "github"
      }
    },
    "pkg": {
      "inputs": {
        "dev": "dev"
      },
      "locked": {
        "dir": "m/pkg/pkg",
        "lastModified": 1689277368,
        "narHash": "sha256-PcqZACb6LghiievM+AlhUGGNK0ch723H4zI+o1ma+08=",
        "owner": "defn",
        "repo": "dev",
        "rev": "26dc66a816419acea5a46ea0a23af639a9a030a2",
        "type": "github"
      },
      "original": {
        "dir": "m/pkg/pkg",
        "owner": "defn",
        "ref": "pkg-pkg-0.0.11",
        "repo": "dev",
        "type": "github"
      }
    },
    "pkg_10": {
      "inputs": {
        "dev": "dev_10"
      },
      "locked": {
        "dir": "m/pkg/pkg",
        "lastModified": 1689277368,
        "narHash": "sha256-PcqZACb6LghiievM+AlhUGGNK0ch723H4zI+o1ma+08=",
        "owner": "defn",
        "repo": "dev",
        "rev": "26dc66a816419acea5a46ea0a23af639a9a030a2",
        "type": "github"
      },
      "original": {
        "dir": "m/pkg/pkg",
        "owner": "defn",
        "ref": "pkg-pkg-0.0.11",
        "repo": "dev",
        "type": "github"
      }
    },
    "pkg_11": {
      "inputs": {
        "dev": "dev_11"
      },
      "locked": {
        "dir": "m/pkg/pkg",
        "lastModified": 1689277368,
        "narHash": "sha256-PcqZACb6LghiievM+AlhUGGNK0ch723H4zI+o1ma+08=",
        "owner": "defn",
        "repo": "dev",
        "rev": "26dc66a816419acea5a46ea0a23af639a9a030a2",
        "type": "github"
      },
      "original": {
        "dir": "m/pkg/pkg",
        "owner": "defn",
        "ref": "pkg-pkg-0.0.11",
        "repo": "dev",
        "type": "github"
      }
    },
    "pkg_12": {
      "inputs": {
        "dev": "dev_12"
      },
      "locked": {
        "dir": "m/pkg/pkg",
        "lastModified": 1689277368,
        "narHash": "sha256-PcqZACb6LghiievM+AlhUGGNK0ch723H4zI+o1ma+08=",
        "owner": "defn",
        "repo": "dev",
        "rev": "26dc66a816419acea5a46ea0a23af639a9a030a2",
        "type": "github"
      },
      "original": {
        "dir": "m/pkg/pkg",
        "owner": "defn",
        "ref": "pkg-pkg-0.0.11",
        "repo": "dev",
        "type": "github"
      }
    },
    "pkg_13": {
      "inputs": {
        "dev": "dev_13"
      },
      "locked": {
        "dir": "m/pkg/pkg",
        "lastModified": 1689277368,
        "narHash": "sha256-PcqZACb6LghiievM+AlhUGGNK0ch723H4zI+o1ma+08=",
        "owner": "defn",
        "repo": "dev",
        "rev": "26dc66a816419acea5a46ea0a23af639a9a030a2",
        "type": "github"
      },
      "original": {
        "dir": "m/pkg/pkg",
        "owner": "defn",
        "ref": "pkg-pkg-0.0.11",
        "repo": "dev",
        "type": "github"
      }
    },
    "pkg_14": {
      "inputs": {
        "dev": "dev_14"
      },
      "locked": {
        "dir": "m/pkg/pkg",
        "lastModified": 1689277368,
        "narHash": "sha256-PcqZACb6LghiievM+AlhUGGNK0ch723H4zI+o1ma+08=",
        "owner": "defn",
        "repo": "dev",
        "rev": "26dc66a816419acea5a46ea0a23af639a9a030a2",
        "type": "github"
      },
      "original": {
        "dir": "m/pkg/pkg",
        "owner": "defn",
        "ref": "pkg-pkg-0.0.11",
        "repo": "dev",
        "type": "github"
      }
    },
    "pkg_15": {
      "inputs": {
        "dev": "dev_15"
      },
      "locked": {
        "dir": "m/pkg/pkg",
        "lastModified": 1689277368,
        "narHash": "sha256-PcqZACb6LghiievM+AlhUGGNK0ch723H4zI+o1ma+08=",
        "owner": "defn",
        "repo": "dev",
        "rev": "26dc66a816419acea5a46ea0a23af639a9a030a2",
        "type": "github"
      },
      "original": {
        "dir": "m/pkg/pkg",
        "owner": "defn",
        "ref": "pkg-pkg-0.0.11",
        "repo": "dev",
        "type": "github"
      }
    },
    "pkg_16": {
      "inputs": {
        "dev": "dev_16"
      },
      "locked": {
        "dir": "m/pkg/pkg",
        "lastModified": 1689277368,
        "narHash": "sha256-PcqZACb6LghiievM+AlhUGGNK0ch723H4zI+o1ma+08=",
        "owner": "defn",
        "repo": "dev",
        "rev": "26dc66a816419acea5a46ea0a23af639a9a030a2",
        "type": "github"
      },
      "original": {
        "dir": "m/pkg/pkg",
        "owner": "defn",
        "ref": "pkg-pkg-0.0.11",
        "repo": "dev",
        "type": "github"
      }
    },
    "pkg_2": {
      "inputs": {
        "dev": "dev_2"
      },
      "locked": {
        "dir": "m/pkg/pkg",
        "lastModified": 1689277368,
        "narHash": "sha256-PcqZACb6LghiievM+AlhUGGNK0ch723H4zI+o1ma+08=",
        "owner": "defn",
        "repo": "dev",
        "rev": "26dc66a816419acea5a46ea0a23af639a9a030a2",
        "type": "github"
      },
      "original": {
        "dir": "m/pkg/pkg",
        "owner": "defn",
        "ref": "pkg-pkg-0.0.11",
        "repo": "dev",
        "type": "github"
      }
    },
    "pkg_3": {
      "inputs": {
        "dev": "dev_3"
      },
      "locked": {
        "dir": "m/pkg/pkg",
        "lastModified": 1689277368,
        "narHash": "sha256-PcqZACb6LghiievM+AlhUGGNK0ch723H4zI+o1ma+08=",
        "owner": "defn",
        "repo": "dev",
        "rev": "26dc66a816419acea5a46ea0a23af639a9a030a2",
        "type": "github"
      },
      "original": {
        "dir": "m/pkg/pkg",
        "owner": "defn",
        "ref": "pkg-pkg-0.0.11",
        "repo": "dev",
        "type": "github"
      }
    },
    "pkg_4": {
      "inputs": {
        "dev": "dev_4"
      },
      "locked": {
        "dir": "m/pkg/pkg",
        "lastModified": 1689277368,
        "narHash": "sha256-PcqZACb6LghiievM+AlhUGGNK0ch723H4zI+o1ma+08=",
        "owner": "defn",
        "repo": "dev",
        "rev": "26dc66a816419acea5a46ea0a23af639a9a030a2",
        "type": "github"
      },
      "original": {
        "dir": "m/pkg/pkg",
        "owner": "defn",
        "ref": "pkg-pkg-0.0.11",
        "repo": "dev",
        "type": "github"
      }
    },
    "pkg_5": {
      "inputs": {
        "dev": "dev_5"
      },
      "locked": {
        "dir": "m/pkg/pkg",
        "lastModified": 1689277368,
        "narHash": "sha256-PcqZACb6LghiievM+AlhUGGNK0ch723H4zI+o1ma+08=",
        "owner": "defn",
        "repo": "dev",
        "rev": "26dc66a816419acea5a46ea0a23af639a9a030a2",
        "type": "github"
      },
      "original": {
        "dir": "m/pkg/pkg",
        "owner": "defn",
        "ref": "pkg-pkg-0.0.11",
        "repo": "dev",
        "type": "github"
      }
    },
    "pkg_6": {
      "inputs": {
        "dev": "dev_6"
      },
      "locked": {
        "dir": "m/pkg/pkg",
        "lastModified": 1689277368,
        "narHash": "sha256-PcqZACb6LghiievM+AlhUGGNK0ch723H4zI+o1ma+08=",
        "owner": "defn",
        "repo": "dev",
        "rev": "26dc66a816419acea5a46ea0a23af639a9a030a2",
        "type": "github"
      },
      "original": {
        "dir": "m/pkg/pkg",
        "owner": "defn",
        "ref": "pkg-pkg-0.0.11",
        "repo": "dev",
        "type": "github"
      }
    },
    "pkg_7": {
      "inputs": {
        "dev": "dev_7"
      },
      "locked": {
        "dir": "m/pkg/pkg",
        "lastModified": 1689277368,
        "narHash": "sha256-PcqZACb6LghiievM+AlhUGGNK0ch723H4zI+o1ma+08=",
        "owner": "defn",
        "repo": "dev",
        "rev": "26dc66a816419acea5a46ea0a23af639a9a030a2",
        "type": "github"
      },
      "original": {
        "dir": "m/pkg/pkg",
        "owner": "defn",
        "ref": "pkg-pkg-0.0.11",
        "repo": "dev",
        "type": "github"
      }
    },
    "pkg_8": {
      "inputs": {
        "dev": "dev_8"
      },
      "locked": {
        "dir": "m/pkg/pkg",
        "lastModified": 1689277368,
        "narHash": "sha256-PcqZACb6LghiievM+AlhUGGNK0ch723H4zI+o1ma+08=",
        "owner": "defn",
        "repo": "dev",
        "rev": "26dc66a816419acea5a46ea0a23af639a9a030a2",
        "type": "github"
      },
      "original": {
        "dir": "m/pkg/pkg",
        "owner": "defn",
        "ref": "pkg-pkg-0.0.11",
        "repo": "dev",
        "type": "github"
      }
    },
    "pkg_9": {
      "inputs": {
        "dev": "dev_9"
      },
      "locked": {
        "dir": "m/pkg/pkg",
        "lastModified": 1689277368,
        "narHash": "sha256-PcqZACb6LghiievM+AlhUGGNK0ch723H4zI+o1ma+08=",
        "owner": "defn",
        "repo": "dev",
        "rev": "26dc66a816419acea5a46ea0a23af639a9a030a2",
        "type": "github"
      },
      "original": {
        "dir": "m/pkg/pkg",
        "owner": "defn",
        "ref": "pkg-pkg-0.0.11",
        "repo": "dev",
        "type": "github"
      }
    },
    "root": {
      "inputs": {
        "bk": "bk",
        "boundary": "boundary",
        "buildevents": "buildevents",
        "buildkite": "buildkite",
        "earthly": "earthly",
        "gh": "gh",
        "honeymarker": "honeymarker",
        "honeytail": "honeytail",
        "honeyvent": "honeyvent",
        "hugo": "hugo",
        "kuma": "kuma",
        "nomad": "nomad",
        "oras": "oras",
        "tilt": "tilt",
        "vault": "vault",
        "zola": "zola"
      }
    },
    "tilt": {
      "inputs": {
        "pkg": "pkg_14"
      },
      "locked": {
        "dir": "m/pkg/tilt",
        "lastModified": 1689987908,
        "narHash": "sha256-oZZ+g8lD5TviOtvWz31TU9x4L7heu6AzUpsWvCwQ5hA=",
        "owner": "defn",
        "repo": "dev",
        "rev": "f18200958666ca672af8ec6f88c81ffc08629cc8",
        "type": "github"
      },
      "original": {
        "dir": "m/pkg/tilt",
        "owner": "defn",
        "ref": "pkg-tilt-0.33.2-1",
        "repo": "dev",
        "type": "github"
      }
    },
    "vault": {
      "inputs": {
        "pkg": "pkg_15"
      },
      "locked": {
        "dir": "m/pkg/vault",
        "lastModified": 1689279884,
        "narHash": "sha256-Sykwv7rP/auXLoVcKWJcTiODTxvq4EfemgWl63meV6M=",
        "owner": "defn",
        "repo": "dev",
        "rev": "268fe641df1dce78050c3be0e0dc5092e6fda4ca",
        "type": "github"
      },
      "original": {
        "dir": "m/pkg/vault",
        "owner": "defn",
        "ref": "pkg-vault-1.14.0-2",
        "repo": "dev",
        "type": "github"
      }
    },
    "zola": {
      "inputs": {
        "pkg": "pkg_16"
      },
      "locked": {
        "dir": "m/pkg/zola",
        "lastModified": 1689277918,
        "narHash": "sha256-5CBkICcWTBMHb61U9pFejQHxw98goCTy/Ir+qowP0Og=",
        "owner": "defn",
        "repo": "dev",
        "rev": "2e79c195d640e640251f53dd28bbf6352fdfc879",
        "type": "github"
      },
      "original": {
        "dir": "m/pkg/zola",
        "owner": "defn",
        "ref": "pkg-zola-0.0.3",
        "repo": "dev",
        "type": "github"
      }
    }
  },
  "root": "root",
  "version": 7
}
