{
  "nodes": {
    "cloud": {
      "inputs": {
        "pkg": "pkg"
      },
      "locked": {
        "dir": "m/pkg/cloud",
        "lastModified": 1718435330,
        "narHash": "sha256-bB02+4e6UTJLb+gRPwWgtsR+lAMqLs7auJpbvCCGN4g=",
        "owner": "defn",
        "repo": "dev",
        "rev": "1d9094d55099d6b6a5e83e177a8bb3f0da0bf75d",
        "type": "github"
      },
      "original": {
        "dir": "m/pkg/cloud",
        "owner": "defn",
        "ref": "pkg-cloud-0.0.249",
        "repo": "dev",
        "type": "github"
      }
    },
    "cue": {
      "inputs": {
        "pkg": "pkg_2"
      },
      "locked": {
        "dir": "m/pkg/cue",
        "lastModified": 1732072920,
        "narHash": "sha256-ASaUQFdzDqSxQQ/74NeUiOgGL+lJ6cyPVisjnMNqCGU=",
        "owner": "defn",
        "repo": "dev",
        "rev": "b5c76fbb5189f497faeaae134929c1069123118f",
        "type": "github"
      },
      "original": {
        "dir": "m/pkg/cue",
        "owner": "defn",
        "ref": "pkg-cue-0.11.0-1",
        "repo": "dev",
        "type": "github"
      }
    },
    "dev": {
      "inputs": {
        "nixpkgs": "nixpkgs"
      },
      "locked": {
        "dir": "m/pkg/dev",
        "lastModified": 1706897346,
        "narHash": "sha256-i+VwVH4Uu9zsySEOgZ4tqUxOysFfmJalU6tcWACQu5U=",
        "owner": "defn",
        "repo": "dev",
        "rev": "aa68c18a500d0a0558712dad8a8c26eb018fa69b",
        "type": "github"
      },
      "original": {
        "dir": "m/pkg/dev",
        "owner": "defn",
        "ref": "pkg-dev-0.0.13",
        "repo": "dev",
        "type": "github"
      }
    },
    "dev_2": {
      "inputs": {
        "nixpkgs": "nixpkgs_2"
      },
      "locked": {
        "dir": "m/pkg/dev",
        "lastModified": 1706897346,
        "narHash": "sha256-i+VwVH4Uu9zsySEOgZ4tqUxOysFfmJalU6tcWACQu5U=",
        "owner": "defn",
        "repo": "dev",
        "rev": "aa68c18a500d0a0558712dad8a8c26eb018fa69b",
        "type": "github"
      },
      "original": {
        "dir": "m/pkg/dev",
        "owner": "defn",
        "ref": "pkg-dev-0.0.13",
        "repo": "dev",
        "type": "github"
      }
    },
    "dev_3": {
      "inputs": {
        "nixpkgs": "nixpkgs_3"
      },
      "locked": {
        "dir": "m/pkg/dev",
        "lastModified": 1706897346,
        "narHash": "sha256-i+VwVH4Uu9zsySEOgZ4tqUxOysFfmJalU6tcWACQu5U=",
        "owner": "defn",
        "repo": "dev",
        "rev": "aa68c18a500d0a0558712dad8a8c26eb018fa69b",
        "type": "github"
      },
      "original": {
        "dir": "m/pkg/dev",
        "owner": "defn",
        "ref": "pkg-dev-0.0.13",
        "repo": "dev",
        "type": "github"
      }
    },
    "dev_4": {
      "inputs": {
        "nixpkgs": "nixpkgs_4"
      },
      "locked": {
        "dir": "m/pkg/dev",
        "lastModified": 1706897346,
        "narHash": "sha256-i+VwVH4Uu9zsySEOgZ4tqUxOysFfmJalU6tcWACQu5U=",
        "owner": "defn",
        "repo": "dev",
        "rev": "aa68c18a500d0a0558712dad8a8c26eb018fa69b",
        "type": "github"
      },
      "original": {
        "dir": "m/pkg/dev",
        "owner": "defn",
        "ref": "pkg-dev-0.0.13",
        "repo": "dev",
        "type": "github"
      }
    },
    "dev_5": {
      "inputs": {
        "nixpkgs": "nixpkgs_5"
      },
      "locked": {
        "dir": "m/pkg/dev",
        "lastModified": 1706897346,
        "narHash": "sha256-i+VwVH4Uu9zsySEOgZ4tqUxOysFfmJalU6tcWACQu5U=",
        "owner": "defn",
        "repo": "dev",
        "rev": "aa68c18a500d0a0558712dad8a8c26eb018fa69b",
        "type": "github"
      },
      "original": {
        "dir": "m/pkg/dev",
        "owner": "defn",
        "ref": "pkg-dev-0.0.13",
        "repo": "dev",
        "type": "github"
      }
    },
    "dev_6": {
      "inputs": {
        "nixpkgs": "nixpkgs_6"
      },
      "locked": {
        "dir": "m/pkg/dev",
        "lastModified": 1706897346,
        "narHash": "sha256-i+VwVH4Uu9zsySEOgZ4tqUxOysFfmJalU6tcWACQu5U=",
        "owner": "defn",
        "repo": "dev",
        "rev": "aa68c18a500d0a0558712dad8a8c26eb018fa69b",
        "type": "github"
      },
      "original": {
        "dir": "m/pkg/dev",
        "owner": "defn",
        "ref": "pkg-dev-0.0.13",
        "repo": "dev",
        "type": "github"
      }
    },
    "dev_7": {
      "inputs": {
        "nixpkgs": "nixpkgs_7"
      },
      "locked": {
        "dir": "m/pkg/dev",
        "lastModified": 1706897346,
        "narHash": "sha256-i+VwVH4Uu9zsySEOgZ4tqUxOysFfmJalU6tcWACQu5U=",
        "owner": "defn",
        "repo": "dev",
        "rev": "aa68c18a500d0a0558712dad8a8c26eb018fa69b",
        "type": "github"
      },
      "original": {
        "dir": "m/pkg/dev",
        "owner": "defn",
        "ref": "pkg-dev-0.0.13",
        "repo": "dev",
        "type": "github"
      }
    },
    "dev_8": {
      "inputs": {
        "nixpkgs": "nixpkgs_8"
      },
      "locked": {
        "dir": "m/pkg/dev",
        "lastModified": 1706897346,
        "narHash": "sha256-i+VwVH4Uu9zsySEOgZ4tqUxOysFfmJalU6tcWACQu5U=",
        "owner": "defn",
        "repo": "dev",
        "rev": "aa68c18a500d0a0558712dad8a8c26eb018fa69b",
        "type": "github"
      },
      "original": {
        "dir": "m/pkg/dev",
        "owner": "defn",
        "ref": "pkg-dev-0.0.13",
        "repo": "dev",
        "type": "github"
      }
    },
    "godev": {
      "inputs": {
        "latest": "latest",
        "pkg": "pkg_3"
      },
      "locked": {
        "dir": "m/pkg/godev",
        "lastModified": 1729910164,
        "narHash": "sha256-6Dr1hkwVOeI5spwrFN+qqRkmJQzodrE4nL7OahIHe40=",
        "owner": "defn",
        "repo": "dev",
        "rev": "6ed2524fb132943d61687bb02a043511b860e31b",
        "type": "github"
      },
      "original": {
        "dir": "m/pkg/godev",
        "owner": "defn",
        "ref": "pkg-godev-0.0.175",
        "repo": "dev",
        "type": "github"
      }
    },
    "jsdev": {
      "inputs": {
        "latest": "latest_2",
        "pkg": "pkg_4"
      },
      "locked": {
        "dir": "m/pkg/jsdev",
        "lastModified": 1729910231,
        "narHash": "sha256-TB7WEwze7TWYTqEUXp4XMVm7PfpO93P3AaJoPA6qJp0=",
        "owner": "defn",
        "repo": "dev",
        "rev": "be65c3f8e4fd18fa327aefd610f1ae117121c9a7",
        "type": "github"
      },
      "original": {
        "dir": "m/pkg/jsdev",
        "owner": "defn",
        "ref": "pkg-jsdev-0.0.73",
        "repo": "dev",
        "type": "github"
      }
    },
    "latest": {
      "locked": {
        "lastModified": 1728043536,
        "narHash": "sha256-eM0nHcZ6Ge3vCSoDgtMbz0Px4BnEev1npy++UexZRMk=",
        "owner": "NixOS",
        "repo": "nixpkgs",
        "rev": "5942e21e4e4add4d1e3a35415534c936ac75f001",
        "type": "github"
      },
      "original": {
        "owner": "NixOS",
        "repo": "nixpkgs",
        "rev": "5942e21e4e4add4d1e3a35415534c936ac75f001",
        "type": "github"
      }
    },
    "latest_2": {
      "locked": {
        "lastModified": 1728222561,
        "narHash": "sha256-RXlmd3frl+UkTGhZ2QXClvI0VDDDEMZLJOkx2MRsj6k=",
        "owner": "NixOS",
        "repo": "nixpkgs",
        "rev": "887a9ba50a0cbe560aaf28170e72e57da3b23729",
        "type": "github"
      },
      "original": {
        "owner": "NixOS",
        "repo": "nixpkgs",
        "rev": "887a9ba50a0cbe560aaf28170e72e57da3b23729",
        "type": "github"
      }
    },
    "latest_3": {
      "locked": {
        "lastModified": 1700595270,
        "narHash": "sha256-8DHM8YQXxBFKqSFYcRrS8yfzduTY2bIJfDBIx6Cay7E=",
        "owner": "NixOS",
        "repo": "nixpkgs",
        "rev": "87cc06983c14876bb56a6a84935d1a3968f35999",
        "type": "github"
      },
      "original": {
        "owner": "NixOS",
        "repo": "nixpkgs",
        "rev": "87cc06983c14876bb56a6a84935d1a3968f35999",
        "type": "github"
      }
    },
    "latest_4": {
      "locked": {
        "lastModified": 1733641686,
        "narHash": "sha256-m+liQQjAxVo6J6uRW5WDhQZLR7sEB63WNBIlRTb8/Wg=",
        "owner": "NixOS",
        "repo": "nixpkgs",
        "rev": "868be2c9df2ffdb40b6aee3d156f1df603555539",
        "type": "github"
      },
      "original": {
        "owner": "NixOS",
        "repo": "nixpkgs",
        "rev": "868be2c9df2ffdb40b6aee3d156f1df603555539",
        "type": "github"
      }
    },
    "latest_5": {
      "locked": {
        "lastModified": 1717179513,
        "narHash": "sha256-vboIEwIQojofItm2xGCdZCzW96U85l9nDW3ifMuAIdM=",
        "owner": "NixOS",
        "repo": "nixpkgs",
        "rev": "63dacb46bf939521bdc93981b4cbb7ecb58427a0",
        "type": "github"
      },
      "original": {
        "owner": "NixOS",
        "repo": "nixpkgs",
        "rev": "63dacb46bf939521bdc93981b4cbb7ecb58427a0",
        "type": "github"
      }
    },
    "nixpkgs": {
      "locked": {
        "lastModified": 1700284104,
        "narHash": "sha256-oNsJfAyAuBCTkusesiK0LWuO59F6vEGcP4wwa7kc1ZA=",
        "owner": "NixOS",
        "repo": "nixpkgs",
        "rev": "005617587ee2b7c003388b4539b9120ebcc90e44",
        "type": "github"
      },
      "original": {
        "owner": "NixOS",
        "repo": "nixpkgs",
        "rev": "005617587ee2b7c003388b4539b9120ebcc90e44",
        "type": "github"
      }
    },
    "nixpkgs_2": {
      "locked": {
        "lastModified": 1700284104,
        "narHash": "sha256-oNsJfAyAuBCTkusesiK0LWuO59F6vEGcP4wwa7kc1ZA=",
        "owner": "NixOS",
        "repo": "nixpkgs",
        "rev": "005617587ee2b7c003388b4539b9120ebcc90e44",
        "type": "github"
      },
      "original": {
        "owner": "NixOS",
        "repo": "nixpkgs",
        "rev": "005617587ee2b7c003388b4539b9120ebcc90e44",
        "type": "github"
      }
    },
    "nixpkgs_3": {
      "locked": {
        "lastModified": 1700284104,
        "narHash": "sha256-oNsJfAyAuBCTkusesiK0LWuO59F6vEGcP4wwa7kc1ZA=",
        "owner": "NixOS",
        "repo": "nixpkgs",
        "rev": "005617587ee2b7c003388b4539b9120ebcc90e44",
        "type": "github"
      },
      "original": {
        "owner": "NixOS",
        "repo": "nixpkgs",
        "rev": "005617587ee2b7c003388b4539b9120ebcc90e44",
        "type": "github"
      }
    },
    "nixpkgs_4": {
      "locked": {
        "lastModified": 1700284104,
        "narHash": "sha256-oNsJfAyAuBCTkusesiK0LWuO59F6vEGcP4wwa7kc1ZA=",
        "owner": "NixOS",
        "repo": "nixpkgs",
        "rev": "005617587ee2b7c003388b4539b9120ebcc90e44",
        "type": "github"
      },
      "original": {
        "owner": "NixOS",
        "repo": "nixpkgs",
        "rev": "005617587ee2b7c003388b4539b9120ebcc90e44",
        "type": "github"
      }
    },
    "nixpkgs_5": {
      "locked": {
        "lastModified": 1700284104,
        "narHash": "sha256-oNsJfAyAuBCTkusesiK0LWuO59F6vEGcP4wwa7kc1ZA=",
        "owner": "NixOS",
        "repo": "nixpkgs",
        "rev": "005617587ee2b7c003388b4539b9120ebcc90e44",
        "type": "github"
      },
      "original": {
        "owner": "NixOS",
        "repo": "nixpkgs",
        "rev": "005617587ee2b7c003388b4539b9120ebcc90e44",
        "type": "github"
      }
    },
    "nixpkgs_6": {
      "locked": {
        "lastModified": 1700284104,
        "narHash": "sha256-oNsJfAyAuBCTkusesiK0LWuO59F6vEGcP4wwa7kc1ZA=",
        "owner": "NixOS",
        "repo": "nixpkgs",
        "rev": "005617587ee2b7c003388b4539b9120ebcc90e44",
        "type": "github"
      },
      "original": {
        "owner": "NixOS",
        "repo": "nixpkgs",
        "rev": "005617587ee2b7c003388b4539b9120ebcc90e44",
        "type": "github"
      }
    },
    "nixpkgs_7": {
      "locked": {
        "lastModified": 1700284104,
        "narHash": "sha256-oNsJfAyAuBCTkusesiK0LWuO59F6vEGcP4wwa7kc1ZA=",
        "owner": "NixOS",
        "repo": "nixpkgs",
        "rev": "005617587ee2b7c003388b4539b9120ebcc90e44",
        "type": "github"
      },
      "original": {
        "owner": "NixOS",
        "repo": "nixpkgs",
        "rev": "005617587ee2b7c003388b4539b9120ebcc90e44",
        "type": "github"
      }
    },
    "nixpkgs_8": {
      "locked": {
        "lastModified": 1700284104,
        "narHash": "sha256-oNsJfAyAuBCTkusesiK0LWuO59F6vEGcP4wwa7kc1ZA=",
        "owner": "NixOS",
        "repo": "nixpkgs",
        "rev": "005617587ee2b7c003388b4539b9120ebcc90e44",
        "type": "github"
      },
      "original": {
        "owner": "NixOS",
        "repo": "nixpkgs",
        "rev": "005617587ee2b7c003388b4539b9120ebcc90e44",
        "type": "github"
      }
    },
    "pkg": {
      "inputs": {
        "dev": "dev"
      },
      "locked": {
        "dir": "m/pkg/pkg",
        "lastModified": 1718433336,
        "narHash": "sha256-YF2gddAtcRargmwr7mgJBPV1t/x92LpLEBKx00SkGts=",
        "owner": "defn",
        "repo": "dev",
        "rev": "2e177e8b89ed32831e9da274621d33c8d05dc5ff",
        "type": "github"
      },
      "original": {
        "dir": "m/pkg/pkg",
        "owner": "defn",
        "ref": "pkg-pkg-0.0.17",
        "repo": "dev",
        "type": "github"
      }
    },
    "pkg_2": {
      "inputs": {
        "dev": "dev_2"
      },
      "locked": {
        "dir": "m/pkg/pkg",
        "lastModified": 1718433336,
        "narHash": "sha256-YF2gddAtcRargmwr7mgJBPV1t/x92LpLEBKx00SkGts=",
        "owner": "defn",
        "repo": "dev",
        "rev": "2e177e8b89ed32831e9da274621d33c8d05dc5ff",
        "type": "github"
      },
      "original": {
        "dir": "m/pkg/pkg",
        "owner": "defn",
        "ref": "pkg-pkg-0.0.17",
        "repo": "dev",
        "type": "github"
      }
    },
    "pkg_3": {
      "inputs": {
        "dev": "dev_3"
      },
      "locked": {
        "dir": "m/pkg/pkg",
        "lastModified": 1718433336,
        "narHash": "sha256-YF2gddAtcRargmwr7mgJBPV1t/x92LpLEBKx00SkGts=",
        "owner": "defn",
        "repo": "dev",
        "rev": "2e177e8b89ed32831e9da274621d33c8d05dc5ff",
        "type": "github"
      },
      "original": {
        "dir": "m/pkg/pkg",
        "owner": "defn",
        "ref": "pkg-pkg-0.0.17",
        "repo": "dev",
        "type": "github"
      }
    },
    "pkg_4": {
      "inputs": {
        "dev": "dev_4"
      },
      "locked": {
        "dir": "m/pkg/pkg",
        "lastModified": 1718433336,
        "narHash": "sha256-YF2gddAtcRargmwr7mgJBPV1t/x92LpLEBKx00SkGts=",
        "owner": "defn",
        "repo": "dev",
        "rev": "2e177e8b89ed32831e9da274621d33c8d05dc5ff",
        "type": "github"
      },
      "original": {
        "dir": "m/pkg/pkg",
        "owner": "defn",
        "ref": "pkg-pkg-0.0.17",
        "repo": "dev",
        "type": "github"
      }
    },
    "pkg_5": {
      "inputs": {
        "dev": "dev_5"
      },
      "locked": {
        "dir": "m/pkg/pkg",
        "lastModified": 1718433336,
        "narHash": "sha256-YF2gddAtcRargmwr7mgJBPV1t/x92LpLEBKx00SkGts=",
        "owner": "defn",
        "repo": "dev",
        "rev": "2e177e8b89ed32831e9da274621d33c8d05dc5ff",
        "type": "github"
      },
      "original": {
        "dir": "m/pkg/pkg",
        "owner": "defn",
        "ref": "pkg-pkg-0.0.17",
        "repo": "dev",
        "type": "github"
      }
    },
    "pkg_6": {
      "inputs": {
        "dev": "dev_6"
      },
      "locked": {
        "dir": "m/pkg/pkg",
        "lastModified": 1718433336,
        "narHash": "sha256-YF2gddAtcRargmwr7mgJBPV1t/x92LpLEBKx00SkGts=",
        "owner": "defn",
        "repo": "dev",
        "rev": "2e177e8b89ed32831e9da274621d33c8d05dc5ff",
        "type": "github"
      },
      "original": {
        "dir": "m/pkg/pkg",
        "owner": "defn",
        "ref": "pkg-pkg-0.0.17",
        "repo": "dev",
        "type": "github"
      }
    },
    "pkg_7": {
      "inputs": {
        "dev": "dev_7"
      },
      "locked": {
        "dir": "m/pkg/pkg",
        "lastModified": 1718433336,
        "narHash": "sha256-YF2gddAtcRargmwr7mgJBPV1t/x92LpLEBKx00SkGts=",
        "owner": "defn",
        "repo": "dev",
        "rev": "2e177e8b89ed32831e9da274621d33c8d05dc5ff",
        "type": "github"
      },
      "original": {
        "dir": "m/pkg/pkg",
        "owner": "defn",
        "ref": "pkg-pkg-0.0.17",
        "repo": "dev",
        "type": "github"
      }
    },
    "pkg_8": {
      "inputs": {
        "dev": "dev_8"
      },
      "locked": {
        "dir": "m/pkg/pkg",
        "lastModified": 1718433336,
        "narHash": "sha256-YF2gddAtcRargmwr7mgJBPV1t/x92LpLEBKx00SkGts=",
        "owner": "defn",
        "repo": "dev",
        "rev": "2e177e8b89ed32831e9da274621d33c8d05dc5ff",
        "type": "github"
      },
      "original": {
        "dir": "m/pkg/pkg",
        "owner": "defn",
        "ref": "pkg-pkg-0.0.17",
        "repo": "dev",
        "type": "github"
      }
    },
    "pydev": {
      "inputs": {
        "latest": "latest_4",
        "pkg": "pkg_6"
      },
      "locked": {
        "dir": "m/pkg/pydev",
        "lastModified": 1733642228,
        "narHash": "sha256-c/68n1rzqEABwiTFGPsRc68FGnb78rn3Q3pqY2WvDh4=",
        "owner": "defn",
        "repo": "dev",
        "rev": "2561e1e328f4a12cdab797611306eb37ae0b55b1",
        "type": "github"
      },
      "original": {
        "dir": "m/pkg/pydev",
        "owner": "defn",
        "ref": "pkg-pydev-0.0.135",
        "repo": "dev",
        "type": "github"
      }
    },
    "root": {
      "inputs": {
        "cloud": "cloud",
        "cue": "cue",
        "godev": "godev",
        "jsdev": "jsdev",
        "latest": "latest_3",
        "pkg": "pkg_5",
        "pydev": "pydev",
        "secrets": "secrets",
        "shell": "shell"
      }
    },
    "secrets": {
      "inputs": {
        "pkg": "pkg_7"
      },
      "locked": {
        "dir": "m/pkg/secrets",
        "lastModified": 1718436081,
        "narHash": "sha256-x8o0Hn1VwGC4Es5JzdGccNf7uwV/lWxkSdvcOIPzSCw=",
        "owner": "defn",
        "repo": "dev",
        "rev": "ff893e8718af5afec6ae3e21df1da949288107f3",
        "type": "github"
      },
      "original": {
        "dir": "m/pkg/secrets",
        "owner": "defn",
        "ref": "pkg-secrets-0.0.82",
        "repo": "dev",
        "type": "github"
      }
    },
    "shell": {
      "inputs": {
        "latest": "latest_5",
        "pkg": "pkg_8"
      },
      "locked": {
        "dir": "m/pkg/shell",
        "lastModified": 1718436097,
        "narHash": "sha256-hkLPwvhWVDg8sA1WeqhkYWbSneiZVdFPoXniDMpSjhg=",
        "owner": "defn",
        "repo": "dev",
        "rev": "07e0400353dfc80312f58425b0a7dd84364edf1c",
        "type": "github"
      },
      "original": {
        "dir": "m/pkg/shell",
        "owner": "defn",
        "ref": "pkg-shell-0.0.70",
        "repo": "dev",
        "type": "github"
      }
    }
  },
  "root": "root",
  "version": 7
}
