{
  "nodes": {
    "cloud": {
      "inputs": {
        "pkg": "pkg"
      },
      "locked": {
        "dir": "m/pkg/cloud",
        "lastModified": 1710702046,
        "narHash": "sha256-8+5R0AS9kDyYusGK3RZxShess2yIece+b+F4ZeOhCa8=",
        "owner": "defn",
        "repo": "dev",
        "rev": "509b1c57029d50b750355634ac2b65d319e5616b",
        "type": "github"
      },
      "original": {
        "dir": "m/pkg/cloud",
        "owner": "defn",
        "ref": "pkg-cloud-0.0.248",
        "repo": "dev",
        "type": "github"
      }
    },
    "cue": {
      "inputs": {
        "pkg": "pkg_2"
      },
      "locked": {
        "dir": "m/pkg/cue",
        "lastModified": 1710547769,
        "narHash": "sha256-fVqTDDbnmiOIBE+RoJ2AP1oi5YINjbkYDZA1HutrPtc=",
        "owner": "defn",
        "repo": "dev",
        "rev": "ada0d6312236e3e0058b96fe3d36109bf8a25426",
        "type": "github"
      },
      "original": {
        "dir": "m/pkg/cue",
        "owner": "defn",
        "ref": "pkg-cue-0.8.0-1",
        "repo": "dev",
        "type": "github"
      }
    },
    "dev": {
      "inputs": {
        "nixpkgs": "nixpkgs"
      },
      "locked": {
        "dir": "m/pkg/dev",
        "lastModified": 1706897346,
        "narHash": "sha256-i+VwVH4Uu9zsySEOgZ4tqUxOysFfmJalU6tcWACQu5U=",
        "owner": "defn",
        "repo": "dev",
        "rev": "aa68c18a500d0a0558712dad8a8c26eb018fa69b",
        "type": "github"
      },
      "original": {
        "dir": "m/pkg/dev",
        "owner": "defn",
        "ref": "pkg-dev-0.0.13",
        "repo": "dev",
        "type": "github"
      }
    },
    "dev_2": {
      "inputs": {
        "nixpkgs": "nixpkgs_2"
      },
      "locked": {
        "dir": "m/pkg/dev",
        "lastModified": 1706897346,
        "narHash": "sha256-i+VwVH4Uu9zsySEOgZ4tqUxOysFfmJalU6tcWACQu5U=",
        "owner": "defn",
        "repo": "dev",
        "rev": "aa68c18a500d0a0558712dad8a8c26eb018fa69b",
        "type": "github"
      },
      "original": {
        "dir": "m/pkg/dev",
        "owner": "defn",
        "ref": "pkg-dev-0.0.13",
        "repo": "dev",
        "type": "github"
      }
    },
    "dev_3": {
      "inputs": {
        "nixpkgs": "nixpkgs_3"
      },
      "locked": {
        "dir": "m/pkg/dev",
        "lastModified": 1706897346,
        "narHash": "sha256-i+VwVH4Uu9zsySEOgZ4tqUxOysFfmJalU6tcWACQu5U=",
        "owner": "defn",
        "repo": "dev",
        "rev": "aa68c18a500d0a0558712dad8a8c26eb018fa69b",
        "type": "github"
      },
      "original": {
        "dir": "m/pkg/dev",
        "owner": "defn",
        "ref": "pkg-dev-0.0.13",
        "repo": "dev",
        "type": "github"
      }
    },
    "latest": {
      "locked": {
        "lastModified": 1700595270,
        "narHash": "sha256-8DHM8YQXxBFKqSFYcRrS8yfzduTY2bIJfDBIx6Cay7E=",
        "owner": "NixOS",
        "repo": "nixpkgs",
        "rev": "87cc06983c14876bb56a6a84935d1a3968f35999",
        "type": "github"
      },
      "original": {
        "owner": "NixOS",
        "repo": "nixpkgs",
        "rev": "87cc06983c14876bb56a6a84935d1a3968f35999",
        "type": "github"
      }
    },
    "nixpkgs": {
      "locked": {
        "lastModified": 1700284104,
        "narHash": "sha256-oNsJfAyAuBCTkusesiK0LWuO59F6vEGcP4wwa7kc1ZA=",
        "owner": "NixOS",
        "repo": "nixpkgs",
        "rev": "005617587ee2b7c003388b4539b9120ebcc90e44",
        "type": "github"
      },
      "original": {
        "owner": "NixOS",
        "repo": "nixpkgs",
        "rev": "005617587ee2b7c003388b4539b9120ebcc90e44",
        "type": "github"
      }
    },
    "nixpkgs_2": {
      "locked": {
        "lastModified": 1700284104,
        "narHash": "sha256-oNsJfAyAuBCTkusesiK0LWuO59F6vEGcP4wwa7kc1ZA=",
        "owner": "NixOS",
        "repo": "nixpkgs",
        "rev": "005617587ee2b7c003388b4539b9120ebcc90e44",
        "type": "github"
      },
      "original": {
        "owner": "NixOS",
        "repo": "nixpkgs",
        "rev": "005617587ee2b7c003388b4539b9120ebcc90e44",
        "type": "github"
      }
    },
    "nixpkgs_3": {
      "locked": {
        "lastModified": 1700284104,
        "narHash": "sha256-oNsJfAyAuBCTkusesiK0LWuO59F6vEGcP4wwa7kc1ZA=",
        "owner": "NixOS",
        "repo": "nixpkgs",
        "rev": "005617587ee2b7c003388b4539b9120ebcc90e44",
        "type": "github"
      },
      "original": {
        "owner": "NixOS",
        "repo": "nixpkgs",
        "rev": "005617587ee2b7c003388b4539b9120ebcc90e44",
        "type": "github"
      }
    },
    "pkg": {
      "inputs": {
        "dev": "dev"
      },
      "locked": {
        "dir": "m/pkg/pkg",
        "lastModified": 1706897415,
        "narHash": "sha256-saMstGOsxMiR6kG+v5pr7vPKIf/BTl/60z8VPicizPs=",
        "owner": "defn",
        "repo": "dev",
        "rev": "e067b8a8a3f8d8c277bfde347b91eaec9e547f0d",
        "type": "github"
      },
      "original": {
        "dir": "m/pkg/pkg",
        "owner": "defn",
        "ref": "pkg-pkg-0.0.16",
        "repo": "dev",
        "type": "github"
      }
    },
    "pkg_2": {
      "inputs": {
        "dev": "dev_2"
      },
      "locked": {
        "dir": "m/pkg/pkg",
        "lastModified": 1706897415,
        "narHash": "sha256-saMstGOsxMiR6kG+v5pr7vPKIf/BTl/60z8VPicizPs=",
        "owner": "defn",
        "repo": "dev",
        "rev": "e067b8a8a3f8d8c277bfde347b91eaec9e547f0d",
        "type": "github"
      },
      "original": {
        "dir": "m/pkg/pkg",
        "owner": "defn",
        "ref": "pkg-pkg-0.0.16",
        "repo": "dev",
        "type": "github"
      }
    },
    "pkg_3": {
      "inputs": {
        "dev": "dev_3"
      },
      "locked": {
        "dir": "m/pkg/pkg",
        "lastModified": 1706897415,
        "narHash": "sha256-saMstGOsxMiR6kG+v5pr7vPKIf/BTl/60z8VPicizPs=",
        "owner": "defn",
        "repo": "dev",
        "rev": "e067b8a8a3f8d8c277bfde347b91eaec9e547f0d",
        "type": "github"
      },
      "original": {
        "dir": "m/pkg/pkg",
        "owner": "defn",
        "ref": "pkg-pkg-0.0.16",
        "repo": "dev",
        "type": "github"
      }
    },
    "root": {
      "inputs": {
        "cloud": "cloud",
        "cue": "cue",
        "latest": "latest",
        "pkg": "pkg_3"
      }
    }
  },
  "root": "root",
  "version": 7
}
